
Microsoft Visual Studio Solution File, Format Version 12.00
# Visual Studio 15
VisualStudioVersion = 15.0.26228.12
MinimumVisualStudioVersion = 10.0.40219.1
Project("{FAE04EC0-301F-11D3-BF4B-00C04F79EFBC}") = "PageDialogBehavior", "PageDialogBehavior\PageDialogBehavior\PageDialogBehavior.csproj", "{29BDF62A-498B-4358-9D61-76DC20B389B2}"
EndProject
Project("{FAE04EC0-301F-11D3-BF4B-00C04F79EFBC}") = "PageDialogBehavior.Droid", "PageDialogBehavior\PageDialogBehavior.Droid\PageDialogBehavior.Droid.csproj", "{1E97DBA9-A44A-457A-A442-F7D293B79B9F}"
EndProject
Project("{FAE04EC0-301F-11D3-BF4B-00C04F79EFBC}") = "PageDialogBehavior.iOS", "PageDialogBehavior\PageDialogBehavior.iOS\PageDialogBehavior.iOS.csproj", "{42DEF977-5555-4D39-8264-A6687049E09C}"
EndProject
Project("{FAE04EC0-301F-11D3-BF4B-00C04F79EFBC}") = "PageDialogBehavior.UWP", "PageDialogBehavior\PageDialogBehavior.UWP\PageDialogBehavior.UWP.csproj", "{B0453F70-A3B3-4B81-B70B-6C96D13C3360}"
EndProject
Global
	GlobalSection(SolutionConfigurationPlatforms) = preSolution
		Ad-Hoc|Any CPU = Ad-Hoc|Any CPU
		Ad-Hoc|ARM = Ad-Hoc|ARM
		Ad-Hoc|iPhone = Ad-Hoc|iPhone
		Ad-Hoc|iPhoneSimulator = Ad-Hoc|iPhoneSimulator
		Ad-Hoc|x64 = Ad-Hoc|x64
		Ad-Hoc|x86 = Ad-Hoc|x86
		AppStore|Any CPU = AppStore|Any CPU
		AppStore|ARM = AppStore|ARM
		AppStore|iPhone = AppStore|iPhone
		AppStore|iPhoneSimulator = AppStore|iPhoneSimulator
		AppStore|x64 = AppStore|x64
		AppStore|x86 = AppStore|x86
		Debug|Any CPU = Debug|Any CPU
		Debug|ARM = Debug|ARM
		Debug|iPhone = Debug|iPhone
		Debug|iPhoneSimulator = Debug|iPhoneSimulator
		Debug|x64 = Debug|x64
		Debug|x86 = Debug|x86
		Release|Any CPU = Release|Any CPU
		Release|ARM = Release|ARM
		Release|iPhone = Release|iPhone
		Release|iPhoneSimulator = Release|iPhoneSimulator
		Release|x64 = Release|x64
		Release|x86 = Release|x86
	EndGlobalSection
	GlobalSection(ProjectConfigurationPlatforms) = postSolution
		{29BDF62A-498B-4358-9D61-76DC20B389B2}.Ad-Hoc|Any CPU.ActiveCfg = Release|Any CPU
		{29BDF62A-498B-4358-9D61-76DC20B389B2}.Ad-Hoc|Any CPU.Build.0 = Release|Any CPU
		{29BDF62A-498B-4358-9D61-76DC20B389B2}.Ad-Hoc|ARM.ActiveCfg = Release|Any CPU
		{29BDF62A-498B-4358-9D61-76DC20B389B2}.Ad-Hoc|ARM.Build.0 = Release|Any CPU
		{29BDF62A-498B-4358-9D61-76DC20B389B2}.Ad-Hoc|iPhone.ActiveCfg = Release|Any CPU
		{29BDF62A-498B-4358-9D61-76DC20B389B2}.Ad-Hoc|iPhone.Build.0 = Release|Any CPU
		{29BDF62A-498B-4358-9D61-76DC20B389B2}.Ad-Hoc|iPhoneSimulator.ActiveCfg = Release|Any CPU
		{29BDF62A-498B-4358-9D61-76DC20B389B2}.Ad-Hoc|iPhoneSimulator.Build.0 = Release|Any CPU
		{29BDF62A-498B-4358-9D61-76DC20B389B2}.Ad-Hoc|x64.ActiveCfg = Release|Any CPU
		{29BDF62A-498B-4358-9D61-76DC20B389B2}.Ad-Hoc|x64.Build.0 = Release|Any CPU
		{29BDF62A-498B-4358-9D61-76DC20B389B2}.Ad-Hoc|x86.ActiveCfg = Release|Any CPU
		{29BDF62A-498B-4358-9D61-76DC20B389B2}.Ad-Hoc|x86.Build.0 = Release|Any CPU
		{29BDF62A-498B-4358-9D61-76DC20B389B2}.AppStore|Any CPU.ActiveCfg = Release|Any CPU
		{29BDF62A-498B-4358-9D61-76DC20B389B2}.AppStore|Any CPU.Build.0 = Release|Any CPU
		{29BDF62A-498B-4358-9D61-76DC20B389B2}.AppStore|ARM.ActiveCfg = Release|Any CPU
		{29BDF62A-498B-4358-9D61-76DC20B389B2}.AppStore|ARM.Build.0 = Release|Any CPU
		{29BDF62A-498B-4358-9D61-76DC20B389B2}.AppStore|iPhone.ActiveCfg = Release|Any CPU
		{29BDF62A-498B-4358-9D61-76DC20B389B2}.AppStore|iPhone.Build.0 = Release|Any CPU
		{29BDF62A-498B-4358-9D61-76DC20B389B2}.AppStore|iPhoneSimulator.ActiveCfg = Release|Any CPU
		{29BDF62A-498B-4358-9D61-76DC20B389B2}.AppStore|iPhoneSimulator.Build.0 = Release|Any CPU
		{29BDF62A-498B-4358-9D61-76DC20B389B2}.AppStore|x64.ActiveCfg = Release|Any CPU
		{29BDF62A-498B-4358-9D61-76DC20B389B2}.AppStore|x64.Build.0 = Release|Any CPU
		{29BDF62A-498B-4358-9D61-76DC20B389B2}.AppStore|x86.ActiveCfg = Release|Any CPU
		{29BDF62A-498B-4358-9D61-76DC20B389B2}.AppStore|x86.Build.0 = Release|Any CPU
		{29BDF62A-498B-4358-9D61-76DC20B389B2}.Debug|Any CPU.ActiveCfg = Debug|Any CPU
		{29BDF62A-498B-4358-9D61-76DC20B389B2}.Debug|Any CPU.Build.0 = Debug|Any CPU
		{29BDF62A-498B-4358-9D61-76DC20B389B2}.Debug|ARM.ActiveCfg = Debug|Any CPU
		{29BDF62A-498B-4358-9D61-76DC20B389B2}.Debug|ARM.Build.0 = Debug|Any CPU
		{29BDF62A-498B-4358-9D61-76DC20B389B2}.Debug|iPhone.ActiveCfg = Debug|Any CPU
		{29BDF62A-498B-4358-9D61-76DC20B389B2}.Debug|iPhone.Build.0 = Debug|Any CPU
		{29BDF62A-498B-4358-9D61-76DC20B389B2}.Debug|iPhoneSimulator.ActiveCfg = Debug|Any CPU
		{29BDF62A-498B-4358-9D61-76DC20B389B2}.Debug|iPhoneSimulator.Build.0 = Debug|Any CPU
		{29BDF62A-498B-4358-9D61-76DC20B389B2}.Debug|x64.ActiveCfg = Debug|Any CPU
		{29BDF62A-498B-4358-9D61-76DC20B389B2}.Debug|x64.Build.0 = Debug|Any CPU
		{29BDF62A-498B-4358-9D61-76DC20B389B2}.Debug|x86.ActiveCfg = Debug|Any CPU
		{29BDF62A-498B-4358-9D61-76DC20B389B2}.Debug|x86.Build.0 = Debug|Any CPU
		{29BDF62A-498B-4358-9D61-76DC20B389B2}.Release|Any CPU.ActiveCfg = Release|Any CPU
		{29BDF62A-498B-4358-9D61-76DC20B389B2}.Release|Any CPU.Build.0 = Release|Any CPU
		{29BDF62A-498B-4358-9D61-76DC20B389B2}.Release|ARM.ActiveCfg = Release|Any CPU
		{29BDF62A-498B-4358-9D61-76DC20B389B2}.Release|ARM.Build.0 = Release|Any CPU
		{29BDF62A-498B-4358-9D61-76DC20B389B2}.Release|iPhone.ActiveCfg = Release|Any CPU
		{29BDF62A-498B-4358-9D61-76DC20B389B2}.Release|iPhone.Build.0 = Release|Any CPU
		{29BDF62A-498B-4358-9D61-76DC20B389B2}.Release|iPhoneSimulator.ActiveCfg = Release|Any CPU
		{29BDF62A-498B-4358-9D61-76DC20B389B2}.Release|iPhoneSimulator.Build.0 = Release|Any CPU
		{29BDF62A-498B-4358-9D61-76DC20B389B2}.Release|x64.ActiveCfg = Release|Any CPU
		{29BDF62A-498B-4358-9D61-76DC20B389B2}.Release|x64.Build.0 = Release|Any CPU
		{29BDF62A-498B-4358-9D61-76DC20B389B2}.Release|x86.ActiveCfg = Release|Any CPU
		{29BDF62A-498B-4358-9D61-76DC20B389B2}.Release|x86.Build.0 = Release|Any CPU
		{1E97DBA9-A44A-457A-A442-F7D293B79B9F}.Ad-Hoc|Any CPU.ActiveCfg = Release|Any CPU
		{1E97DBA9-A44A-457A-A442-F7D293B79B9F}.Ad-Hoc|Any CPU.Build.0 = Release|Any CPU
		{1E97DBA9-A44A-457A-A442-F7D293B79B9F}.Ad-Hoc|Any CPU.Deploy.0 = Release|Any CPU
		{1E97DBA9-A44A-457A-A442-F7D293B79B9F}.Ad-Hoc|ARM.ActiveCfg = Release|Any CPU
		{1E97DBA9-A44A-457A-A442-F7D293B79B9F}.Ad-Hoc|ARM.Build.0 = Release|Any CPU
		{1E97DBA9-A44A-457A-A442-F7D293B79B9F}.Ad-Hoc|ARM.Deploy.0 = Release|Any CPU
		{1E97DBA9-A44A-457A-A442-F7D293B79B9F}.Ad-Hoc|iPhone.ActiveCfg = Release|Any CPU
		{1E97DBA9-A44A-457A-A442-F7D293B79B9F}.Ad-Hoc|iPhone.Build.0 = Release|Any CPU
		{1E97DBA9-A44A-457A-A442-F7D293B79B9F}.Ad-Hoc|iPhone.Deploy.0 = Release|Any CPU
		{1E97DBA9-A44A-457A-A442-F7D293B79B9F}.Ad-Hoc|iPhoneSimulator.ActiveCfg = Release|Any CPU
		{1E97DBA9-A44A-457A-A442-F7D293B79B9F}.Ad-Hoc|iPhoneSimulator.Build.0 = Release|Any CPU
		{1E97DBA9-A44A-457A-A442-F7D293B79B9F}.Ad-Hoc|iPhoneSimulator.Deploy.0 = Release|Any CPU
		{1E97DBA9-A44A-457A-A442-F7D293B79B9F}.Ad-Hoc|x64.ActiveCfg = Release|Any CPU
		{1E97DBA9-A44A-457A-A442-F7D293B79B9F}.Ad-Hoc|x64.Build.0 = Release|Any CPU
		{1E97DBA9-A44A-457A-A442-F7D293B79B9F}.Ad-Hoc|x64.Deploy.0 = Release|Any CPU
		{1E97DBA9-A44A-457A-A442-F7D293B79B9F}.Ad-Hoc|x86.ActiveCfg = Release|Any CPU
		{1E97DBA9-A44A-457A-A442-F7D293B79B9F}.Ad-Hoc|x86.Build.0 = Release|Any CPU
		{1E97DBA9-A44A-457A-A442-F7D293B79B9F}.Ad-Hoc|x86.Deploy.0 = Release|Any CPU
		{1E97DBA9-A44A-457A-A442-F7D293B79B9F}.AppStore|Any CPU.ActiveCfg = Release|Any CPU
		{1E97DBA9-A44A-457A-A442-F7D293B79B9F}.AppStore|Any CPU.Build.0 = Release|Any CPU
		{1E97DBA9-A44A-457A-A442-F7D293B79B9F}.AppStore|Any CPU.Deploy.0 = Release|Any CPU
		{1E97DBA9-A44A-457A-A442-F7D293B79B9F}.AppStore|ARM.ActiveCfg = Release|Any CPU
		{1E97DBA9-A44A-457A-A442-F7D293B79B9F}.AppStore|ARM.Build.0 = Release|Any CPU
		{1E97DBA9-A44A-457A-A442-F7D293B79B9F}.AppStore|ARM.Deploy.0 = Release|Any CPU
		{1E97DBA9-A44A-457A-A442-F7D293B79B9F}.AppStore|iPhone.ActiveCfg = Release|Any CPU
		{1E97DBA9-A44A-457A-A442-F7D293B79B9F}.AppStore|iPhone.Build.0 = Release|Any CPU
		{1E97DBA9-A44A-457A-A442-F7D293B79B9F}.AppStore|iPhone.Deploy.0 = Release|Any CPU
		{1E97DBA9-A44A-457A-A442-F7D293B79B9F}.AppStore|iPhoneSimulator.ActiveCfg = Release|Any CPU
		{1E97DBA9-A44A-457A-A442-F7D293B79B9F}.AppStore|iPhoneSimulator.Build.0 = Release|Any CPU
		{1E97DBA9-A44A-457A-A442-F7D293B79B9F}.AppStore|iPhoneSimulator.Deploy.0 = Release|Any CPU
		{1E97DBA9-A44A-457A-A442-F7D293B79B9F}.AppStore|x64.ActiveCfg = Release|Any CPU
		{1E97DBA9-A44A-457A-A442-F7D293B79B9F}.AppStore|x64.Build.0 = Release|Any CPU
		{1E97DBA9-A44A-457A-A442-F7D293B79B9F}.AppStore|x64.Deploy.0 = Release|Any CPU
		{1E97DBA9-A44A-457A-A442-F7D293B79B9F}.AppStore|x86.ActiveCfg = Release|Any CPU
		{1E97DBA9-A44A-457A-A442-F7D293B79B9F}.AppStore|x86.Build.0 = Release|Any CPU
		{1E97DBA9-A44A-457A-A442-F7D293B79B9F}.AppStore|x86.Deploy.0 = Release|Any CPU
		{1E97DBA9-A44A-457A-A442-F7D293B79B9F}.Debug|Any CPU.ActiveCfg = Debug|Any CPU
		{1E97DBA9-A44A-457A-A442-F7D293B79B9F}.Debug|Any CPU.Build.0 = Debug|Any CPU
		{1E97DBA9-A44A-457A-A442-F7D293B79B9F}.Debug|Any CPU.Deploy.0 = Debug|Any CPU
		{1E97DBA9-A44A-457A-A442-F7D293B79B9F}.Debug|ARM.ActiveCfg = Debug|Any CPU
		{1E97DBA9-A44A-457A-A442-F7D293B79B9F}.Debug|ARM.Build.0 = Debug|Any CPU
		{1E97DBA9-A44A-457A-A442-F7D293B79B9F}.Debug|ARM.Deploy.0 = Debug|Any CPU
		{1E97DBA9-A44A-457A-A442-F7D293B79B9F}.Debug|iPhone.ActiveCfg = Debug|Any CPU
		{1E97DBA9-A44A-457A-A442-F7D293B79B9F}.Debug|iPhone.Build.0 = Debug|Any CPU
		{1E97DBA9-A44A-457A-A442-F7D293B79B9F}.Debug|iPhone.Deploy.0 = Debug|Any CPU
		{1E97DBA9-A44A-457A-A442-F7D293B79B9F}.Debug|iPhoneSimulator.ActiveCfg = Debug|Any CPU
		{1E97DBA9-A44A-457A-A442-F7D293B79B9F}.Debug|iPhoneSimulator.Build.0 = Debug|Any CPU
		{1E97DBA9-A44A-457A-A442-F7D293B79B9F}.Debug|iPhoneSimulator.Deploy.0 = Debug|Any CPU
		{1E97DBA9-A44A-457A-A442-F7D293B79B9F}.Debug|x64.ActiveCfg = Debug|Any CPU
		{1E97DBA9-A44A-457A-A442-F7D293B79B9F}.Debug|x64.Build.0 = Debug|Any CPU
		{1E97DBA9-A44A-457A-A442-F7D293B79B9F}.Debug|x64.Deploy.0 = Debug|Any CPU
		{1E97DBA9-A44A-457A-A442-F7D293B79B9F}.Debug|x86.ActiveCfg = Debug|Any CPU
		{1E97DBA9-A44A-457A-A442-F7D293B79B9F}.Debug|x86.Build.0 = Debug|Any CPU
		{1E97DBA9-A44A-457A-A442-F7D293B79B9F}.Debug|x86.Deploy.0 = Debug|Any CPU
		{1E97DBA9-A44A-457A-A442-F7D293B79B9F}.Release|Any CPU.ActiveCfg = Release|Any CPU
		{1E97DBA9-A44A-457A-A442-F7D293B79B9F}.Release|Any CPU.Build.0 = Release|Any CPU
		{1E97DBA9-A44A-457A-A442-F7D293B79B9F}.Release|Any CPU.Deploy.0 = Release|Any CPU
		{1E97DBA9-A44A-457A-A442-F7D293B79B9F}.Release|ARM.ActiveCfg = Release|Any CPU
		{1E97DBA9-A44A-457A-A442-F7D293B79B9F}.Release|ARM.Build.0 = Release|Any CPU
		{1E97DBA9-A44A-457A-A442-F7D293B79B9F}.Release|ARM.Deploy.0 = Release|Any CPU
		{1E97DBA9-A44A-457A-A442-F7D293B79B9F}.Release|iPhone.ActiveCfg = Release|Any CPU
		{1E97DBA9-A44A-457A-A442-F7D293B79B9F}.Release|iPhone.Build.0 = Release|Any CPU
		{1E97DBA9-A44A-457A-A442-F7D293B79B9F}.Release|iPhone.Deploy.0 = Release|Any CPU
		{1E97DBA9-A44A-457A-A442-F7D293B79B9F}.Release|iPhoneSimulator.ActiveCfg = Release|Any CPU
		{1E97DBA9-A44A-457A-A442-F7D293B79B9F}.Release|iPhoneSimulator.Build.0 = Release|Any CPU
		{1E97DBA9-A44A-457A-A442-F7D293B79B9F}.Release|iPhoneSimulator.Deploy.0 = Release|Any CPU
		{1E97DBA9-A44A-457A-A442-F7D293B79B9F}.Release|x64.ActiveCfg = Release|Any CPU
		{1E97DBA9-A44A-457A-A442-F7D293B79B9F}.Release|x64.Build.0 = Release|Any CPU
		{1E97DBA9-A44A-457A-A442-F7D293B79B9F}.Release|x64.Deploy.0 = Release|Any CPU
		{1E97DBA9-A44A-457A-A442-F7D293B79B9F}.Release|x86.ActiveCfg = Release|Any CPU
		{1E97DBA9-A44A-457A-A442-F7D293B79B9F}.Release|x86.Build.0 = Release|Any CPU
		{1E97DBA9-A44A-457A-A442-F7D293B79B9F}.Release|x86.Deploy.0 = Release|Any CPU
		{42DEF977-5555-4D39-8264-A6687049E09C}.Ad-Hoc|Any CPU.ActiveCfg = Ad-Hoc|iPhone
		{42DEF977-5555-4D39-8264-A6687049E09C}.Ad-Hoc|ARM.ActiveCfg = Ad-Hoc|iPhone
		{42DEF977-5555-4D39-8264-A6687049E09C}.Ad-Hoc|iPhone.ActiveCfg = Ad-Hoc|iPhone
		{42DEF977-5555-4D39-8264-A6687049E09C}.Ad-Hoc|iPhone.Build.0 = Ad-Hoc|iPhone
		{42DEF977-5555-4D39-8264-A6687049E09C}.Ad-Hoc|iPhoneSimulator.ActiveCfg = Ad-Hoc|iPhoneSimulator
		{42DEF977-5555-4D39-8264-A6687049E09C}.Ad-Hoc|iPhoneSimulator.Build.0 = Ad-Hoc|iPhoneSimulator
		{42DEF977-5555-4D39-8264-A6687049E09C}.Ad-Hoc|x64.ActiveCfg = Ad-Hoc|iPhone
		{42DEF977-5555-4D39-8264-A6687049E09C}.Ad-Hoc|x86.ActiveCfg = Ad-Hoc|iPhone
		{42DEF977-5555-4D39-8264-A6687049E09C}.AppStore|Any CPU.ActiveCfg = AppStore|iPhone
		{42DEF977-5555-4D39-8264-A6687049E09C}.AppStore|ARM.ActiveCfg = AppStore|iPhone
		{42DEF977-5555-4D39-8264-A6687049E09C}.AppStore|iPhone.ActiveCfg = AppStore|iPhone
		{42DEF977-5555-4D39-8264-A6687049E09C}.AppStore|iPhone.Build.0 = AppStore|iPhone
		{42DEF977-5555-4D39-8264-A6687049E09C}.AppStore|iPhoneSimulator.ActiveCfg = AppStore|iPhoneSimulator
		{42DEF977-5555-4D39-8264-A6687049E09C}.AppStore|iPhoneSimulator.Build.0 = AppStore|iPhoneSimulator
		{42DEF977-5555-4D39-8264-A6687049E09C}.AppStore|x64.ActiveCfg = AppStore|iPhone
		{42DEF977-5555-4D39-8264-A6687049E09C}.AppStore|x86.ActiveCfg = AppStore|iPhone
		{42DEF977-5555-4D39-8264-A6687049E09C}.Debug|Any CPU.ActiveCfg = Debug|iPhone
		{42DEF977-5555-4D39-8264-A6687049E09C}.Debug|ARM.ActiveCfg = Debug|iPhone
		{42DEF977-5555-4D39-8264-A6687049E09C}.Debug|iPhone.ActiveCfg = Debug|iPhone
		{42DEF977-5555-4D39-8264-A6687049E09C}.Debug|iPhone.Build.0 = Debug|iPhone
		{42DEF977-5555-4D39-8264-A6687049E09C}.Debug|iPhoneSimulator.ActiveCfg = Debug|iPhoneSimulator
		{42DEF977-5555-4D39-8264-A6687049E09C}.Debug|iPhoneSimulator.Build.0 = Debug|iPhoneSimulator
		{42DEF977-5555-4D39-8264-A6687049E09C}.Debug|x64.ActiveCfg = Debug|iPhone
		{42DEF977-5555-4D39-8264-A6687049E09C}.Debug|x86.ActiveCfg = Debug|iPhone
		{42DEF977-5555-4D39-8264-A6687049E09C}.Release|Any CPU.ActiveCfg = Release|iPhone
		{42DEF977-5555-4D39-8264-A6687049E09C}.Release|ARM.ActiveCfg = Release|iPhone
		{42DEF977-5555-4D39-8264-A6687049E09C}.Release|iPhone.ActiveCfg = Release|iPhone
		{42DEF977-5555-4D39-8264-A6687049E09C}.Release|iPhone.Build.0 = Release|iPhone
		{42DEF977-5555-4D39-8264-A6687049E09C}.Release|iPhoneSimulator.ActiveCfg = Release|iPhoneSimulator
		{42DEF977-5555-4D39-8264-A6687049E09C}.Release|iPhoneSimulator.Build.0 = Release|iPhoneSimulator
		{42DEF977-5555-4D39-8264-A6687049E09C}.Release|x64.ActiveCfg = Release|iPhone
		{42DEF977-5555-4D39-8264-A6687049E09C}.Release|x86.ActiveCfg = Release|iPhone
		{B0453F70-A3B3-4B81-B70B-6C96D13C3360}.Ad-Hoc|Any CPU.ActiveCfg = Release|x86
		{B0453F70-A3B3-4B81-B70B-6C96D13C3360}.Ad-Hoc|Any CPU.Build.0 = Release|x86
		{B0453F70-A3B3-4B81-B70B-6C96D13C3360}.Ad-Hoc|Any CPU.Deploy.0 = Release|x86
		{B0453F70-A3B3-4B81-B70B-6C96D13C3360}.Ad-Hoc|ARM.ActiveCfg = Release|ARM
		{B0453F70-A3B3-4B81-B70B-6C96D13C3360}.Ad-Hoc|ARM.Build.0 = Release|ARM
		{B0453F70-A3B3-4B81-B70B-6C96D13C3360}.Ad-Hoc|ARM.Deploy.0 = Release|ARM
		{B0453F70-A3B3-4B81-B70B-6C96D13C3360}.Ad-Hoc|iPhone.ActiveCfg = Release|x86
		{B0453F70-A3B3-4B81-B70B-6C96D13C3360}.Ad-Hoc|iPhone.Build.0 = Release|x86
		{B0453F70-A3B3-4B81-B70B-6C96D13C3360}.Ad-Hoc|iPhone.Deploy.0 = Release|x86
		{B0453F70-A3B3-4B81-B70B-6C96D13C3360}.Ad-Hoc|iPhoneSimulator.ActiveCfg = Release|x86
		{B0453F70-A3B3-4B81-B70B-6C96D13C3360}.Ad-Hoc|iPhoneSimulator.Build.0 = Release|x86
		{B0453F70-A3B3-4B81-B70B-6C96D13C3360}.Ad-Hoc|iPhoneSimulator.Deploy.0 = Release|x86
		{B0453F70-A3B3-4B81-B70B-6C96D13C3360}.Ad-Hoc|x64.ActiveCfg = Release|x64
		{B0453F70-A3B3-4B81-B70B-6C96D13C3360}.Ad-Hoc|x64.Build.0 = Release|x64
		{B0453F70-A3B3-4B81-B70B-6C96D13C3360}.Ad-Hoc|x64.Deploy.0 = Release|x64
		{B0453F70-A3B3-4B81-B70B-6C96D13C3360}.Ad-Hoc|x86.ActiveCfg = Release|x86
		{B0453F70-A3B3-4B81-B70B-6C96D13C3360}.Ad-Hoc|x86.Build.0 = Release|x86
		{B0453F70-A3B3-4B81-B70B-6C96D13C3360}.Ad-Hoc|x86.Deploy.0 = Release|x86
		{B0453F70-A3B3-4B81-B70B-6C96D13C3360}.AppStore|Any CPU.ActiveCfg = Release|x86
		{B0453F70-A3B3-4B81-B70B-6C96D13C3360}.AppStore|Any CPU.Build.0 = Release|x86
		{B0453F70-A3B3-4B81-B70B-6C96D13C3360}.AppStore|Any CPU.Deploy.0 = Release|x86
		{B0453F70-A3B3-4B81-B70B-6C96D13C3360}.AppStore|ARM.ActiveCfg = Release|ARM
		{B0453F70-A3B3-4B81-B70B-6C96D13C3360}.AppStore|ARM.Build.0 = Release|ARM
		{B0453F70-A3B3-4B81-B70B-6C96D13C3360}.AppStore|ARM.Deploy.0 = Release|ARM
		{B0453F70-A3B3-4B81-B70B-6C96D13C3360}.AppStore|iPhone.ActiveCfg = Release|x86
		{B0453F70-A3B3-4B81-B70B-6C96D13C3360}.AppStore|iPhone.Build.0 = Release|x86
		{B0453F70-A3B3-4B81-B70B-6C96D13C3360}.AppStore|iPhone.Deploy.0 = Release|x86
		{B0453F70-A3B3-4B81-B70B-6C96D13C3360}.AppStore|iPhoneSimulator.ActiveCfg = Release|x86
		{B0453F70-A3B3-4B81-B70B-6C96D13C3360}.AppStore|iPhoneSimulator.Build.0 = Release|x86
		{B0453F70-A3B3-4B81-B70B-6C96D13C3360}.AppStore|iPhoneSimulator.Deploy.0 = Release|x86
		{B0453F70-A3B3-4B81-B70B-6C96D13C3360}.AppStore|x64.ActiveCfg = Release|x64
		{B0453F70-A3B3-4B81-B70B-6C96D13C3360}.AppStore|x64.Build.0 = Release|x64
		{B0453F70-A3B3-4B81-B70B-6C96D13C3360}.AppStore|x64.Deploy.0 = Release|x64
		{B0453F70-A3B3-4B81-B70B-6C96D13C3360}.AppStore|x86.ActiveCfg = Release|x86
		{B0453F70-A3B3-4B81-B70B-6C96D13C3360}.AppStore|x86.Build.0 = Release|x86
		{B0453F70-A3B3-4B81-B70B-6C96D13C3360}.AppStore|x86.Deploy.0 = Release|x86
		{B0453F70-A3B3-4B81-B70B-6C96D13C3360}.Debug|Any CPU.ActiveCfg = Debug|x86
		{B0453F70-A3B3-4B81-B70B-6C96D13C3360}.Debug|Any CPU.Build.0 = Debug|x86
		{B0453F70-A3B3-4B81-B70B-6C96D13C3360}.Debug|Any CPU.Deploy.0 = Debug|x86
		{B0453F70-A3B3-4B81-B70B-6C96D13C3360}.Debug|ARM.ActiveCfg = Debug|ARM
		{B0453F70-A3B3-4B81-B70B-6C96D13C3360}.Debug|ARM.Build.0 = Debug|ARM
		{B0453F70-A3B3-4B81-B70B-6C96D13C3360}.Debug|ARM.Deploy.0 = Debug|ARM
		{B0453F70-A3B3-4B81-B70B-6C96D13C3360}.Debug|iPhone.ActiveCfg = Debug|x86
		{B0453F70-A3B3-4B81-B70B-6C96D13C3360}.Debug|iPhoneSimulator.ActiveCfg = Debug|x86
		{B0453F70-A3B3-4B81-B70B-6C96D13C3360}.Debug|x64.ActiveCfg = Debug|x64
		{B0453F70-A3B3-4B81-B70B-6C96D13C3360}.Debug|x64.Build.0 = Debug|x64
		{B0453F70-A3B3-4B81-B70B-6C96D13C3360}.Debug|x64.Deploy.0 = Debug|x64
		{B0453F70-A3B3-4B81-B70B-6C96D13C3360}.Debug|x86.ActiveCfg = Debug|x86
		{B0453F70-A3B3-4B81-B70B-6C96D13C3360}.Debug|x86.Build.0 = Debug|x86
		{B0453F70-A3B3-4B81-B70B-6C96D13C3360}.Debug|x86.Deploy.0 = Debug|x86
		{B0453F70-A3B3-4B81-B70B-6C96D13C3360}.Release|Any CPU.ActiveCfg = Release|x86
		{B0453F70-A3B3-4B81-B70B-6C96D13C3360}.Release|ARM.ActiveCfg = Release|ARM
		{B0453F70-A3B3-4B81-B70B-6C96D13C3360}.Release|ARM.Build.0 = Release|ARM
		{B0453F70-A3B3-4B81-B70B-6C96D13C3360}.Release|ARM.Deploy.0 = Release|ARM
		{B0453F70-A3B3-4B81-B70B-6C96D13C3360}.Release|iPhone.ActiveCfg = Release|x86
		{B0453F70-A3B3-4B81-B70B-6C96D13C3360}.Release|iPhoneSimulator.ActiveCfg = Release|x86
		{B0453F70-A3B3-4B81-B70B-6C96D13C3360}.Release|x64.ActiveCfg = Release|x64
		{B0453F70-A3B3-4B81-B70B-6C96D13C3360}.Release|x64.Build.0 = Release|x64
		{B0453F70-A3B3-4B81-B70B-6C96D13C3360}.Release|x64.Deploy.0 = Release|x64
		{B0453F70-A3B3-4B81-B70B-6C96D13C3360}.Release|x86.ActiveCfg = Release|x86
		{B0453F70-A3B3-4B81-B70B-6C96D13C3360}.Release|x86.Build.0 = Release|x86
		{B0453F70-A3B3-4B81-B70B-6C96D13C3360}.Release|x86.Deploy.0 = Release|x86
	EndGlobalSection
	GlobalSection(SolutionProperties) = preSolution
		HideSolutionNode = FALSE
	EndGlobalSection
EndGlobal
