
Microsoft Visual Studio Solution File, Format Version 12.00
# Visual Studio 14
VisualStudioVersion = 14.0.25420.1
MinimumVisualStudioVersion = 10.0.40219.1
Project("{FAE04EC0-301F-11D3-BF4B-00C04F79EFBC}") = "PageDialogService", "PageDialogService\PageDialogService\PageDialogService.csproj", "{7BC81432-B382-4DFD-8327-9FDA93ECFA22}"
EndProject
Project("{FAE04EC0-301F-11D3-BF4B-00C04F79EFBC}") = "PageDialogService.Droid", "PageDialogService\PageDialogService.Droid\PageDialogService.Droid.csproj", "{D4A1408A-31B9-422A-B3E8-76535689AA93}"
EndProject
Project("{FAE04EC0-301F-11D3-BF4B-00C04F79EFBC}") = "PageDialogService.iOS", "PageDialogService\PageDialogService.iOS\PageDialogService.iOS.csproj", "{889D918E-C5A0-41D7-BC27-63D900A18376}"
EndProject
Project("{FAE04EC0-301F-11D3-BF4B-00C04F79EFBC}") = "PageDialogService.UWP", "PageDialogService\PageDialogService.UWP\PageDialogService.UWP.csproj", "{F769948A-264E-4F78-A86E-61DB3B8DBDC6}"
EndProject
Global
	GlobalSection(SolutionConfigurationPlatforms) = preSolution
		Ad-Hoc|Any CPU = Ad-Hoc|Any CPU
		Ad-Hoc|ARM = Ad-Hoc|ARM
		Ad-Hoc|iPhone = Ad-Hoc|iPhone
		Ad-Hoc|iPhoneSimulator = Ad-Hoc|iPhoneSimulator
		Ad-Hoc|x64 = Ad-Hoc|x64
		Ad-Hoc|x86 = Ad-Hoc|x86
		AppStore|Any CPU = AppStore|Any CPU
		AppStore|ARM = AppStore|ARM
		AppStore|iPhone = AppStore|iPhone
		AppStore|iPhoneSimulator = AppStore|iPhoneSimulator
		AppStore|x64 = AppStore|x64
		AppStore|x86 = AppStore|x86
		Debug|Any CPU = Debug|Any CPU
		Debug|ARM = Debug|ARM
		Debug|iPhone = Debug|iPhone
		Debug|iPhoneSimulator = Debug|iPhoneSimulator
		Debug|x64 = Debug|x64
		Debug|x86 = Debug|x86
		Release|Any CPU = Release|Any CPU
		Release|ARM = Release|ARM
		Release|iPhone = Release|iPhone
		Release|iPhoneSimulator = Release|iPhoneSimulator
		Release|x64 = Release|x64
		Release|x86 = Release|x86
	EndGlobalSection
	GlobalSection(ProjectConfigurationPlatforms) = postSolution
		{7BC81432-B382-4DFD-8327-9FDA93ECFA22}.Ad-Hoc|Any CPU.ActiveCfg = Release|Any CPU
		{7BC81432-B382-4DFD-8327-9FDA93ECFA22}.Ad-Hoc|Any CPU.Build.0 = Release|Any CPU
		{7BC81432-B382-4DFD-8327-9FDA93ECFA22}.Ad-Hoc|ARM.ActiveCfg = Release|Any CPU
		{7BC81432-B382-4DFD-8327-9FDA93ECFA22}.Ad-Hoc|ARM.Build.0 = Release|Any CPU
		{7BC81432-B382-4DFD-8327-9FDA93ECFA22}.Ad-Hoc|iPhone.ActiveCfg = Release|Any CPU
		{7BC81432-B382-4DFD-8327-9FDA93ECFA22}.Ad-Hoc|iPhone.Build.0 = Release|Any CPU
		{7BC81432-B382-4DFD-8327-9FDA93ECFA22}.Ad-Hoc|iPhoneSimulator.ActiveCfg = Release|Any CPU
		{7BC81432-B382-4DFD-8327-9FDA93ECFA22}.Ad-Hoc|iPhoneSimulator.Build.0 = Release|Any CPU
		{7BC81432-B382-4DFD-8327-9FDA93ECFA22}.Ad-Hoc|x64.ActiveCfg = Release|Any CPU
		{7BC81432-B382-4DFD-8327-9FDA93ECFA22}.Ad-Hoc|x64.Build.0 = Release|Any CPU
		{7BC81432-B382-4DFD-8327-9FDA93ECFA22}.Ad-Hoc|x86.ActiveCfg = Release|Any CPU
		{7BC81432-B382-4DFD-8327-9FDA93ECFA22}.Ad-Hoc|x86.Build.0 = Release|Any CPU
		{7BC81432-B382-4DFD-8327-9FDA93ECFA22}.AppStore|Any CPU.ActiveCfg = Release|Any CPU
		{7BC81432-B382-4DFD-8327-9FDA93ECFA22}.AppStore|Any CPU.Build.0 = Release|Any CPU
		{7BC81432-B382-4DFD-8327-9FDA93ECFA22}.AppStore|ARM.ActiveCfg = Release|Any CPU
		{7BC81432-B382-4DFD-8327-9FDA93ECFA22}.AppStore|ARM.Build.0 = Release|Any CPU
		{7BC81432-B382-4DFD-8327-9FDA93ECFA22}.AppStore|iPhone.ActiveCfg = Release|Any CPU
		{7BC81432-B382-4DFD-8327-9FDA93ECFA22}.AppStore|iPhone.Build.0 = Release|Any CPU
		{7BC81432-B382-4DFD-8327-9FDA93ECFA22}.AppStore|iPhoneSimulator.ActiveCfg = Release|Any CPU
		{7BC81432-B382-4DFD-8327-9FDA93ECFA22}.AppStore|iPhoneSimulator.Build.0 = Release|Any CPU
		{7BC81432-B382-4DFD-8327-9FDA93ECFA22}.AppStore|x64.ActiveCfg = Release|Any CPU
		{7BC81432-B382-4DFD-8327-9FDA93ECFA22}.AppStore|x64.Build.0 = Release|Any CPU
		{7BC81432-B382-4DFD-8327-9FDA93ECFA22}.AppStore|x86.ActiveCfg = Release|Any CPU
		{7BC81432-B382-4DFD-8327-9FDA93ECFA22}.AppStore|x86.Build.0 = Release|Any CPU
		{7BC81432-B382-4DFD-8327-9FDA93ECFA22}.Debug|Any CPU.ActiveCfg = Debug|Any CPU
		{7BC81432-B382-4DFD-8327-9FDA93ECFA22}.Debug|Any CPU.Build.0 = Debug|Any CPU
		{7BC81432-B382-4DFD-8327-9FDA93ECFA22}.Debug|ARM.ActiveCfg = Debug|Any CPU
		{7BC81432-B382-4DFD-8327-9FDA93ECFA22}.Debug|ARM.Build.0 = Debug|Any CPU
		{7BC81432-B382-4DFD-8327-9FDA93ECFA22}.Debug|iPhone.ActiveCfg = Debug|Any CPU
		{7BC81432-B382-4DFD-8327-9FDA93ECFA22}.Debug|iPhone.Build.0 = Debug|Any CPU
		{7BC81432-B382-4DFD-8327-9FDA93ECFA22}.Debug|iPhoneSimulator.ActiveCfg = Debug|Any CPU
		{7BC81432-B382-4DFD-8327-9FDA93ECFA22}.Debug|iPhoneSimulator.Build.0 = Debug|Any CPU
		{7BC81432-B382-4DFD-8327-9FDA93ECFA22}.Debug|x64.ActiveCfg = Debug|Any CPU
		{7BC81432-B382-4DFD-8327-9FDA93ECFA22}.Debug|x64.Build.0 = Debug|Any CPU
		{7BC81432-B382-4DFD-8327-9FDA93ECFA22}.Debug|x86.ActiveCfg = Debug|Any CPU
		{7BC81432-B382-4DFD-8327-9FDA93ECFA22}.Debug|x86.Build.0 = Debug|Any CPU
		{7BC81432-B382-4DFD-8327-9FDA93ECFA22}.Release|Any CPU.ActiveCfg = Release|Any CPU
		{7BC81432-B382-4DFD-8327-9FDA93ECFA22}.Release|Any CPU.Build.0 = Release|Any CPU
		{7BC81432-B382-4DFD-8327-9FDA93ECFA22}.Release|ARM.ActiveCfg = Release|Any CPU
		{7BC81432-B382-4DFD-8327-9FDA93ECFA22}.Release|ARM.Build.0 = Release|Any CPU
		{7BC81432-B382-4DFD-8327-9FDA93ECFA22}.Release|iPhone.ActiveCfg = Release|Any CPU
		{7BC81432-B382-4DFD-8327-9FDA93ECFA22}.Release|iPhone.Build.0 = Release|Any CPU
		{7BC81432-B382-4DFD-8327-9FDA93ECFA22}.Release|iPhoneSimulator.ActiveCfg = Release|Any CPU
		{7BC81432-B382-4DFD-8327-9FDA93ECFA22}.Release|iPhoneSimulator.Build.0 = Release|Any CPU
		{7BC81432-B382-4DFD-8327-9FDA93ECFA22}.Release|x64.ActiveCfg = Release|Any CPU
		{7BC81432-B382-4DFD-8327-9FDA93ECFA22}.Release|x64.Build.0 = Release|Any CPU
		{7BC81432-B382-4DFD-8327-9FDA93ECFA22}.Release|x86.ActiveCfg = Release|Any CPU
		{7BC81432-B382-4DFD-8327-9FDA93ECFA22}.Release|x86.Build.0 = Release|Any CPU
		{D4A1408A-31B9-422A-B3E8-76535689AA93}.Ad-Hoc|Any CPU.ActiveCfg = Release|Any CPU
		{D4A1408A-31B9-422A-B3E8-76535689AA93}.Ad-Hoc|Any CPU.Build.0 = Release|Any CPU
		{D4A1408A-31B9-422A-B3E8-76535689AA93}.Ad-Hoc|Any CPU.Deploy.0 = Release|Any CPU
		{D4A1408A-31B9-422A-B3E8-76535689AA93}.Ad-Hoc|ARM.ActiveCfg = Release|Any CPU
		{D4A1408A-31B9-422A-B3E8-76535689AA93}.Ad-Hoc|ARM.Build.0 = Release|Any CPU
		{D4A1408A-31B9-422A-B3E8-76535689AA93}.Ad-Hoc|ARM.Deploy.0 = Release|Any CPU
		{D4A1408A-31B9-422A-B3E8-76535689AA93}.Ad-Hoc|iPhone.ActiveCfg = Release|Any CPU
		{D4A1408A-31B9-422A-B3E8-76535689AA93}.Ad-Hoc|iPhone.Build.0 = Release|Any CPU
		{D4A1408A-31B9-422A-B3E8-76535689AA93}.Ad-Hoc|iPhone.Deploy.0 = Release|Any CPU
		{D4A1408A-31B9-422A-B3E8-76535689AA93}.Ad-Hoc|iPhoneSimulator.ActiveCfg = Release|Any CPU
		{D4A1408A-31B9-422A-B3E8-76535689AA93}.Ad-Hoc|iPhoneSimulator.Build.0 = Release|Any CPU
		{D4A1408A-31B9-422A-B3E8-76535689AA93}.Ad-Hoc|iPhoneSimulator.Deploy.0 = Release|Any CPU
		{D4A1408A-31B9-422A-B3E8-76535689AA93}.Ad-Hoc|x64.ActiveCfg = Release|Any CPU
		{D4A1408A-31B9-422A-B3E8-76535689AA93}.Ad-Hoc|x64.Build.0 = Release|Any CPU
		{D4A1408A-31B9-422A-B3E8-76535689AA93}.Ad-Hoc|x64.Deploy.0 = Release|Any CPU
		{D4A1408A-31B9-422A-B3E8-76535689AA93}.Ad-Hoc|x86.ActiveCfg = Release|Any CPU
		{D4A1408A-31B9-422A-B3E8-76535689AA93}.Ad-Hoc|x86.Build.0 = Release|Any CPU
		{D4A1408A-31B9-422A-B3E8-76535689AA93}.Ad-Hoc|x86.Deploy.0 = Release|Any CPU
		{D4A1408A-31B9-422A-B3E8-76535689AA93}.AppStore|Any CPU.ActiveCfg = Release|Any CPU
		{D4A1408A-31B9-422A-B3E8-76535689AA93}.AppStore|Any CPU.Build.0 = Release|Any CPU
		{D4A1408A-31B9-422A-B3E8-76535689AA93}.AppStore|Any CPU.Deploy.0 = Release|Any CPU
		{D4A1408A-31B9-422A-B3E8-76535689AA93}.AppStore|ARM.ActiveCfg = Release|Any CPU
		{D4A1408A-31B9-422A-B3E8-76535689AA93}.AppStore|ARM.Build.0 = Release|Any CPU
		{D4A1408A-31B9-422A-B3E8-76535689AA93}.AppStore|ARM.Deploy.0 = Release|Any CPU
		{D4A1408A-31B9-422A-B3E8-76535689AA93}.AppStore|iPhone.ActiveCfg = Release|Any CPU
		{D4A1408A-31B9-422A-B3E8-76535689AA93}.AppStore|iPhone.Build.0 = Release|Any CPU
		{D4A1408A-31B9-422A-B3E8-76535689AA93}.AppStore|iPhone.Deploy.0 = Release|Any CPU
		{D4A1408A-31B9-422A-B3E8-76535689AA93}.AppStore|iPhoneSimulator.ActiveCfg = Release|Any CPU
		{D4A1408A-31B9-422A-B3E8-76535689AA93}.AppStore|iPhoneSimulator.Build.0 = Release|Any CPU
		{D4A1408A-31B9-422A-B3E8-76535689AA93}.AppStore|iPhoneSimulator.Deploy.0 = Release|Any CPU
		{D4A1408A-31B9-422A-B3E8-76535689AA93}.AppStore|x64.ActiveCfg = Release|Any CPU
		{D4A1408A-31B9-422A-B3E8-76535689AA93}.AppStore|x64.Build.0 = Release|Any CPU
		{D4A1408A-31B9-422A-B3E8-76535689AA93}.AppStore|x64.Deploy.0 = Release|Any CPU
		{D4A1408A-31B9-422A-B3E8-76535689AA93}.AppStore|x86.ActiveCfg = Release|Any CPU
		{D4A1408A-31B9-422A-B3E8-76535689AA93}.AppStore|x86.Build.0 = Release|Any CPU
		{D4A1408A-31B9-422A-B3E8-76535689AA93}.AppStore|x86.Deploy.0 = Release|Any CPU
		{D4A1408A-31B9-422A-B3E8-76535689AA93}.Debug|Any CPU.ActiveCfg = Debug|Any CPU
		{D4A1408A-31B9-422A-B3E8-76535689AA93}.Debug|Any CPU.Build.0 = Debug|Any CPU
		{D4A1408A-31B9-422A-B3E8-76535689AA93}.Debug|Any CPU.Deploy.0 = Debug|Any CPU
		{D4A1408A-31B9-422A-B3E8-76535689AA93}.Debug|ARM.ActiveCfg = Debug|Any CPU
		{D4A1408A-31B9-422A-B3E8-76535689AA93}.Debug|ARM.Build.0 = Debug|Any CPU
		{D4A1408A-31B9-422A-B3E8-76535689AA93}.Debug|ARM.Deploy.0 = Debug|Any CPU
		{D4A1408A-31B9-422A-B3E8-76535689AA93}.Debug|iPhone.ActiveCfg = Debug|Any CPU
		{D4A1408A-31B9-422A-B3E8-76535689AA93}.Debug|iPhone.Build.0 = Debug|Any CPU
		{D4A1408A-31B9-422A-B3E8-76535689AA93}.Debug|iPhone.Deploy.0 = Debug|Any CPU
		{D4A1408A-31B9-422A-B3E8-76535689AA93}.Debug|iPhoneSimulator.ActiveCfg = Debug|Any CPU
		{D4A1408A-31B9-422A-B3E8-76535689AA93}.Debug|iPhoneSimulator.Build.0 = Debug|Any CPU
		{D4A1408A-31B9-422A-B3E8-76535689AA93}.Debug|iPhoneSimulator.Deploy.0 = Debug|Any CPU
		{D4A1408A-31B9-422A-B3E8-76535689AA93}.Debug|x64.ActiveCfg = Debug|Any CPU
		{D4A1408A-31B9-422A-B3E8-76535689AA93}.Debug|x64.Build.0 = Debug|Any CPU
		{D4A1408A-31B9-422A-B3E8-76535689AA93}.Debug|x64.Deploy.0 = Debug|Any CPU
		{D4A1408A-31B9-422A-B3E8-76535689AA93}.Debug|x86.ActiveCfg = Debug|Any CPU
		{D4A1408A-31B9-422A-B3E8-76535689AA93}.Debug|x86.Build.0 = Debug|Any CPU
		{D4A1408A-31B9-422A-B3E8-76535689AA93}.Debug|x86.Deploy.0 = Debug|Any CPU
		{D4A1408A-31B9-422A-B3E8-76535689AA93}.Release|Any CPU.ActiveCfg = Release|Any CPU
		{D4A1408A-31B9-422A-B3E8-76535689AA93}.Release|Any CPU.Build.0 = Release|Any CPU
		{D4A1408A-31B9-422A-B3E8-76535689AA93}.Release|Any CPU.Deploy.0 = Release|Any CPU
		{D4A1408A-31B9-422A-B3E8-76535689AA93}.Release|ARM.ActiveCfg = Release|Any CPU
		{D4A1408A-31B9-422A-B3E8-76535689AA93}.Release|ARM.Build.0 = Release|Any CPU
		{D4A1408A-31B9-422A-B3E8-76535689AA93}.Release|ARM.Deploy.0 = Release|Any CPU
		{D4A1408A-31B9-422A-B3E8-76535689AA93}.Release|iPhone.ActiveCfg = Release|Any CPU
		{D4A1408A-31B9-422A-B3E8-76535689AA93}.Release|iPhone.Build.0 = Release|Any CPU
		{D4A1408A-31B9-422A-B3E8-76535689AA93}.Release|iPhone.Deploy.0 = Release|Any CPU
		{D4A1408A-31B9-422A-B3E8-76535689AA93}.Release|iPhoneSimulator.ActiveCfg = Release|Any CPU
		{D4A1408A-31B9-422A-B3E8-76535689AA93}.Release|iPhoneSimulator.Build.0 = Release|Any CPU
		{D4A1408A-31B9-422A-B3E8-76535689AA93}.Release|iPhoneSimulator.Deploy.0 = Release|Any CPU
		{D4A1408A-31B9-422A-B3E8-76535689AA93}.Release|x64.ActiveCfg = Release|Any CPU
		{D4A1408A-31B9-422A-B3E8-76535689AA93}.Release|x64.Build.0 = Release|Any CPU
		{D4A1408A-31B9-422A-B3E8-76535689AA93}.Release|x64.Deploy.0 = Release|Any CPU
		{D4A1408A-31B9-422A-B3E8-76535689AA93}.Release|x86.ActiveCfg = Release|Any CPU
		{D4A1408A-31B9-422A-B3E8-76535689AA93}.Release|x86.Build.0 = Release|Any CPU
		{D4A1408A-31B9-422A-B3E8-76535689AA93}.Release|x86.Deploy.0 = Release|Any CPU
		{889D918E-C5A0-41D7-BC27-63D900A18376}.Ad-Hoc|Any CPU.ActiveCfg = Ad-Hoc|iPhone
		{889D918E-C5A0-41D7-BC27-63D900A18376}.Ad-Hoc|ARM.ActiveCfg = Ad-Hoc|iPhone
		{889D918E-C5A0-41D7-BC27-63D900A18376}.Ad-Hoc|iPhone.ActiveCfg = Ad-Hoc|iPhone
		{889D918E-C5A0-41D7-BC27-63D900A18376}.Ad-Hoc|iPhone.Build.0 = Ad-Hoc|iPhone
		{889D918E-C5A0-41D7-BC27-63D900A18376}.Ad-Hoc|iPhoneSimulator.ActiveCfg = Ad-Hoc|iPhoneSimulator
		{889D918E-C5A0-41D7-BC27-63D900A18376}.Ad-Hoc|iPhoneSimulator.Build.0 = Ad-Hoc|iPhoneSimulator
		{889D918E-C5A0-41D7-BC27-63D900A18376}.Ad-Hoc|x64.ActiveCfg = Ad-Hoc|iPhone
		{889D918E-C5A0-41D7-BC27-63D900A18376}.Ad-Hoc|x86.ActiveCfg = Ad-Hoc|iPhone
		{889D918E-C5A0-41D7-BC27-63D900A18376}.AppStore|Any CPU.ActiveCfg = AppStore|iPhone
		{889D918E-C5A0-41D7-BC27-63D900A18376}.AppStore|ARM.ActiveCfg = AppStore|iPhone
		{889D918E-C5A0-41D7-BC27-63D900A18376}.AppStore|iPhone.ActiveCfg = AppStore|iPhone
		{889D918E-C5A0-41D7-BC27-63D900A18376}.AppStore|iPhone.Build.0 = AppStore|iPhone
		{889D918E-C5A0-41D7-BC27-63D900A18376}.AppStore|iPhoneSimulator.ActiveCfg = AppStore|iPhoneSimulator
		{889D918E-C5A0-41D7-BC27-63D900A18376}.AppStore|iPhoneSimulator.Build.0 = AppStore|iPhoneSimulator
		{889D918E-C5A0-41D7-BC27-63D900A18376}.AppStore|x64.ActiveCfg = AppStore|iPhone
		{889D918E-C5A0-41D7-BC27-63D900A18376}.AppStore|x86.ActiveCfg = AppStore|iPhone
		{889D918E-C5A0-41D7-BC27-63D900A18376}.Debug|Any CPU.ActiveCfg = Debug|iPhone
		{889D918E-C5A0-41D7-BC27-63D900A18376}.Debug|ARM.ActiveCfg = Debug|iPhone
		{889D918E-C5A0-41D7-BC27-63D900A18376}.Debug|iPhone.ActiveCfg = Debug|iPhone
		{889D918E-C5A0-41D7-BC27-63D900A18376}.Debug|iPhone.Build.0 = Debug|iPhone
		{889D918E-C5A0-41D7-BC27-63D900A18376}.Debug|iPhoneSimulator.ActiveCfg = Debug|iPhoneSimulator
		{889D918E-C5A0-41D7-BC27-63D900A18376}.Debug|iPhoneSimulator.Build.0 = Debug|iPhoneSimulator
		{889D918E-C5A0-41D7-BC27-63D900A18376}.Debug|x64.ActiveCfg = Debug|iPhone
		{889D918E-C5A0-41D7-BC27-63D900A18376}.Debug|x86.ActiveCfg = Debug|iPhone
		{889D918E-C5A0-41D7-BC27-63D900A18376}.Release|Any CPU.ActiveCfg = Release|iPhone
		{889D918E-C5A0-41D7-BC27-63D900A18376}.Release|ARM.ActiveCfg = Release|iPhone
		{889D918E-C5A0-41D7-BC27-63D900A18376}.Release|iPhone.ActiveCfg = Release|iPhone
		{889D918E-C5A0-41D7-BC27-63D900A18376}.Release|iPhone.Build.0 = Release|iPhone
		{889D918E-C5A0-41D7-BC27-63D900A18376}.Release|iPhoneSimulator.ActiveCfg = Release|iPhoneSimulator
		{889D918E-C5A0-41D7-BC27-63D900A18376}.Release|iPhoneSimulator.Build.0 = Release|iPhoneSimulator
		{889D918E-C5A0-41D7-BC27-63D900A18376}.Release|x64.ActiveCfg = Release|iPhone
		{889D918E-C5A0-41D7-BC27-63D900A18376}.Release|x86.ActiveCfg = Release|iPhone
		{F769948A-264E-4F78-A86E-61DB3B8DBDC6}.Ad-Hoc|Any CPU.ActiveCfg = Release|x86
		{F769948A-264E-4F78-A86E-61DB3B8DBDC6}.Ad-Hoc|Any CPU.Build.0 = Release|x86
		{F769948A-264E-4F78-A86E-61DB3B8DBDC6}.Ad-Hoc|Any CPU.Deploy.0 = Release|x86
		{F769948A-264E-4F78-A86E-61DB3B8DBDC6}.Ad-Hoc|ARM.ActiveCfg = Release|ARM
		{F769948A-264E-4F78-A86E-61DB3B8DBDC6}.Ad-Hoc|ARM.Build.0 = Release|ARM
		{F769948A-264E-4F78-A86E-61DB3B8DBDC6}.Ad-Hoc|ARM.Deploy.0 = Release|ARM
		{F769948A-264E-4F78-A86E-61DB3B8DBDC6}.Ad-Hoc|iPhone.ActiveCfg = Release|x86
		{F769948A-264E-4F78-A86E-61DB3B8DBDC6}.Ad-Hoc|iPhone.Build.0 = Release|x86
		{F769948A-264E-4F78-A86E-61DB3B8DBDC6}.Ad-Hoc|iPhone.Deploy.0 = Release|x86
		{F769948A-264E-4F78-A86E-61DB3B8DBDC6}.Ad-Hoc|iPhoneSimulator.ActiveCfg = Release|x86
		{F769948A-264E-4F78-A86E-61DB3B8DBDC6}.Ad-Hoc|iPhoneSimulator.Build.0 = Release|x86
		{F769948A-264E-4F78-A86E-61DB3B8DBDC6}.Ad-Hoc|iPhoneSimulator.Deploy.0 = Release|x86
		{F769948A-264E-4F78-A86E-61DB3B8DBDC6}.Ad-Hoc|x64.ActiveCfg = Release|x64
		{F769948A-264E-4F78-A86E-61DB3B8DBDC6}.Ad-Hoc|x64.Build.0 = Release|x64
		{F769948A-264E-4F78-A86E-61DB3B8DBDC6}.Ad-Hoc|x64.Deploy.0 = Release|x64
		{F769948A-264E-4F78-A86E-61DB3B8DBDC6}.Ad-Hoc|x86.ActiveCfg = Release|x86
		{F769948A-264E-4F78-A86E-61DB3B8DBDC6}.Ad-Hoc|x86.Build.0 = Release|x86
		{F769948A-264E-4F78-A86E-61DB3B8DBDC6}.Ad-Hoc|x86.Deploy.0 = Release|x86
		{F769948A-264E-4F78-A86E-61DB3B8DBDC6}.AppStore|Any CPU.ActiveCfg = Release|x86
		{F769948A-264E-4F78-A86E-61DB3B8DBDC6}.AppStore|Any CPU.Build.0 = Release|x86
		{F769948A-264E-4F78-A86E-61DB3B8DBDC6}.AppStore|Any CPU.Deploy.0 = Release|x86
		{F769948A-264E-4F78-A86E-61DB3B8DBDC6}.AppStore|ARM.ActiveCfg = Release|ARM
		{F769948A-264E-4F78-A86E-61DB3B8DBDC6}.AppStore|ARM.Build.0 = Release|ARM
		{F769948A-264E-4F78-A86E-61DB3B8DBDC6}.AppStore|ARM.Deploy.0 = Release|ARM
		{F769948A-264E-4F78-A86E-61DB3B8DBDC6}.AppStore|iPhone.ActiveCfg = Release|x86
		{F769948A-264E-4F78-A86E-61DB3B8DBDC6}.AppStore|iPhone.Build.0 = Release|x86
		{F769948A-264E-4F78-A86E-61DB3B8DBDC6}.AppStore|iPhone.Deploy.0 = Release|x86
		{F769948A-264E-4F78-A86E-61DB3B8DBDC6}.AppStore|iPhoneSimulator.ActiveCfg = Release|x86
		{F769948A-264E-4F78-A86E-61DB3B8DBDC6}.AppStore|iPhoneSimulator.Build.0 = Release|x86
		{F769948A-264E-4F78-A86E-61DB3B8DBDC6}.AppStore|iPhoneSimulator.Deploy.0 = Release|x86
		{F769948A-264E-4F78-A86E-61DB3B8DBDC6}.AppStore|x64.ActiveCfg = Release|x64
		{F769948A-264E-4F78-A86E-61DB3B8DBDC6}.AppStore|x64.Build.0 = Release|x64
		{F769948A-264E-4F78-A86E-61DB3B8DBDC6}.AppStore|x64.Deploy.0 = Release|x64
		{F769948A-264E-4F78-A86E-61DB3B8DBDC6}.AppStore|x86.ActiveCfg = Release|x86
		{F769948A-264E-4F78-A86E-61DB3B8DBDC6}.AppStore|x86.Build.0 = Release|x86
		{F769948A-264E-4F78-A86E-61DB3B8DBDC6}.AppStore|x86.Deploy.0 = Release|x86
		{F769948A-264E-4F78-A86E-61DB3B8DBDC6}.Debug|Any CPU.ActiveCfg = Debug|x86
		{F769948A-264E-4F78-A86E-61DB3B8DBDC6}.Debug|ARM.ActiveCfg = Debug|ARM
		{F769948A-264E-4F78-A86E-61DB3B8DBDC6}.Debug|ARM.Build.0 = Debug|ARM
		{F769948A-264E-4F78-A86E-61DB3B8DBDC6}.Debug|ARM.Deploy.0 = Debug|ARM
		{F769948A-264E-4F78-A86E-61DB3B8DBDC6}.Debug|iPhone.ActiveCfg = Debug|x86
		{F769948A-264E-4F78-A86E-61DB3B8DBDC6}.Debug|iPhoneSimulator.ActiveCfg = Debug|x86
		{F769948A-264E-4F78-A86E-61DB3B8DBDC6}.Debug|x64.ActiveCfg = Debug|x64
		{F769948A-264E-4F78-A86E-61DB3B8DBDC6}.Debug|x64.Build.0 = Debug|x64
		{F769948A-264E-4F78-A86E-61DB3B8DBDC6}.Debug|x64.Deploy.0 = Debug|x64
		{F769948A-264E-4F78-A86E-61DB3B8DBDC6}.Debug|x86.ActiveCfg = Debug|x86
		{F769948A-264E-4F78-A86E-61DB3B8DBDC6}.Debug|x86.Build.0 = Debug|x86
		{F769948A-264E-4F78-A86E-61DB3B8DBDC6}.Debug|x86.Deploy.0 = Debug|x86
		{F769948A-264E-4F78-A86E-61DB3B8DBDC6}.Release|Any CPU.ActiveCfg = Release|x86
		{F769948A-264E-4F78-A86E-61DB3B8DBDC6}.Release|ARM.ActiveCfg = Release|ARM
		{F769948A-264E-4F78-A86E-61DB3B8DBDC6}.Release|ARM.Build.0 = Release|ARM
		{F769948A-264E-4F78-A86E-61DB3B8DBDC6}.Release|ARM.Deploy.0 = Release|ARM
		{F769948A-264E-4F78-A86E-61DB3B8DBDC6}.Release|iPhone.ActiveCfg = Release|x86
		{F769948A-264E-4F78-A86E-61DB3B8DBDC6}.Release|iPhoneSimulator.ActiveCfg = Release|x86
		{F769948A-264E-4F78-A86E-61DB3B8DBDC6}.Release|x64.ActiveCfg = Release|x64
		{F769948A-264E-4F78-A86E-61DB3B8DBDC6}.Release|x64.Build.0 = Release|x64
		{F769948A-264E-4F78-A86E-61DB3B8DBDC6}.Release|x64.Deploy.0 = Release|x64
		{F769948A-264E-4F78-A86E-61DB3B8DBDC6}.Release|x86.ActiveCfg = Release|x86
		{F769948A-264E-4F78-A86E-61DB3B8DBDC6}.Release|x86.Build.0 = Release|x86
		{F769948A-264E-4F78-A86E-61DB3B8DBDC6}.Release|x86.Deploy.0 = Release|x86
	EndGlobalSection
	GlobalSection(SolutionProperties) = preSolution
		HideSolutionNode = FALSE
	EndGlobalSection
EndGlobal
