
Microsoft Visual Studio Solution File, Format Version 12.00
# Visual Studio 14
VisualStudioVersion = 14.0.25420.1
MinimumVisualStudioVersion = 10.0.40219.1
Project("{FAE04EC0-301F-11D3-BF4B-00C04F79EFBC}") = "UriExample", "UriExample\UriExample\UriExample.csproj", "{F232AD75-6D14-4398-8DA1-FF1192AC230D}"
EndProject
Project("{FAE04EC0-301F-11D3-BF4B-00C04F79EFBC}") = "UriExample.Droid", "UriExample\UriExample.Droid\UriExample.Droid.csproj", "{F6934965-0F3C-4828-A0D5-51B201F08B8C}"
EndProject
Project("{FAE04EC0-301F-11D3-BF4B-00C04F79EFBC}") = "UriExample.iOS", "UriExample\UriExample.iOS\UriExample.iOS.csproj", "{0DAD9C6D-5BDB-432B-A110-1CD475BCEC47}"
EndProject
Project("{FAE04EC0-301F-11D3-BF4B-00C04F79EFBC}") = "UriExample.UWP", "UriExample\UriExample.UWP\UriExample.UWP.csproj", "{8C2C78A4-020E-4E23-9923-5B3F2F0A339E}"
EndProject
Project("{FAE04EC0-301F-11D3-BF4B-00C04F79EFBC}") = "UriExample.WinPhone", "UriExample\UriExample.WinPhone\UriExample.WinPhone.csproj", "{3F3D2FC2-16AB-4B75-AB9C-533AA8325C21}"
EndProject
Project("{FAE04EC0-301F-11D3-BF4B-00C04F79EFBC}") = "UriExample.Windows", "UriExample\UriExample.Windows\UriExample.Windows.csproj", "{9C032924-F9ED-49ED-B422-87343860BDD0}"
EndProject
Global
	GlobalSection(SolutionConfigurationPlatforms) = preSolution
		Ad-Hoc|Any CPU = Ad-Hoc|Any CPU
		Ad-Hoc|ARM = Ad-Hoc|ARM
		Ad-Hoc|iPhone = Ad-Hoc|iPhone
		Ad-Hoc|iPhoneSimulator = Ad-Hoc|iPhoneSimulator
		Ad-Hoc|x64 = Ad-Hoc|x64
		Ad-Hoc|x86 = Ad-Hoc|x86
		AppStore|Any CPU = AppStore|Any CPU
		AppStore|ARM = AppStore|ARM
		AppStore|iPhone = AppStore|iPhone
		AppStore|iPhoneSimulator = AppStore|iPhoneSimulator
		AppStore|x64 = AppStore|x64
		AppStore|x86 = AppStore|x86
		Debug|Any CPU = Debug|Any CPU
		Debug|ARM = Debug|ARM
		Debug|iPhone = Debug|iPhone
		Debug|iPhoneSimulator = Debug|iPhoneSimulator
		Debug|x64 = Debug|x64
		Debug|x86 = Debug|x86
		Release|Any CPU = Release|Any CPU
		Release|ARM = Release|ARM
		Release|iPhone = Release|iPhone
		Release|iPhoneSimulator = Release|iPhoneSimulator
		Release|x64 = Release|x64
		Release|x86 = Release|x86
	EndGlobalSection
	GlobalSection(ProjectConfigurationPlatforms) = postSolution
		{F232AD75-6D14-4398-8DA1-FF1192AC230D}.Ad-Hoc|Any CPU.ActiveCfg = Release|Any CPU
		{F232AD75-6D14-4398-8DA1-FF1192AC230D}.Ad-Hoc|Any CPU.Build.0 = Release|Any CPU
		{F232AD75-6D14-4398-8DA1-FF1192AC230D}.Ad-Hoc|ARM.ActiveCfg = Release|Any CPU
		{F232AD75-6D14-4398-8DA1-FF1192AC230D}.Ad-Hoc|ARM.Build.0 = Release|Any CPU
		{F232AD75-6D14-4398-8DA1-FF1192AC230D}.Ad-Hoc|iPhone.ActiveCfg = Release|Any CPU
		{F232AD75-6D14-4398-8DA1-FF1192AC230D}.Ad-Hoc|iPhone.Build.0 = Release|Any CPU
		{F232AD75-6D14-4398-8DA1-FF1192AC230D}.Ad-Hoc|iPhoneSimulator.ActiveCfg = Release|Any CPU
		{F232AD75-6D14-4398-8DA1-FF1192AC230D}.Ad-Hoc|iPhoneSimulator.Build.0 = Release|Any CPU
		{F232AD75-6D14-4398-8DA1-FF1192AC230D}.Ad-Hoc|x64.ActiveCfg = Release|Any CPU
		{F232AD75-6D14-4398-8DA1-FF1192AC230D}.Ad-Hoc|x64.Build.0 = Release|Any CPU
		{F232AD75-6D14-4398-8DA1-FF1192AC230D}.Ad-Hoc|x86.ActiveCfg = Release|Any CPU
		{F232AD75-6D14-4398-8DA1-FF1192AC230D}.Ad-Hoc|x86.Build.0 = Release|Any CPU
		{F232AD75-6D14-4398-8DA1-FF1192AC230D}.AppStore|Any CPU.ActiveCfg = Release|Any CPU
		{F232AD75-6D14-4398-8DA1-FF1192AC230D}.AppStore|Any CPU.Build.0 = Release|Any CPU
		{F232AD75-6D14-4398-8DA1-FF1192AC230D}.AppStore|ARM.ActiveCfg = Release|Any CPU
		{F232AD75-6D14-4398-8DA1-FF1192AC230D}.AppStore|ARM.Build.0 = Release|Any CPU
		{F232AD75-6D14-4398-8DA1-FF1192AC230D}.AppStore|iPhone.ActiveCfg = Release|Any CPU
		{F232AD75-6D14-4398-8DA1-FF1192AC230D}.AppStore|iPhone.Build.0 = Release|Any CPU
		{F232AD75-6D14-4398-8DA1-FF1192AC230D}.AppStore|iPhoneSimulator.ActiveCfg = Release|Any CPU
		{F232AD75-6D14-4398-8DA1-FF1192AC230D}.AppStore|iPhoneSimulator.Build.0 = Release|Any CPU
		{F232AD75-6D14-4398-8DA1-FF1192AC230D}.AppStore|x64.ActiveCfg = Release|Any CPU
		{F232AD75-6D14-4398-8DA1-FF1192AC230D}.AppStore|x64.Build.0 = Release|Any CPU
		{F232AD75-6D14-4398-8DA1-FF1192AC230D}.AppStore|x86.ActiveCfg = Release|Any CPU
		{F232AD75-6D14-4398-8DA1-FF1192AC230D}.AppStore|x86.Build.0 = Release|Any CPU
		{F232AD75-6D14-4398-8DA1-FF1192AC230D}.Debug|Any CPU.ActiveCfg = Debug|Any CPU
		{F232AD75-6D14-4398-8DA1-FF1192AC230D}.Debug|Any CPU.Build.0 = Debug|Any CPU
		{F232AD75-6D14-4398-8DA1-FF1192AC230D}.Debug|ARM.ActiveCfg = Debug|Any CPU
		{F232AD75-6D14-4398-8DA1-FF1192AC230D}.Debug|ARM.Build.0 = Debug|Any CPU
		{F232AD75-6D14-4398-8DA1-FF1192AC230D}.Debug|iPhone.ActiveCfg = Debug|Any CPU
		{F232AD75-6D14-4398-8DA1-FF1192AC230D}.Debug|iPhone.Build.0 = Debug|Any CPU
		{F232AD75-6D14-4398-8DA1-FF1192AC230D}.Debug|iPhoneSimulator.ActiveCfg = Debug|Any CPU
		{F232AD75-6D14-4398-8DA1-FF1192AC230D}.Debug|iPhoneSimulator.Build.0 = Debug|Any CPU
		{F232AD75-6D14-4398-8DA1-FF1192AC230D}.Debug|x64.ActiveCfg = Debug|Any CPU
		{F232AD75-6D14-4398-8DA1-FF1192AC230D}.Debug|x64.Build.0 = Debug|Any CPU
		{F232AD75-6D14-4398-8DA1-FF1192AC230D}.Debug|x86.ActiveCfg = Debug|Any CPU
		{F232AD75-6D14-4398-8DA1-FF1192AC230D}.Debug|x86.Build.0 = Debug|Any CPU
		{F232AD75-6D14-4398-8DA1-FF1192AC230D}.Release|Any CPU.ActiveCfg = Release|Any CPU
		{F232AD75-6D14-4398-8DA1-FF1192AC230D}.Release|Any CPU.Build.0 = Release|Any CPU
		{F232AD75-6D14-4398-8DA1-FF1192AC230D}.Release|ARM.ActiveCfg = Release|Any CPU
		{F232AD75-6D14-4398-8DA1-FF1192AC230D}.Release|ARM.Build.0 = Release|Any CPU
		{F232AD75-6D14-4398-8DA1-FF1192AC230D}.Release|iPhone.ActiveCfg = Release|Any CPU
		{F232AD75-6D14-4398-8DA1-FF1192AC230D}.Release|iPhone.Build.0 = Release|Any CPU
		{F232AD75-6D14-4398-8DA1-FF1192AC230D}.Release|iPhoneSimulator.ActiveCfg = Release|Any CPU
		{F232AD75-6D14-4398-8DA1-FF1192AC230D}.Release|iPhoneSimulator.Build.0 = Release|Any CPU
		{F232AD75-6D14-4398-8DA1-FF1192AC230D}.Release|x64.ActiveCfg = Release|Any CPU
		{F232AD75-6D14-4398-8DA1-FF1192AC230D}.Release|x64.Build.0 = Release|Any CPU
		{F232AD75-6D14-4398-8DA1-FF1192AC230D}.Release|x86.ActiveCfg = Release|Any CPU
		{F232AD75-6D14-4398-8DA1-FF1192AC230D}.Release|x86.Build.0 = Release|Any CPU
		{F6934965-0F3C-4828-A0D5-51B201F08B8C}.Ad-Hoc|Any CPU.ActiveCfg = Release|Any CPU
		{F6934965-0F3C-4828-A0D5-51B201F08B8C}.Ad-Hoc|Any CPU.Build.0 = Release|Any CPU
		{F6934965-0F3C-4828-A0D5-51B201F08B8C}.Ad-Hoc|Any CPU.Deploy.0 = Release|Any CPU
		{F6934965-0F3C-4828-A0D5-51B201F08B8C}.Ad-Hoc|ARM.ActiveCfg = Release|Any CPU
		{F6934965-0F3C-4828-A0D5-51B201F08B8C}.Ad-Hoc|ARM.Build.0 = Release|Any CPU
		{F6934965-0F3C-4828-A0D5-51B201F08B8C}.Ad-Hoc|ARM.Deploy.0 = Release|Any CPU
		{F6934965-0F3C-4828-A0D5-51B201F08B8C}.Ad-Hoc|iPhone.ActiveCfg = Release|Any CPU
		{F6934965-0F3C-4828-A0D5-51B201F08B8C}.Ad-Hoc|iPhone.Build.0 = Release|Any CPU
		{F6934965-0F3C-4828-A0D5-51B201F08B8C}.Ad-Hoc|iPhone.Deploy.0 = Release|Any CPU
		{F6934965-0F3C-4828-A0D5-51B201F08B8C}.Ad-Hoc|iPhoneSimulator.ActiveCfg = Release|Any CPU
		{F6934965-0F3C-4828-A0D5-51B201F08B8C}.Ad-Hoc|iPhoneSimulator.Build.0 = Release|Any CPU
		{F6934965-0F3C-4828-A0D5-51B201F08B8C}.Ad-Hoc|iPhoneSimulator.Deploy.0 = Release|Any CPU
		{F6934965-0F3C-4828-A0D5-51B201F08B8C}.Ad-Hoc|x64.ActiveCfg = Release|Any CPU
		{F6934965-0F3C-4828-A0D5-51B201F08B8C}.Ad-Hoc|x64.Build.0 = Release|Any CPU
		{F6934965-0F3C-4828-A0D5-51B201F08B8C}.Ad-Hoc|x64.Deploy.0 = Release|Any CPU
		{F6934965-0F3C-4828-A0D5-51B201F08B8C}.Ad-Hoc|x86.ActiveCfg = Release|Any CPU
		{F6934965-0F3C-4828-A0D5-51B201F08B8C}.Ad-Hoc|x86.Build.0 = Release|Any CPU
		{F6934965-0F3C-4828-A0D5-51B201F08B8C}.Ad-Hoc|x86.Deploy.0 = Release|Any CPU
		{F6934965-0F3C-4828-A0D5-51B201F08B8C}.AppStore|Any CPU.ActiveCfg = Release|Any CPU
		{F6934965-0F3C-4828-A0D5-51B201F08B8C}.AppStore|Any CPU.Build.0 = Release|Any CPU
		{F6934965-0F3C-4828-A0D5-51B201F08B8C}.AppStore|Any CPU.Deploy.0 = Release|Any CPU
		{F6934965-0F3C-4828-A0D5-51B201F08B8C}.AppStore|ARM.ActiveCfg = Release|Any CPU
		{F6934965-0F3C-4828-A0D5-51B201F08B8C}.AppStore|ARM.Build.0 = Release|Any CPU
		{F6934965-0F3C-4828-A0D5-51B201F08B8C}.AppStore|ARM.Deploy.0 = Release|Any CPU
		{F6934965-0F3C-4828-A0D5-51B201F08B8C}.AppStore|iPhone.ActiveCfg = Release|Any CPU
		{F6934965-0F3C-4828-A0D5-51B201F08B8C}.AppStore|iPhone.Build.0 = Release|Any CPU
		{F6934965-0F3C-4828-A0D5-51B201F08B8C}.AppStore|iPhone.Deploy.0 = Release|Any CPU
		{F6934965-0F3C-4828-A0D5-51B201F08B8C}.AppStore|iPhoneSimulator.ActiveCfg = Release|Any CPU
		{F6934965-0F3C-4828-A0D5-51B201F08B8C}.AppStore|iPhoneSimulator.Build.0 = Release|Any CPU
		{F6934965-0F3C-4828-A0D5-51B201F08B8C}.AppStore|iPhoneSimulator.Deploy.0 = Release|Any CPU
		{F6934965-0F3C-4828-A0D5-51B201F08B8C}.AppStore|x64.ActiveCfg = Release|Any CPU
		{F6934965-0F3C-4828-A0D5-51B201F08B8C}.AppStore|x64.Build.0 = Release|Any CPU
		{F6934965-0F3C-4828-A0D5-51B201F08B8C}.AppStore|x64.Deploy.0 = Release|Any CPU
		{F6934965-0F3C-4828-A0D5-51B201F08B8C}.AppStore|x86.ActiveCfg = Release|Any CPU
		{F6934965-0F3C-4828-A0D5-51B201F08B8C}.AppStore|x86.Build.0 = Release|Any CPU
		{F6934965-0F3C-4828-A0D5-51B201F08B8C}.AppStore|x86.Deploy.0 = Release|Any CPU
		{F6934965-0F3C-4828-A0D5-51B201F08B8C}.Debug|Any CPU.ActiveCfg = Debug|Any CPU
		{F6934965-0F3C-4828-A0D5-51B201F08B8C}.Debug|Any CPU.Build.0 = Debug|Any CPU
		{F6934965-0F3C-4828-A0D5-51B201F08B8C}.Debug|Any CPU.Deploy.0 = Debug|Any CPU
		{F6934965-0F3C-4828-A0D5-51B201F08B8C}.Debug|ARM.ActiveCfg = Debug|Any CPU
		{F6934965-0F3C-4828-A0D5-51B201F08B8C}.Debug|ARM.Build.0 = Debug|Any CPU
		{F6934965-0F3C-4828-A0D5-51B201F08B8C}.Debug|ARM.Deploy.0 = Debug|Any CPU
		{F6934965-0F3C-4828-A0D5-51B201F08B8C}.Debug|iPhone.ActiveCfg = Debug|Any CPU
		{F6934965-0F3C-4828-A0D5-51B201F08B8C}.Debug|iPhone.Build.0 = Debug|Any CPU
		{F6934965-0F3C-4828-A0D5-51B201F08B8C}.Debug|iPhone.Deploy.0 = Debug|Any CPU
		{F6934965-0F3C-4828-A0D5-51B201F08B8C}.Debug|iPhoneSimulator.ActiveCfg = Debug|Any CPU
		{F6934965-0F3C-4828-A0D5-51B201F08B8C}.Debug|iPhoneSimulator.Build.0 = Debug|Any CPU
		{F6934965-0F3C-4828-A0D5-51B201F08B8C}.Debug|iPhoneSimulator.Deploy.0 = Debug|Any CPU
		{F6934965-0F3C-4828-A0D5-51B201F08B8C}.Debug|x64.ActiveCfg = Debug|Any CPU
		{F6934965-0F3C-4828-A0D5-51B201F08B8C}.Debug|x64.Build.0 = Debug|Any CPU
		{F6934965-0F3C-4828-A0D5-51B201F08B8C}.Debug|x64.Deploy.0 = Debug|Any CPU
		{F6934965-0F3C-4828-A0D5-51B201F08B8C}.Debug|x86.ActiveCfg = Debug|Any CPU
		{F6934965-0F3C-4828-A0D5-51B201F08B8C}.Debug|x86.Build.0 = Debug|Any CPU
		{F6934965-0F3C-4828-A0D5-51B201F08B8C}.Debug|x86.Deploy.0 = Debug|Any CPU
		{F6934965-0F3C-4828-A0D5-51B201F08B8C}.Release|Any CPU.ActiveCfg = Release|Any CPU
		{F6934965-0F3C-4828-A0D5-51B201F08B8C}.Release|Any CPU.Build.0 = Release|Any CPU
		{F6934965-0F3C-4828-A0D5-51B201F08B8C}.Release|Any CPU.Deploy.0 = Release|Any CPU
		{F6934965-0F3C-4828-A0D5-51B201F08B8C}.Release|ARM.ActiveCfg = Release|Any CPU
		{F6934965-0F3C-4828-A0D5-51B201F08B8C}.Release|ARM.Build.0 = Release|Any CPU
		{F6934965-0F3C-4828-A0D5-51B201F08B8C}.Release|ARM.Deploy.0 = Release|Any CPU
		{F6934965-0F3C-4828-A0D5-51B201F08B8C}.Release|iPhone.ActiveCfg = Release|Any CPU
		{F6934965-0F3C-4828-A0D5-51B201F08B8C}.Release|iPhone.Build.0 = Release|Any CPU
		{F6934965-0F3C-4828-A0D5-51B201F08B8C}.Release|iPhone.Deploy.0 = Release|Any CPU
		{F6934965-0F3C-4828-A0D5-51B201F08B8C}.Release|iPhoneSimulator.ActiveCfg = Release|Any CPU
		{F6934965-0F3C-4828-A0D5-51B201F08B8C}.Release|iPhoneSimulator.Build.0 = Release|Any CPU
		{F6934965-0F3C-4828-A0D5-51B201F08B8C}.Release|iPhoneSimulator.Deploy.0 = Release|Any CPU
		{F6934965-0F3C-4828-A0D5-51B201F08B8C}.Release|x64.ActiveCfg = Release|Any CPU
		{F6934965-0F3C-4828-A0D5-51B201F08B8C}.Release|x64.Build.0 = Release|Any CPU
		{F6934965-0F3C-4828-A0D5-51B201F08B8C}.Release|x64.Deploy.0 = Release|Any CPU
		{F6934965-0F3C-4828-A0D5-51B201F08B8C}.Release|x86.ActiveCfg = Release|Any CPU
		{F6934965-0F3C-4828-A0D5-51B201F08B8C}.Release|x86.Build.0 = Release|Any CPU
		{F6934965-0F3C-4828-A0D5-51B201F08B8C}.Release|x86.Deploy.0 = Release|Any CPU
		{0DAD9C6D-5BDB-432B-A110-1CD475BCEC47}.Ad-Hoc|Any CPU.ActiveCfg = Ad-Hoc|iPhone
		{0DAD9C6D-5BDB-432B-A110-1CD475BCEC47}.Ad-Hoc|ARM.ActiveCfg = Ad-Hoc|iPhone
		{0DAD9C6D-5BDB-432B-A110-1CD475BCEC47}.Ad-Hoc|iPhone.ActiveCfg = Ad-Hoc|iPhone
		{0DAD9C6D-5BDB-432B-A110-1CD475BCEC47}.Ad-Hoc|iPhone.Build.0 = Ad-Hoc|iPhone
		{0DAD9C6D-5BDB-432B-A110-1CD475BCEC47}.Ad-Hoc|iPhoneSimulator.ActiveCfg = Ad-Hoc|iPhoneSimulator
		{0DAD9C6D-5BDB-432B-A110-1CD475BCEC47}.Ad-Hoc|iPhoneSimulator.Build.0 = Ad-Hoc|iPhoneSimulator
		{0DAD9C6D-5BDB-432B-A110-1CD475BCEC47}.Ad-Hoc|x64.ActiveCfg = Ad-Hoc|iPhone
		{0DAD9C6D-5BDB-432B-A110-1CD475BCEC47}.Ad-Hoc|x86.ActiveCfg = Ad-Hoc|iPhone
		{0DAD9C6D-5BDB-432B-A110-1CD475BCEC47}.AppStore|Any CPU.ActiveCfg = AppStore|iPhone
		{0DAD9C6D-5BDB-432B-A110-1CD475BCEC47}.AppStore|ARM.ActiveCfg = AppStore|iPhone
		{0DAD9C6D-5BDB-432B-A110-1CD475BCEC47}.AppStore|iPhone.ActiveCfg = AppStore|iPhone
		{0DAD9C6D-5BDB-432B-A110-1CD475BCEC47}.AppStore|iPhone.Build.0 = AppStore|iPhone
		{0DAD9C6D-5BDB-432B-A110-1CD475BCEC47}.AppStore|iPhoneSimulator.ActiveCfg = AppStore|iPhoneSimulator
		{0DAD9C6D-5BDB-432B-A110-1CD475BCEC47}.AppStore|iPhoneSimulator.Build.0 = AppStore|iPhoneSimulator
		{0DAD9C6D-5BDB-432B-A110-1CD475BCEC47}.AppStore|x64.ActiveCfg = AppStore|iPhone
		{0DAD9C6D-5BDB-432B-A110-1CD475BCEC47}.AppStore|x86.ActiveCfg = AppStore|iPhone
		{0DAD9C6D-5BDB-432B-A110-1CD475BCEC47}.Debug|Any CPU.ActiveCfg = Debug|iPhone
		{0DAD9C6D-5BDB-432B-A110-1CD475BCEC47}.Debug|Any CPU.Build.0 = Debug|iPhone
		{0DAD9C6D-5BDB-432B-A110-1CD475BCEC47}.Debug|ARM.ActiveCfg = Debug|iPhone
		{0DAD9C6D-5BDB-432B-A110-1CD475BCEC47}.Debug|iPhone.ActiveCfg = Debug|iPhone
		{0DAD9C6D-5BDB-432B-A110-1CD475BCEC47}.Debug|iPhone.Build.0 = Debug|iPhone
		{0DAD9C6D-5BDB-432B-A110-1CD475BCEC47}.Debug|iPhoneSimulator.ActiveCfg = Debug|iPhoneSimulator
		{0DAD9C6D-5BDB-432B-A110-1CD475BCEC47}.Debug|iPhoneSimulator.Build.0 = Debug|iPhoneSimulator
		{0DAD9C6D-5BDB-432B-A110-1CD475BCEC47}.Debug|x64.ActiveCfg = Debug|iPhone
		{0DAD9C6D-5BDB-432B-A110-1CD475BCEC47}.Debug|x86.ActiveCfg = Debug|iPhone
		{0DAD9C6D-5BDB-432B-A110-1CD475BCEC47}.Release|Any CPU.ActiveCfg = Release|iPhone
		{0DAD9C6D-5BDB-432B-A110-1CD475BCEC47}.Release|ARM.ActiveCfg = Release|iPhone
		{0DAD9C6D-5BDB-432B-A110-1CD475BCEC47}.Release|iPhone.ActiveCfg = Release|iPhone
		{0DAD9C6D-5BDB-432B-A110-1CD475BCEC47}.Release|iPhone.Build.0 = Release|iPhone
		{0DAD9C6D-5BDB-432B-A110-1CD475BCEC47}.Release|iPhoneSimulator.ActiveCfg = Release|iPhoneSimulator
		{0DAD9C6D-5BDB-432B-A110-1CD475BCEC47}.Release|iPhoneSimulator.Build.0 = Release|iPhoneSimulator
		{0DAD9C6D-5BDB-432B-A110-1CD475BCEC47}.Release|x64.ActiveCfg = Release|iPhone
		{0DAD9C6D-5BDB-432B-A110-1CD475BCEC47}.Release|x86.ActiveCfg = Release|iPhone
		{8C2C78A4-020E-4E23-9923-5B3F2F0A339E}.Ad-Hoc|Any CPU.ActiveCfg = Release|x86
		{8C2C78A4-020E-4E23-9923-5B3F2F0A339E}.Ad-Hoc|Any CPU.Build.0 = Release|x86
		{8C2C78A4-020E-4E23-9923-5B3F2F0A339E}.Ad-Hoc|Any CPU.Deploy.0 = Release|x86
		{8C2C78A4-020E-4E23-9923-5B3F2F0A339E}.Ad-Hoc|ARM.ActiveCfg = Release|ARM
		{8C2C78A4-020E-4E23-9923-5B3F2F0A339E}.Ad-Hoc|ARM.Build.0 = Release|ARM
		{8C2C78A4-020E-4E23-9923-5B3F2F0A339E}.Ad-Hoc|ARM.Deploy.0 = Release|ARM
		{8C2C78A4-020E-4E23-9923-5B3F2F0A339E}.Ad-Hoc|iPhone.ActiveCfg = Release|x86
		{8C2C78A4-020E-4E23-9923-5B3F2F0A339E}.Ad-Hoc|iPhone.Build.0 = Release|x86
		{8C2C78A4-020E-4E23-9923-5B3F2F0A339E}.Ad-Hoc|iPhone.Deploy.0 = Release|x86
		{8C2C78A4-020E-4E23-9923-5B3F2F0A339E}.Ad-Hoc|iPhoneSimulator.ActiveCfg = Release|x86
		{8C2C78A4-020E-4E23-9923-5B3F2F0A339E}.Ad-Hoc|iPhoneSimulator.Build.0 = Release|x86
		{8C2C78A4-020E-4E23-9923-5B3F2F0A339E}.Ad-Hoc|iPhoneSimulator.Deploy.0 = Release|x86
		{8C2C78A4-020E-4E23-9923-5B3F2F0A339E}.Ad-Hoc|x64.ActiveCfg = Release|x64
		{8C2C78A4-020E-4E23-9923-5B3F2F0A339E}.Ad-Hoc|x64.Build.0 = Release|x64
		{8C2C78A4-020E-4E23-9923-5B3F2F0A339E}.Ad-Hoc|x64.Deploy.0 = Release|x64
		{8C2C78A4-020E-4E23-9923-5B3F2F0A339E}.Ad-Hoc|x86.ActiveCfg = Release|x86
		{8C2C78A4-020E-4E23-9923-5B3F2F0A339E}.Ad-Hoc|x86.Build.0 = Release|x86
		{8C2C78A4-020E-4E23-9923-5B3F2F0A339E}.Ad-Hoc|x86.Deploy.0 = Release|x86
		{8C2C78A4-020E-4E23-9923-5B3F2F0A339E}.AppStore|Any CPU.ActiveCfg = Release|x86
		{8C2C78A4-020E-4E23-9923-5B3F2F0A339E}.AppStore|Any CPU.Build.0 = Release|x86
		{8C2C78A4-020E-4E23-9923-5B3F2F0A339E}.AppStore|Any CPU.Deploy.0 = Release|x86
		{8C2C78A4-020E-4E23-9923-5B3F2F0A339E}.AppStore|ARM.ActiveCfg = Release|ARM
		{8C2C78A4-020E-4E23-9923-5B3F2F0A339E}.AppStore|ARM.Build.0 = Release|ARM
		{8C2C78A4-020E-4E23-9923-5B3F2F0A339E}.AppStore|ARM.Deploy.0 = Release|ARM
		{8C2C78A4-020E-4E23-9923-5B3F2F0A339E}.AppStore|iPhone.ActiveCfg = Release|x86
		{8C2C78A4-020E-4E23-9923-5B3F2F0A339E}.AppStore|iPhone.Build.0 = Release|x86
		{8C2C78A4-020E-4E23-9923-5B3F2F0A339E}.AppStore|iPhone.Deploy.0 = Release|x86
		{8C2C78A4-020E-4E23-9923-5B3F2F0A339E}.AppStore|iPhoneSimulator.ActiveCfg = Release|x86
		{8C2C78A4-020E-4E23-9923-5B3F2F0A339E}.AppStore|iPhoneSimulator.Build.0 = Release|x86
		{8C2C78A4-020E-4E23-9923-5B3F2F0A339E}.AppStore|iPhoneSimulator.Deploy.0 = Release|x86
		{8C2C78A4-020E-4E23-9923-5B3F2F0A339E}.AppStore|x64.ActiveCfg = Release|x64
		{8C2C78A4-020E-4E23-9923-5B3F2F0A339E}.AppStore|x64.Build.0 = Release|x64
		{8C2C78A4-020E-4E23-9923-5B3F2F0A339E}.AppStore|x64.Deploy.0 = Release|x64
		{8C2C78A4-020E-4E23-9923-5B3F2F0A339E}.AppStore|x86.ActiveCfg = Release|x86
		{8C2C78A4-020E-4E23-9923-5B3F2F0A339E}.AppStore|x86.Build.0 = Release|x86
		{8C2C78A4-020E-4E23-9923-5B3F2F0A339E}.AppStore|x86.Deploy.0 = Release|x86
		{8C2C78A4-020E-4E23-9923-5B3F2F0A339E}.Debug|Any CPU.ActiveCfg = Debug|x86
		{8C2C78A4-020E-4E23-9923-5B3F2F0A339E}.Debug|Any CPU.Build.0 = Debug|x86
		{8C2C78A4-020E-4E23-9923-5B3F2F0A339E}.Debug|Any CPU.Deploy.0 = Debug|x86
		{8C2C78A4-020E-4E23-9923-5B3F2F0A339E}.Debug|ARM.ActiveCfg = Debug|ARM
		{8C2C78A4-020E-4E23-9923-5B3F2F0A339E}.Debug|ARM.Build.0 = Debug|ARM
		{8C2C78A4-020E-4E23-9923-5B3F2F0A339E}.Debug|ARM.Deploy.0 = Debug|ARM
		{8C2C78A4-020E-4E23-9923-5B3F2F0A339E}.Debug|iPhone.ActiveCfg = Debug|x86
		{8C2C78A4-020E-4E23-9923-5B3F2F0A339E}.Debug|iPhoneSimulator.ActiveCfg = Debug|x86
		{8C2C78A4-020E-4E23-9923-5B3F2F0A339E}.Debug|iPhoneSimulator.Build.0 = Debug|x86
		{8C2C78A4-020E-4E23-9923-5B3F2F0A339E}.Debug|iPhoneSimulator.Deploy.0 = Debug|x86
		{8C2C78A4-020E-4E23-9923-5B3F2F0A339E}.Debug|x64.ActiveCfg = Debug|x64
		{8C2C78A4-020E-4E23-9923-5B3F2F0A339E}.Debug|x64.Build.0 = Debug|x64
		{8C2C78A4-020E-4E23-9923-5B3F2F0A339E}.Debug|x64.Deploy.0 = Debug|x64
		{8C2C78A4-020E-4E23-9923-5B3F2F0A339E}.Debug|x86.ActiveCfg = Debug|x86
		{8C2C78A4-020E-4E23-9923-5B3F2F0A339E}.Debug|x86.Build.0 = Debug|x86
		{8C2C78A4-020E-4E23-9923-5B3F2F0A339E}.Debug|x86.Deploy.0 = Debug|x86
		{8C2C78A4-020E-4E23-9923-5B3F2F0A339E}.Release|Any CPU.ActiveCfg = Release|x86
		{8C2C78A4-020E-4E23-9923-5B3F2F0A339E}.Release|ARM.ActiveCfg = Release|ARM
		{8C2C78A4-020E-4E23-9923-5B3F2F0A339E}.Release|ARM.Build.0 = Release|ARM
		{8C2C78A4-020E-4E23-9923-5B3F2F0A339E}.Release|ARM.Deploy.0 = Release|ARM
		{8C2C78A4-020E-4E23-9923-5B3F2F0A339E}.Release|iPhone.ActiveCfg = Release|x86
		{8C2C78A4-020E-4E23-9923-5B3F2F0A339E}.Release|iPhoneSimulator.ActiveCfg = Release|x86
		{8C2C78A4-020E-4E23-9923-5B3F2F0A339E}.Release|x64.ActiveCfg = Release|x64
		{8C2C78A4-020E-4E23-9923-5B3F2F0A339E}.Release|x64.Build.0 = Release|x64
		{8C2C78A4-020E-4E23-9923-5B3F2F0A339E}.Release|x64.Deploy.0 = Release|x64
		{8C2C78A4-020E-4E23-9923-5B3F2F0A339E}.Release|x86.ActiveCfg = Release|x86
		{8C2C78A4-020E-4E23-9923-5B3F2F0A339E}.Release|x86.Build.0 = Release|x86
		{8C2C78A4-020E-4E23-9923-5B3F2F0A339E}.Release|x86.Deploy.0 = Release|x86
		{3F3D2FC2-16AB-4B75-AB9C-533AA8325C21}.Ad-Hoc|Any CPU.ActiveCfg = Release|Any CPU
		{3F3D2FC2-16AB-4B75-AB9C-533AA8325C21}.Ad-Hoc|Any CPU.Build.0 = Release|Any CPU
		{3F3D2FC2-16AB-4B75-AB9C-533AA8325C21}.Ad-Hoc|Any CPU.Deploy.0 = Release|Any CPU
		{3F3D2FC2-16AB-4B75-AB9C-533AA8325C21}.Ad-Hoc|ARM.ActiveCfg = Release|ARM
		{3F3D2FC2-16AB-4B75-AB9C-533AA8325C21}.Ad-Hoc|ARM.Build.0 = Release|ARM
		{3F3D2FC2-16AB-4B75-AB9C-533AA8325C21}.Ad-Hoc|ARM.Deploy.0 = Release|ARM
		{3F3D2FC2-16AB-4B75-AB9C-533AA8325C21}.Ad-Hoc|iPhone.ActiveCfg = Release|Any CPU
		{3F3D2FC2-16AB-4B75-AB9C-533AA8325C21}.Ad-Hoc|iPhone.Build.0 = Release|Any CPU
		{3F3D2FC2-16AB-4B75-AB9C-533AA8325C21}.Ad-Hoc|iPhone.Deploy.0 = Release|Any CPU
		{3F3D2FC2-16AB-4B75-AB9C-533AA8325C21}.Ad-Hoc|iPhoneSimulator.ActiveCfg = Release|Any CPU
		{3F3D2FC2-16AB-4B75-AB9C-533AA8325C21}.Ad-Hoc|iPhoneSimulator.Build.0 = Release|Any CPU
		{3F3D2FC2-16AB-4B75-AB9C-533AA8325C21}.Ad-Hoc|iPhoneSimulator.Deploy.0 = Release|Any CPU
		{3F3D2FC2-16AB-4B75-AB9C-533AA8325C21}.Ad-Hoc|x64.ActiveCfg = Release|Any CPU
		{3F3D2FC2-16AB-4B75-AB9C-533AA8325C21}.Ad-Hoc|x64.Build.0 = Release|Any CPU
		{3F3D2FC2-16AB-4B75-AB9C-533AA8325C21}.Ad-Hoc|x64.Deploy.0 = Release|Any CPU
		{3F3D2FC2-16AB-4B75-AB9C-533AA8325C21}.Ad-Hoc|x86.ActiveCfg = Release|x86
		{3F3D2FC2-16AB-4B75-AB9C-533AA8325C21}.Ad-Hoc|x86.Build.0 = Release|x86
		{3F3D2FC2-16AB-4B75-AB9C-533AA8325C21}.Ad-Hoc|x86.Deploy.0 = Release|x86
		{3F3D2FC2-16AB-4B75-AB9C-533AA8325C21}.AppStore|Any CPU.ActiveCfg = Release|Any CPU
		{3F3D2FC2-16AB-4B75-AB9C-533AA8325C21}.AppStore|Any CPU.Build.0 = Release|Any CPU
		{3F3D2FC2-16AB-4B75-AB9C-533AA8325C21}.AppStore|Any CPU.Deploy.0 = Release|Any CPU
		{3F3D2FC2-16AB-4B75-AB9C-533AA8325C21}.AppStore|ARM.ActiveCfg = Release|ARM
		{3F3D2FC2-16AB-4B75-AB9C-533AA8325C21}.AppStore|ARM.Build.0 = Release|ARM
		{3F3D2FC2-16AB-4B75-AB9C-533AA8325C21}.AppStore|ARM.Deploy.0 = Release|ARM
		{3F3D2FC2-16AB-4B75-AB9C-533AA8325C21}.AppStore|iPhone.ActiveCfg = Release|Any CPU
		{3F3D2FC2-16AB-4B75-AB9C-533AA8325C21}.AppStore|iPhone.Build.0 = Release|Any CPU
		{3F3D2FC2-16AB-4B75-AB9C-533AA8325C21}.AppStore|iPhone.Deploy.0 = Release|Any CPU
		{3F3D2FC2-16AB-4B75-AB9C-533AA8325C21}.AppStore|iPhoneSimulator.ActiveCfg = Release|Any CPU
		{3F3D2FC2-16AB-4B75-AB9C-533AA8325C21}.AppStore|iPhoneSimulator.Build.0 = Release|Any CPU
		{3F3D2FC2-16AB-4B75-AB9C-533AA8325C21}.AppStore|iPhoneSimulator.Deploy.0 = Release|Any CPU
		{3F3D2FC2-16AB-4B75-AB9C-533AA8325C21}.AppStore|x64.ActiveCfg = Release|Any CPU
		{3F3D2FC2-16AB-4B75-AB9C-533AA8325C21}.AppStore|x64.Build.0 = Release|Any CPU
		{3F3D2FC2-16AB-4B75-AB9C-533AA8325C21}.AppStore|x64.Deploy.0 = Release|Any CPU
		{3F3D2FC2-16AB-4B75-AB9C-533AA8325C21}.AppStore|x86.ActiveCfg = Release|x86
		{3F3D2FC2-16AB-4B75-AB9C-533AA8325C21}.AppStore|x86.Build.0 = Release|x86
		{3F3D2FC2-16AB-4B75-AB9C-533AA8325C21}.AppStore|x86.Deploy.0 = Release|x86
		{3F3D2FC2-16AB-4B75-AB9C-533AA8325C21}.Debug|Any CPU.ActiveCfg = Debug|Any CPU
		{3F3D2FC2-16AB-4B75-AB9C-533AA8325C21}.Debug|Any CPU.Build.0 = Debug|Any CPU
		{3F3D2FC2-16AB-4B75-AB9C-533AA8325C21}.Debug|Any CPU.Deploy.0 = Debug|Any CPU
		{3F3D2FC2-16AB-4B75-AB9C-533AA8325C21}.Debug|ARM.ActiveCfg = Debug|ARM
		{3F3D2FC2-16AB-4B75-AB9C-533AA8325C21}.Debug|ARM.Build.0 = Debug|ARM
		{3F3D2FC2-16AB-4B75-AB9C-533AA8325C21}.Debug|ARM.Deploy.0 = Debug|ARM
		{3F3D2FC2-16AB-4B75-AB9C-533AA8325C21}.Debug|iPhone.ActiveCfg = Debug|Any CPU
		{3F3D2FC2-16AB-4B75-AB9C-533AA8325C21}.Debug|iPhone.Build.0 = Debug|Any CPU
		{3F3D2FC2-16AB-4B75-AB9C-533AA8325C21}.Debug|iPhone.Deploy.0 = Debug|Any CPU
		{3F3D2FC2-16AB-4B75-AB9C-533AA8325C21}.Debug|iPhoneSimulator.ActiveCfg = Debug|Any CPU
		{3F3D2FC2-16AB-4B75-AB9C-533AA8325C21}.Debug|iPhoneSimulator.Build.0 = Debug|Any CPU
		{3F3D2FC2-16AB-4B75-AB9C-533AA8325C21}.Debug|iPhoneSimulator.Deploy.0 = Debug|Any CPU
		{3F3D2FC2-16AB-4B75-AB9C-533AA8325C21}.Debug|x64.ActiveCfg = Debug|Any CPU
		{3F3D2FC2-16AB-4B75-AB9C-533AA8325C21}.Debug|x64.Build.0 = Debug|Any CPU
		{3F3D2FC2-16AB-4B75-AB9C-533AA8325C21}.Debug|x64.Deploy.0 = Debug|Any CPU
		{3F3D2FC2-16AB-4B75-AB9C-533AA8325C21}.Debug|x86.ActiveCfg = Debug|x86
		{3F3D2FC2-16AB-4B75-AB9C-533AA8325C21}.Debug|x86.Build.0 = Debug|x86
		{3F3D2FC2-16AB-4B75-AB9C-533AA8325C21}.Debug|x86.Deploy.0 = Debug|x86
		{3F3D2FC2-16AB-4B75-AB9C-533AA8325C21}.Release|Any CPU.ActiveCfg = Release|Any CPU
		{3F3D2FC2-16AB-4B75-AB9C-533AA8325C21}.Release|Any CPU.Build.0 = Release|Any CPU
		{3F3D2FC2-16AB-4B75-AB9C-533AA8325C21}.Release|Any CPU.Deploy.0 = Release|Any CPU
		{3F3D2FC2-16AB-4B75-AB9C-533AA8325C21}.Release|ARM.ActiveCfg = Release|ARM
		{3F3D2FC2-16AB-4B75-AB9C-533AA8325C21}.Release|ARM.Build.0 = Release|ARM
		{3F3D2FC2-16AB-4B75-AB9C-533AA8325C21}.Release|ARM.Deploy.0 = Release|ARM
		{3F3D2FC2-16AB-4B75-AB9C-533AA8325C21}.Release|iPhone.ActiveCfg = Release|Any CPU
		{3F3D2FC2-16AB-4B75-AB9C-533AA8325C21}.Release|iPhone.Build.0 = Release|Any CPU
		{3F3D2FC2-16AB-4B75-AB9C-533AA8325C21}.Release|iPhone.Deploy.0 = Release|Any CPU
		{3F3D2FC2-16AB-4B75-AB9C-533AA8325C21}.Release|iPhoneSimulator.ActiveCfg = Release|Any CPU
		{3F3D2FC2-16AB-4B75-AB9C-533AA8325C21}.Release|iPhoneSimulator.Build.0 = Release|Any CPU
		{3F3D2FC2-16AB-4B75-AB9C-533AA8325C21}.Release|iPhoneSimulator.Deploy.0 = Release|Any CPU
		{3F3D2FC2-16AB-4B75-AB9C-533AA8325C21}.Release|x64.ActiveCfg = Release|Any CPU
		{3F3D2FC2-16AB-4B75-AB9C-533AA8325C21}.Release|x64.Build.0 = Release|Any CPU
		{3F3D2FC2-16AB-4B75-AB9C-533AA8325C21}.Release|x64.Deploy.0 = Release|Any CPU
		{3F3D2FC2-16AB-4B75-AB9C-533AA8325C21}.Release|x86.ActiveCfg = Release|x86
		{3F3D2FC2-16AB-4B75-AB9C-533AA8325C21}.Release|x86.Build.0 = Release|x86
		{3F3D2FC2-16AB-4B75-AB9C-533AA8325C21}.Release|x86.Deploy.0 = Release|x86
		{9C032924-F9ED-49ED-B422-87343860BDD0}.Ad-Hoc|Any CPU.ActiveCfg = Release|Any CPU
		{9C032924-F9ED-49ED-B422-87343860BDD0}.Ad-Hoc|Any CPU.Build.0 = Release|Any CPU
		{9C032924-F9ED-49ED-B422-87343860BDD0}.Ad-Hoc|Any CPU.Deploy.0 = Release|Any CPU
		{9C032924-F9ED-49ED-B422-87343860BDD0}.Ad-Hoc|ARM.ActiveCfg = Release|ARM
		{9C032924-F9ED-49ED-B422-87343860BDD0}.Ad-Hoc|ARM.Build.0 = Release|ARM
		{9C032924-F9ED-49ED-B422-87343860BDD0}.Ad-Hoc|ARM.Deploy.0 = Release|ARM
		{9C032924-F9ED-49ED-B422-87343860BDD0}.Ad-Hoc|iPhone.ActiveCfg = Release|Any CPU
		{9C032924-F9ED-49ED-B422-87343860BDD0}.Ad-Hoc|iPhone.Build.0 = Release|Any CPU
		{9C032924-F9ED-49ED-B422-87343860BDD0}.Ad-Hoc|iPhone.Deploy.0 = Release|Any CPU
		{9C032924-F9ED-49ED-B422-87343860BDD0}.Ad-Hoc|iPhoneSimulator.ActiveCfg = Release|Any CPU
		{9C032924-F9ED-49ED-B422-87343860BDD0}.Ad-Hoc|iPhoneSimulator.Build.0 = Release|Any CPU
		{9C032924-F9ED-49ED-B422-87343860BDD0}.Ad-Hoc|iPhoneSimulator.Deploy.0 = Release|Any CPU
		{9C032924-F9ED-49ED-B422-87343860BDD0}.Ad-Hoc|x64.ActiveCfg = Release|x64
		{9C032924-F9ED-49ED-B422-87343860BDD0}.Ad-Hoc|x64.Build.0 = Release|x64
		{9C032924-F9ED-49ED-B422-87343860BDD0}.Ad-Hoc|x64.Deploy.0 = Release|x64
		{9C032924-F9ED-49ED-B422-87343860BDD0}.Ad-Hoc|x86.ActiveCfg = Release|x86
		{9C032924-F9ED-49ED-B422-87343860BDD0}.Ad-Hoc|x86.Build.0 = Release|x86
		{9C032924-F9ED-49ED-B422-87343860BDD0}.Ad-Hoc|x86.Deploy.0 = Release|x86
		{9C032924-F9ED-49ED-B422-87343860BDD0}.AppStore|Any CPU.ActiveCfg = Release|Any CPU
		{9C032924-F9ED-49ED-B422-87343860BDD0}.AppStore|Any CPU.Build.0 = Release|Any CPU
		{9C032924-F9ED-49ED-B422-87343860BDD0}.AppStore|Any CPU.Deploy.0 = Release|Any CPU
		{9C032924-F9ED-49ED-B422-87343860BDD0}.AppStore|ARM.ActiveCfg = Release|ARM
		{9C032924-F9ED-49ED-B422-87343860BDD0}.AppStore|ARM.Build.0 = Release|ARM
		{9C032924-F9ED-49ED-B422-87343860BDD0}.AppStore|ARM.Deploy.0 = Release|ARM
		{9C032924-F9ED-49ED-B422-87343860BDD0}.AppStore|iPhone.ActiveCfg = Release|Any CPU
		{9C032924-F9ED-49ED-B422-87343860BDD0}.AppStore|iPhone.Build.0 = Release|Any CPU
		{9C032924-F9ED-49ED-B422-87343860BDD0}.AppStore|iPhone.Deploy.0 = Release|Any CPU
		{9C032924-F9ED-49ED-B422-87343860BDD0}.AppStore|iPhoneSimulator.ActiveCfg = Release|Any CPU
		{9C032924-F9ED-49ED-B422-87343860BDD0}.AppStore|iPhoneSimulator.Build.0 = Release|Any CPU
		{9C032924-F9ED-49ED-B422-87343860BDD0}.AppStore|iPhoneSimulator.Deploy.0 = Release|Any CPU
		{9C032924-F9ED-49ED-B422-87343860BDD0}.AppStore|x64.ActiveCfg = Release|x64
		{9C032924-F9ED-49ED-B422-87343860BDD0}.AppStore|x64.Build.0 = Release|x64
		{9C032924-F9ED-49ED-B422-87343860BDD0}.AppStore|x64.Deploy.0 = Release|x64
		{9C032924-F9ED-49ED-B422-87343860BDD0}.AppStore|x86.ActiveCfg = Release|x86
		{9C032924-F9ED-49ED-B422-87343860BDD0}.AppStore|x86.Build.0 = Release|x86
		{9C032924-F9ED-49ED-B422-87343860BDD0}.AppStore|x86.Deploy.0 = Release|x86
		{9C032924-F9ED-49ED-B422-87343860BDD0}.Debug|Any CPU.ActiveCfg = Debug|Any CPU
		{9C032924-F9ED-49ED-B422-87343860BDD0}.Debug|Any CPU.Build.0 = Debug|Any CPU
		{9C032924-F9ED-49ED-B422-87343860BDD0}.Debug|Any CPU.Deploy.0 = Debug|Any CPU
		{9C032924-F9ED-49ED-B422-87343860BDD0}.Debug|ARM.ActiveCfg = Debug|ARM
		{9C032924-F9ED-49ED-B422-87343860BDD0}.Debug|ARM.Build.0 = Debug|ARM
		{9C032924-F9ED-49ED-B422-87343860BDD0}.Debug|ARM.Deploy.0 = Debug|ARM
		{9C032924-F9ED-49ED-B422-87343860BDD0}.Debug|iPhone.ActiveCfg = Debug|Any CPU
		{9C032924-F9ED-49ED-B422-87343860BDD0}.Debug|iPhone.Build.0 = Debug|Any CPU
		{9C032924-F9ED-49ED-B422-87343860BDD0}.Debug|iPhone.Deploy.0 = Debug|Any CPU
		{9C032924-F9ED-49ED-B422-87343860BDD0}.Debug|iPhoneSimulator.ActiveCfg = Debug|Any CPU
		{9C032924-F9ED-49ED-B422-87343860BDD0}.Debug|iPhoneSimulator.Build.0 = Debug|Any CPU
		{9C032924-F9ED-49ED-B422-87343860BDD0}.Debug|iPhoneSimulator.Deploy.0 = Debug|Any CPU
		{9C032924-F9ED-49ED-B422-87343860BDD0}.Debug|x64.ActiveCfg = Debug|x64
		{9C032924-F9ED-49ED-B422-87343860BDD0}.Debug|x64.Build.0 = Debug|x64
		{9C032924-F9ED-49ED-B422-87343860BDD0}.Debug|x64.Deploy.0 = Debug|x64
		{9C032924-F9ED-49ED-B422-87343860BDD0}.Debug|x86.ActiveCfg = Debug|x86
		{9C032924-F9ED-49ED-B422-87343860BDD0}.Debug|x86.Build.0 = Debug|x86
		{9C032924-F9ED-49ED-B422-87343860BDD0}.Debug|x86.Deploy.0 = Debug|x86
		{9C032924-F9ED-49ED-B422-87343860BDD0}.Release|Any CPU.ActiveCfg = Release|Any CPU
		{9C032924-F9ED-49ED-B422-87343860BDD0}.Release|Any CPU.Build.0 = Release|Any CPU
		{9C032924-F9ED-49ED-B422-87343860BDD0}.Release|Any CPU.Deploy.0 = Release|Any CPU
		{9C032924-F9ED-49ED-B422-87343860BDD0}.Release|ARM.ActiveCfg = Release|ARM
		{9C032924-F9ED-49ED-B422-87343860BDD0}.Release|ARM.Build.0 = Release|ARM
		{9C032924-F9ED-49ED-B422-87343860BDD0}.Release|ARM.Deploy.0 = Release|ARM
		{9C032924-F9ED-49ED-B422-87343860BDD0}.Release|iPhone.ActiveCfg = Release|Any CPU
		{9C032924-F9ED-49ED-B422-87343860BDD0}.Release|iPhone.Build.0 = Release|Any CPU
		{9C032924-F9ED-49ED-B422-87343860BDD0}.Release|iPhone.Deploy.0 = Release|Any CPU
		{9C032924-F9ED-49ED-B422-87343860BDD0}.Release|iPhoneSimulator.ActiveCfg = Release|Any CPU
		{9C032924-F9ED-49ED-B422-87343860BDD0}.Release|iPhoneSimulator.Build.0 = Release|Any CPU
		{9C032924-F9ED-49ED-B422-87343860BDD0}.Release|iPhoneSimulator.Deploy.0 = Release|Any CPU
		{9C032924-F9ED-49ED-B422-87343860BDD0}.Release|x64.ActiveCfg = Release|x64
		{9C032924-F9ED-49ED-B422-87343860BDD0}.Release|x64.Build.0 = Release|x64
		{9C032924-F9ED-49ED-B422-87343860BDD0}.Release|x64.Deploy.0 = Release|x64
		{9C032924-F9ED-49ED-B422-87343860BDD0}.Release|x86.ActiveCfg = Release|x86
		{9C032924-F9ED-49ED-B422-87343860BDD0}.Release|x86.Build.0 = Release|x86
		{9C032924-F9ED-49ED-B422-87343860BDD0}.Release|x86.Deploy.0 = Release|x86
	EndGlobalSection
	GlobalSection(SolutionProperties) = preSolution
		HideSolutionNode = FALSE
	EndGlobalSection
EndGlobal
