
Microsoft Visual Studio Solution File, Format Version 12.00
# Visual Studio 14
VisualStudioVersion = 14.0.25420.1
MinimumVisualStudioVersion = 10.0.40219.1
Project("{FAE04EC0-301F-11D3-BF4B-00C04F79EFBC}") = "NavigationService", "NavigationService\NavigationService\NavigationService.csproj", "{BAB0963C-A9FD-457D-8484-808AEAC0392C}"
EndProject
Project("{FAE04EC0-301F-11D3-BF4B-00C04F79EFBC}") = "NavigationService.Droid", "NavigationService\NavigationService.Droid\NavigationService.Droid.csproj", "{1AE859AA-1271-4D5E-B80C-37C4A284A03D}"
EndProject
Project("{FAE04EC0-301F-11D3-BF4B-00C04F79EFBC}") = "NavigationService.iOS", "NavigationService\NavigationService.iOS\NavigationService.iOS.csproj", "{D4E831D6-A058-4D81-A509-FBDEA59D0B27}"
EndProject
Project("{FAE04EC0-301F-11D3-BF4B-00C04F79EFBC}") = "NavigationService.UWP", "NavigationService\NavigationService.UWP\NavigationService.UWP.csproj", "{806C84B3-1EF3-4BD3-8AF5-A157DFFAA53A}"
EndProject
Global
	GlobalSection(SolutionConfigurationPlatforms) = preSolution
		Ad-Hoc|Any CPU = Ad-Hoc|Any CPU
		Ad-Hoc|ARM = Ad-Hoc|ARM
		Ad-Hoc|iPhone = Ad-Hoc|iPhone
		Ad-Hoc|iPhoneSimulator = Ad-Hoc|iPhoneSimulator
		Ad-Hoc|x64 = Ad-Hoc|x64
		Ad-Hoc|x86 = Ad-Hoc|x86
		AppStore|Any CPU = AppStore|Any CPU
		AppStore|ARM = AppStore|ARM
		AppStore|iPhone = AppStore|iPhone
		AppStore|iPhoneSimulator = AppStore|iPhoneSimulator
		AppStore|x64 = AppStore|x64
		AppStore|x86 = AppStore|x86
		Debug|Any CPU = Debug|Any CPU
		Debug|ARM = Debug|ARM
		Debug|iPhone = Debug|iPhone
		Debug|iPhoneSimulator = Debug|iPhoneSimulator
		Debug|x64 = Debug|x64
		Debug|x86 = Debug|x86
		Release|Any CPU = Release|Any CPU
		Release|ARM = Release|ARM
		Release|iPhone = Release|iPhone
		Release|iPhoneSimulator = Release|iPhoneSimulator
		Release|x64 = Release|x64
		Release|x86 = Release|x86
	EndGlobalSection
	GlobalSection(ProjectConfigurationPlatforms) = postSolution
		{BAB0963C-A9FD-457D-8484-808AEAC0392C}.Ad-Hoc|Any CPU.ActiveCfg = Release|Any CPU
		{BAB0963C-A9FD-457D-8484-808AEAC0392C}.Ad-Hoc|Any CPU.Build.0 = Release|Any CPU
		{BAB0963C-A9FD-457D-8484-808AEAC0392C}.Ad-Hoc|ARM.ActiveCfg = Release|Any CPU
		{BAB0963C-A9FD-457D-8484-808AEAC0392C}.Ad-Hoc|ARM.Build.0 = Release|Any CPU
		{BAB0963C-A9FD-457D-8484-808AEAC0392C}.Ad-Hoc|iPhone.ActiveCfg = Release|Any CPU
		{BAB0963C-A9FD-457D-8484-808AEAC0392C}.Ad-Hoc|iPhone.Build.0 = Release|Any CPU
		{BAB0963C-A9FD-457D-8484-808AEAC0392C}.Ad-Hoc|iPhoneSimulator.ActiveCfg = Release|Any CPU
		{BAB0963C-A9FD-457D-8484-808AEAC0392C}.Ad-Hoc|iPhoneSimulator.Build.0 = Release|Any CPU
		{BAB0963C-A9FD-457D-8484-808AEAC0392C}.Ad-Hoc|x64.ActiveCfg = Release|Any CPU
		{BAB0963C-A9FD-457D-8484-808AEAC0392C}.Ad-Hoc|x64.Build.0 = Release|Any CPU
		{BAB0963C-A9FD-457D-8484-808AEAC0392C}.Ad-Hoc|x86.ActiveCfg = Release|Any CPU
		{BAB0963C-A9FD-457D-8484-808AEAC0392C}.Ad-Hoc|x86.Build.0 = Release|Any CPU
		{BAB0963C-A9FD-457D-8484-808AEAC0392C}.AppStore|Any CPU.ActiveCfg = Release|Any CPU
		{BAB0963C-A9FD-457D-8484-808AEAC0392C}.AppStore|Any CPU.Build.0 = Release|Any CPU
		{BAB0963C-A9FD-457D-8484-808AEAC0392C}.AppStore|ARM.ActiveCfg = Release|Any CPU
		{BAB0963C-A9FD-457D-8484-808AEAC0392C}.AppStore|ARM.Build.0 = Release|Any CPU
		{BAB0963C-A9FD-457D-8484-808AEAC0392C}.AppStore|iPhone.ActiveCfg = Release|Any CPU
		{BAB0963C-A9FD-457D-8484-808AEAC0392C}.AppStore|iPhone.Build.0 = Release|Any CPU
		{BAB0963C-A9FD-457D-8484-808AEAC0392C}.AppStore|iPhoneSimulator.ActiveCfg = Release|Any CPU
		{BAB0963C-A9FD-457D-8484-808AEAC0392C}.AppStore|iPhoneSimulator.Build.0 = Release|Any CPU
		{BAB0963C-A9FD-457D-8484-808AEAC0392C}.AppStore|x64.ActiveCfg = Release|Any CPU
		{BAB0963C-A9FD-457D-8484-808AEAC0392C}.AppStore|x64.Build.0 = Release|Any CPU
		{BAB0963C-A9FD-457D-8484-808AEAC0392C}.AppStore|x86.ActiveCfg = Release|Any CPU
		{BAB0963C-A9FD-457D-8484-808AEAC0392C}.AppStore|x86.Build.0 = Release|Any CPU
		{BAB0963C-A9FD-457D-8484-808AEAC0392C}.Debug|Any CPU.ActiveCfg = Debug|Any CPU
		{BAB0963C-A9FD-457D-8484-808AEAC0392C}.Debug|Any CPU.Build.0 = Debug|Any CPU
		{BAB0963C-A9FD-457D-8484-808AEAC0392C}.Debug|ARM.ActiveCfg = Debug|Any CPU
		{BAB0963C-A9FD-457D-8484-808AEAC0392C}.Debug|ARM.Build.0 = Debug|Any CPU
		{BAB0963C-A9FD-457D-8484-808AEAC0392C}.Debug|iPhone.ActiveCfg = Debug|Any CPU
		{BAB0963C-A9FD-457D-8484-808AEAC0392C}.Debug|iPhone.Build.0 = Debug|Any CPU
		{BAB0963C-A9FD-457D-8484-808AEAC0392C}.Debug|iPhoneSimulator.ActiveCfg = Debug|Any CPU
		{BAB0963C-A9FD-457D-8484-808AEAC0392C}.Debug|iPhoneSimulator.Build.0 = Debug|Any CPU
		{BAB0963C-A9FD-457D-8484-808AEAC0392C}.Debug|x64.ActiveCfg = Debug|Any CPU
		{BAB0963C-A9FD-457D-8484-808AEAC0392C}.Debug|x64.Build.0 = Debug|Any CPU
		{BAB0963C-A9FD-457D-8484-808AEAC0392C}.Debug|x86.ActiveCfg = Debug|Any CPU
		{BAB0963C-A9FD-457D-8484-808AEAC0392C}.Debug|x86.Build.0 = Debug|Any CPU
		{BAB0963C-A9FD-457D-8484-808AEAC0392C}.Release|Any CPU.ActiveCfg = Release|Any CPU
		{BAB0963C-A9FD-457D-8484-808AEAC0392C}.Release|Any CPU.Build.0 = Release|Any CPU
		{BAB0963C-A9FD-457D-8484-808AEAC0392C}.Release|ARM.ActiveCfg = Release|Any CPU
		{BAB0963C-A9FD-457D-8484-808AEAC0392C}.Release|ARM.Build.0 = Release|Any CPU
		{BAB0963C-A9FD-457D-8484-808AEAC0392C}.Release|iPhone.ActiveCfg = Release|Any CPU
		{BAB0963C-A9FD-457D-8484-808AEAC0392C}.Release|iPhone.Build.0 = Release|Any CPU
		{BAB0963C-A9FD-457D-8484-808AEAC0392C}.Release|iPhoneSimulator.ActiveCfg = Release|Any CPU
		{BAB0963C-A9FD-457D-8484-808AEAC0392C}.Release|iPhoneSimulator.Build.0 = Release|Any CPU
		{BAB0963C-A9FD-457D-8484-808AEAC0392C}.Release|x64.ActiveCfg = Release|Any CPU
		{BAB0963C-A9FD-457D-8484-808AEAC0392C}.Release|x64.Build.0 = Release|Any CPU
		{BAB0963C-A9FD-457D-8484-808AEAC0392C}.Release|x86.ActiveCfg = Release|Any CPU
		{BAB0963C-A9FD-457D-8484-808AEAC0392C}.Release|x86.Build.0 = Release|Any CPU
		{1AE859AA-1271-4D5E-B80C-37C4A284A03D}.Ad-Hoc|Any CPU.ActiveCfg = Release|Any CPU
		{1AE859AA-1271-4D5E-B80C-37C4A284A03D}.Ad-Hoc|Any CPU.Build.0 = Release|Any CPU
		{1AE859AA-1271-4D5E-B80C-37C4A284A03D}.Ad-Hoc|Any CPU.Deploy.0 = Release|Any CPU
		{1AE859AA-1271-4D5E-B80C-37C4A284A03D}.Ad-Hoc|ARM.ActiveCfg = Release|Any CPU
		{1AE859AA-1271-4D5E-B80C-37C4A284A03D}.Ad-Hoc|ARM.Build.0 = Release|Any CPU
		{1AE859AA-1271-4D5E-B80C-37C4A284A03D}.Ad-Hoc|ARM.Deploy.0 = Release|Any CPU
		{1AE859AA-1271-4D5E-B80C-37C4A284A03D}.Ad-Hoc|iPhone.ActiveCfg = Release|Any CPU
		{1AE859AA-1271-4D5E-B80C-37C4A284A03D}.Ad-Hoc|iPhone.Build.0 = Release|Any CPU
		{1AE859AA-1271-4D5E-B80C-37C4A284A03D}.Ad-Hoc|iPhone.Deploy.0 = Release|Any CPU
		{1AE859AA-1271-4D5E-B80C-37C4A284A03D}.Ad-Hoc|iPhoneSimulator.ActiveCfg = Release|Any CPU
		{1AE859AA-1271-4D5E-B80C-37C4A284A03D}.Ad-Hoc|iPhoneSimulator.Build.0 = Release|Any CPU
		{1AE859AA-1271-4D5E-B80C-37C4A284A03D}.Ad-Hoc|iPhoneSimulator.Deploy.0 = Release|Any CPU
		{1AE859AA-1271-4D5E-B80C-37C4A284A03D}.Ad-Hoc|x64.ActiveCfg = Release|Any CPU
		{1AE859AA-1271-4D5E-B80C-37C4A284A03D}.Ad-Hoc|x64.Build.0 = Release|Any CPU
		{1AE859AA-1271-4D5E-B80C-37C4A284A03D}.Ad-Hoc|x64.Deploy.0 = Release|Any CPU
		{1AE859AA-1271-4D5E-B80C-37C4A284A03D}.Ad-Hoc|x86.ActiveCfg = Release|Any CPU
		{1AE859AA-1271-4D5E-B80C-37C4A284A03D}.Ad-Hoc|x86.Build.0 = Release|Any CPU
		{1AE859AA-1271-4D5E-B80C-37C4A284A03D}.Ad-Hoc|x86.Deploy.0 = Release|Any CPU
		{1AE859AA-1271-4D5E-B80C-37C4A284A03D}.AppStore|Any CPU.ActiveCfg = Release|Any CPU
		{1AE859AA-1271-4D5E-B80C-37C4A284A03D}.AppStore|Any CPU.Build.0 = Release|Any CPU
		{1AE859AA-1271-4D5E-B80C-37C4A284A03D}.AppStore|Any CPU.Deploy.0 = Release|Any CPU
		{1AE859AA-1271-4D5E-B80C-37C4A284A03D}.AppStore|ARM.ActiveCfg = Release|Any CPU
		{1AE859AA-1271-4D5E-B80C-37C4A284A03D}.AppStore|ARM.Build.0 = Release|Any CPU
		{1AE859AA-1271-4D5E-B80C-37C4A284A03D}.AppStore|ARM.Deploy.0 = Release|Any CPU
		{1AE859AA-1271-4D5E-B80C-37C4A284A03D}.AppStore|iPhone.ActiveCfg = Release|Any CPU
		{1AE859AA-1271-4D5E-B80C-37C4A284A03D}.AppStore|iPhone.Build.0 = Release|Any CPU
		{1AE859AA-1271-4D5E-B80C-37C4A284A03D}.AppStore|iPhone.Deploy.0 = Release|Any CPU
		{1AE859AA-1271-4D5E-B80C-37C4A284A03D}.AppStore|iPhoneSimulator.ActiveCfg = Release|Any CPU
		{1AE859AA-1271-4D5E-B80C-37C4A284A03D}.AppStore|iPhoneSimulator.Build.0 = Release|Any CPU
		{1AE859AA-1271-4D5E-B80C-37C4A284A03D}.AppStore|iPhoneSimulator.Deploy.0 = Release|Any CPU
		{1AE859AA-1271-4D5E-B80C-37C4A284A03D}.AppStore|x64.ActiveCfg = Release|Any CPU
		{1AE859AA-1271-4D5E-B80C-37C4A284A03D}.AppStore|x64.Build.0 = Release|Any CPU
		{1AE859AA-1271-4D5E-B80C-37C4A284A03D}.AppStore|x64.Deploy.0 = Release|Any CPU
		{1AE859AA-1271-4D5E-B80C-37C4A284A03D}.AppStore|x86.ActiveCfg = Release|Any CPU
		{1AE859AA-1271-4D5E-B80C-37C4A284A03D}.AppStore|x86.Build.0 = Release|Any CPU
		{1AE859AA-1271-4D5E-B80C-37C4A284A03D}.AppStore|x86.Deploy.0 = Release|Any CPU
		{1AE859AA-1271-4D5E-B80C-37C4A284A03D}.Debug|Any CPU.ActiveCfg = Debug|Any CPU
		{1AE859AA-1271-4D5E-B80C-37C4A284A03D}.Debug|Any CPU.Build.0 = Debug|Any CPU
		{1AE859AA-1271-4D5E-B80C-37C4A284A03D}.Debug|Any CPU.Deploy.0 = Debug|Any CPU
		{1AE859AA-1271-4D5E-B80C-37C4A284A03D}.Debug|ARM.ActiveCfg = Debug|Any CPU
		{1AE859AA-1271-4D5E-B80C-37C4A284A03D}.Debug|ARM.Build.0 = Debug|Any CPU
		{1AE859AA-1271-4D5E-B80C-37C4A284A03D}.Debug|ARM.Deploy.0 = Debug|Any CPU
		{1AE859AA-1271-4D5E-B80C-37C4A284A03D}.Debug|iPhone.ActiveCfg = Debug|Any CPU
		{1AE859AA-1271-4D5E-B80C-37C4A284A03D}.Debug|iPhone.Build.0 = Debug|Any CPU
		{1AE859AA-1271-4D5E-B80C-37C4A284A03D}.Debug|iPhone.Deploy.0 = Debug|Any CPU
		{1AE859AA-1271-4D5E-B80C-37C4A284A03D}.Debug|iPhoneSimulator.ActiveCfg = Debug|Any CPU
		{1AE859AA-1271-4D5E-B80C-37C4A284A03D}.Debug|iPhoneSimulator.Build.0 = Debug|Any CPU
		{1AE859AA-1271-4D5E-B80C-37C4A284A03D}.Debug|iPhoneSimulator.Deploy.0 = Debug|Any CPU
		{1AE859AA-1271-4D5E-B80C-37C4A284A03D}.Debug|x64.ActiveCfg = Debug|Any CPU
		{1AE859AA-1271-4D5E-B80C-37C4A284A03D}.Debug|x64.Build.0 = Debug|Any CPU
		{1AE859AA-1271-4D5E-B80C-37C4A284A03D}.Debug|x64.Deploy.0 = Debug|Any CPU
		{1AE859AA-1271-4D5E-B80C-37C4A284A03D}.Debug|x86.ActiveCfg = Debug|Any CPU
		{1AE859AA-1271-4D5E-B80C-37C4A284A03D}.Debug|x86.Build.0 = Debug|Any CPU
		{1AE859AA-1271-4D5E-B80C-37C4A284A03D}.Debug|x86.Deploy.0 = Debug|Any CPU
		{1AE859AA-1271-4D5E-B80C-37C4A284A03D}.Release|Any CPU.ActiveCfg = Release|Any CPU
		{1AE859AA-1271-4D5E-B80C-37C4A284A03D}.Release|Any CPU.Build.0 = Release|Any CPU
		{1AE859AA-1271-4D5E-B80C-37C4A284A03D}.Release|Any CPU.Deploy.0 = Release|Any CPU
		{1AE859AA-1271-4D5E-B80C-37C4A284A03D}.Release|ARM.ActiveCfg = Release|Any CPU
		{1AE859AA-1271-4D5E-B80C-37C4A284A03D}.Release|ARM.Build.0 = Release|Any CPU
		{1AE859AA-1271-4D5E-B80C-37C4A284A03D}.Release|ARM.Deploy.0 = Release|Any CPU
		{1AE859AA-1271-4D5E-B80C-37C4A284A03D}.Release|iPhone.ActiveCfg = Release|Any CPU
		{1AE859AA-1271-4D5E-B80C-37C4A284A03D}.Release|iPhone.Build.0 = Release|Any CPU
		{1AE859AA-1271-4D5E-B80C-37C4A284A03D}.Release|iPhone.Deploy.0 = Release|Any CPU
		{1AE859AA-1271-4D5E-B80C-37C4A284A03D}.Release|iPhoneSimulator.ActiveCfg = Release|Any CPU
		{1AE859AA-1271-4D5E-B80C-37C4A284A03D}.Release|iPhoneSimulator.Build.0 = Release|Any CPU
		{1AE859AA-1271-4D5E-B80C-37C4A284A03D}.Release|iPhoneSimulator.Deploy.0 = Release|Any CPU
		{1AE859AA-1271-4D5E-B80C-37C4A284A03D}.Release|x64.ActiveCfg = Release|Any CPU
		{1AE859AA-1271-4D5E-B80C-37C4A284A03D}.Release|x64.Build.0 = Release|Any CPU
		{1AE859AA-1271-4D5E-B80C-37C4A284A03D}.Release|x64.Deploy.0 = Release|Any CPU
		{1AE859AA-1271-4D5E-B80C-37C4A284A03D}.Release|x86.ActiveCfg = Release|Any CPU
		{1AE859AA-1271-4D5E-B80C-37C4A284A03D}.Release|x86.Build.0 = Release|Any CPU
		{1AE859AA-1271-4D5E-B80C-37C4A284A03D}.Release|x86.Deploy.0 = Release|Any CPU
		{D4E831D6-A058-4D81-A509-FBDEA59D0B27}.Ad-Hoc|Any CPU.ActiveCfg = Ad-Hoc|iPhone
		{D4E831D6-A058-4D81-A509-FBDEA59D0B27}.Ad-Hoc|ARM.ActiveCfg = Ad-Hoc|iPhone
		{D4E831D6-A058-4D81-A509-FBDEA59D0B27}.Ad-Hoc|iPhone.ActiveCfg = Ad-Hoc|iPhone
		{D4E831D6-A058-4D81-A509-FBDEA59D0B27}.Ad-Hoc|iPhone.Build.0 = Ad-Hoc|iPhone
		{D4E831D6-A058-4D81-A509-FBDEA59D0B27}.Ad-Hoc|iPhoneSimulator.ActiveCfg = Ad-Hoc|iPhoneSimulator
		{D4E831D6-A058-4D81-A509-FBDEA59D0B27}.Ad-Hoc|iPhoneSimulator.Build.0 = Ad-Hoc|iPhoneSimulator
		{D4E831D6-A058-4D81-A509-FBDEA59D0B27}.Ad-Hoc|x64.ActiveCfg = Ad-Hoc|iPhone
		{D4E831D6-A058-4D81-A509-FBDEA59D0B27}.Ad-Hoc|x86.ActiveCfg = Ad-Hoc|iPhone
		{D4E831D6-A058-4D81-A509-FBDEA59D0B27}.AppStore|Any CPU.ActiveCfg = AppStore|iPhone
		{D4E831D6-A058-4D81-A509-FBDEA59D0B27}.AppStore|ARM.ActiveCfg = AppStore|iPhone
		{D4E831D6-A058-4D81-A509-FBDEA59D0B27}.AppStore|iPhone.ActiveCfg = AppStore|iPhone
		{D4E831D6-A058-4D81-A509-FBDEA59D0B27}.AppStore|iPhone.Build.0 = AppStore|iPhone
		{D4E831D6-A058-4D81-A509-FBDEA59D0B27}.AppStore|iPhoneSimulator.ActiveCfg = AppStore|iPhoneSimulator
		{D4E831D6-A058-4D81-A509-FBDEA59D0B27}.AppStore|iPhoneSimulator.Build.0 = AppStore|iPhoneSimulator
		{D4E831D6-A058-4D81-A509-FBDEA59D0B27}.AppStore|x64.ActiveCfg = AppStore|iPhone
		{D4E831D6-A058-4D81-A509-FBDEA59D0B27}.AppStore|x86.ActiveCfg = AppStore|iPhone
		{D4E831D6-A058-4D81-A509-FBDEA59D0B27}.Debug|Any CPU.ActiveCfg = Debug|iPhone
		{D4E831D6-A058-4D81-A509-FBDEA59D0B27}.Debug|ARM.ActiveCfg = Debug|iPhone
		{D4E831D6-A058-4D81-A509-FBDEA59D0B27}.Debug|iPhone.ActiveCfg = Debug|iPhone
		{D4E831D6-A058-4D81-A509-FBDEA59D0B27}.Debug|iPhone.Build.0 = Debug|iPhone
		{D4E831D6-A058-4D81-A509-FBDEA59D0B27}.Debug|iPhoneSimulator.ActiveCfg = Debug|iPhoneSimulator
		{D4E831D6-A058-4D81-A509-FBDEA59D0B27}.Debug|iPhoneSimulator.Build.0 = Debug|iPhoneSimulator
		{D4E831D6-A058-4D81-A509-FBDEA59D0B27}.Debug|x64.ActiveCfg = Debug|iPhone
		{D4E831D6-A058-4D81-A509-FBDEA59D0B27}.Debug|x86.ActiveCfg = Debug|iPhone
		{D4E831D6-A058-4D81-A509-FBDEA59D0B27}.Release|Any CPU.ActiveCfg = Release|iPhone
		{D4E831D6-A058-4D81-A509-FBDEA59D0B27}.Release|ARM.ActiveCfg = Release|iPhone
		{D4E831D6-A058-4D81-A509-FBDEA59D0B27}.Release|iPhone.ActiveCfg = Release|iPhone
		{D4E831D6-A058-4D81-A509-FBDEA59D0B27}.Release|iPhone.Build.0 = Release|iPhone
		{D4E831D6-A058-4D81-A509-FBDEA59D0B27}.Release|iPhoneSimulator.ActiveCfg = Release|iPhoneSimulator
		{D4E831D6-A058-4D81-A509-FBDEA59D0B27}.Release|iPhoneSimulator.Build.0 = Release|iPhoneSimulator
		{D4E831D6-A058-4D81-A509-FBDEA59D0B27}.Release|x64.ActiveCfg = Release|iPhone
		{D4E831D6-A058-4D81-A509-FBDEA59D0B27}.Release|x86.ActiveCfg = Release|iPhone
		{806C84B3-1EF3-4BD3-8AF5-A157DFFAA53A}.Ad-Hoc|Any CPU.ActiveCfg = Release|x86
		{806C84B3-1EF3-4BD3-8AF5-A157DFFAA53A}.Ad-Hoc|Any CPU.Build.0 = Release|x86
		{806C84B3-1EF3-4BD3-8AF5-A157DFFAA53A}.Ad-Hoc|Any CPU.Deploy.0 = Release|x86
		{806C84B3-1EF3-4BD3-8AF5-A157DFFAA53A}.Ad-Hoc|ARM.ActiveCfg = Release|ARM
		{806C84B3-1EF3-4BD3-8AF5-A157DFFAA53A}.Ad-Hoc|ARM.Build.0 = Release|ARM
		{806C84B3-1EF3-4BD3-8AF5-A157DFFAA53A}.Ad-Hoc|ARM.Deploy.0 = Release|ARM
		{806C84B3-1EF3-4BD3-8AF5-A157DFFAA53A}.Ad-Hoc|iPhone.ActiveCfg = Release|x86
		{806C84B3-1EF3-4BD3-8AF5-A157DFFAA53A}.Ad-Hoc|iPhone.Build.0 = Release|x86
		{806C84B3-1EF3-4BD3-8AF5-A157DFFAA53A}.Ad-Hoc|iPhone.Deploy.0 = Release|x86
		{806C84B3-1EF3-4BD3-8AF5-A157DFFAA53A}.Ad-Hoc|iPhoneSimulator.ActiveCfg = Release|x86
		{806C84B3-1EF3-4BD3-8AF5-A157DFFAA53A}.Ad-Hoc|iPhoneSimulator.Build.0 = Release|x86
		{806C84B3-1EF3-4BD3-8AF5-A157DFFAA53A}.Ad-Hoc|iPhoneSimulator.Deploy.0 = Release|x86
		{806C84B3-1EF3-4BD3-8AF5-A157DFFAA53A}.Ad-Hoc|x64.ActiveCfg = Release|x64
		{806C84B3-1EF3-4BD3-8AF5-A157DFFAA53A}.Ad-Hoc|x64.Build.0 = Release|x64
		{806C84B3-1EF3-4BD3-8AF5-A157DFFAA53A}.Ad-Hoc|x64.Deploy.0 = Release|x64
		{806C84B3-1EF3-4BD3-8AF5-A157DFFAA53A}.Ad-Hoc|x86.ActiveCfg = Release|x86
		{806C84B3-1EF3-4BD3-8AF5-A157DFFAA53A}.Ad-Hoc|x86.Build.0 = Release|x86
		{806C84B3-1EF3-4BD3-8AF5-A157DFFAA53A}.Ad-Hoc|x86.Deploy.0 = Release|x86
		{806C84B3-1EF3-4BD3-8AF5-A157DFFAA53A}.AppStore|Any CPU.ActiveCfg = Release|x86
		{806C84B3-1EF3-4BD3-8AF5-A157DFFAA53A}.AppStore|Any CPU.Build.0 = Release|x86
		{806C84B3-1EF3-4BD3-8AF5-A157DFFAA53A}.AppStore|Any CPU.Deploy.0 = Release|x86
		{806C84B3-1EF3-4BD3-8AF5-A157DFFAA53A}.AppStore|ARM.ActiveCfg = Release|ARM
		{806C84B3-1EF3-4BD3-8AF5-A157DFFAA53A}.AppStore|ARM.Build.0 = Release|ARM
		{806C84B3-1EF3-4BD3-8AF5-A157DFFAA53A}.AppStore|ARM.Deploy.0 = Release|ARM
		{806C84B3-1EF3-4BD3-8AF5-A157DFFAA53A}.AppStore|iPhone.ActiveCfg = Release|x86
		{806C84B3-1EF3-4BD3-8AF5-A157DFFAA53A}.AppStore|iPhone.Build.0 = Release|x86
		{806C84B3-1EF3-4BD3-8AF5-A157DFFAA53A}.AppStore|iPhone.Deploy.0 = Release|x86
		{806C84B3-1EF3-4BD3-8AF5-A157DFFAA53A}.AppStore|iPhoneSimulator.ActiveCfg = Release|x86
		{806C84B3-1EF3-4BD3-8AF5-A157DFFAA53A}.AppStore|iPhoneSimulator.Build.0 = Release|x86
		{806C84B3-1EF3-4BD3-8AF5-A157DFFAA53A}.AppStore|iPhoneSimulator.Deploy.0 = Release|x86
		{806C84B3-1EF3-4BD3-8AF5-A157DFFAA53A}.AppStore|x64.ActiveCfg = Release|x64
		{806C84B3-1EF3-4BD3-8AF5-A157DFFAA53A}.AppStore|x64.Build.0 = Release|x64
		{806C84B3-1EF3-4BD3-8AF5-A157DFFAA53A}.AppStore|x64.Deploy.0 = Release|x64
		{806C84B3-1EF3-4BD3-8AF5-A157DFFAA53A}.AppStore|x86.ActiveCfg = Release|x86
		{806C84B3-1EF3-4BD3-8AF5-A157DFFAA53A}.AppStore|x86.Build.0 = Release|x86
		{806C84B3-1EF3-4BD3-8AF5-A157DFFAA53A}.AppStore|x86.Deploy.0 = Release|x86
		{806C84B3-1EF3-4BD3-8AF5-A157DFFAA53A}.Debug|Any CPU.ActiveCfg = Debug|x86
		{806C84B3-1EF3-4BD3-8AF5-A157DFFAA53A}.Debug|ARM.ActiveCfg = Debug|ARM
		{806C84B3-1EF3-4BD3-8AF5-A157DFFAA53A}.Debug|ARM.Build.0 = Debug|ARM
		{806C84B3-1EF3-4BD3-8AF5-A157DFFAA53A}.Debug|ARM.Deploy.0 = Debug|ARM
		{806C84B3-1EF3-4BD3-8AF5-A157DFFAA53A}.Debug|iPhone.ActiveCfg = Debug|x86
		{806C84B3-1EF3-4BD3-8AF5-A157DFFAA53A}.Debug|iPhoneSimulator.ActiveCfg = Debug|x86
		{806C84B3-1EF3-4BD3-8AF5-A157DFFAA53A}.Debug|x64.ActiveCfg = Debug|x64
		{806C84B3-1EF3-4BD3-8AF5-A157DFFAA53A}.Debug|x64.Build.0 = Debug|x64
		{806C84B3-1EF3-4BD3-8AF5-A157DFFAA53A}.Debug|x64.Deploy.0 = Debug|x64
		{806C84B3-1EF3-4BD3-8AF5-A157DFFAA53A}.Debug|x86.ActiveCfg = Debug|x86
		{806C84B3-1EF3-4BD3-8AF5-A157DFFAA53A}.Debug|x86.Build.0 = Debug|x86
		{806C84B3-1EF3-4BD3-8AF5-A157DFFAA53A}.Debug|x86.Deploy.0 = Debug|x86
		{806C84B3-1EF3-4BD3-8AF5-A157DFFAA53A}.Release|Any CPU.ActiveCfg = Release|x86
		{806C84B3-1EF3-4BD3-8AF5-A157DFFAA53A}.Release|ARM.ActiveCfg = Release|ARM
		{806C84B3-1EF3-4BD3-8AF5-A157DFFAA53A}.Release|ARM.Build.0 = Release|ARM
		{806C84B3-1EF3-4BD3-8AF5-A157DFFAA53A}.Release|ARM.Deploy.0 = Release|ARM
		{806C84B3-1EF3-4BD3-8AF5-A157DFFAA53A}.Release|iPhone.ActiveCfg = Release|x86
		{806C84B3-1EF3-4BD3-8AF5-A157DFFAA53A}.Release|iPhoneSimulator.ActiveCfg = Release|x86
		{806C84B3-1EF3-4BD3-8AF5-A157DFFAA53A}.Release|x64.ActiveCfg = Release|x64
		{806C84B3-1EF3-4BD3-8AF5-A157DFFAA53A}.Release|x64.Build.0 = Release|x64
		{806C84B3-1EF3-4BD3-8AF5-A157DFFAA53A}.Release|x64.Deploy.0 = Release|x64
		{806C84B3-1EF3-4BD3-8AF5-A157DFFAA53A}.Release|x86.ActiveCfg = Release|x86
		{806C84B3-1EF3-4BD3-8AF5-A157DFFAA53A}.Release|x86.Build.0 = Release|x86
		{806C84B3-1EF3-4BD3-8AF5-A157DFFAA53A}.Release|x86.Deploy.0 = Release|x86
	EndGlobalSection
	GlobalSection(SolutionProperties) = preSolution
		HideSolutionNode = FALSE
	EndGlobalSection
EndGlobal
