
Microsoft Visual Studio Solution File, Format Version 12.00
# Visual Studio 15
VisualStudioVersion = 15.0.26127.0
MinimumVisualStudioVersion = 10.0.40219.1
Project("{FAE04EC0-301F-11D3-BF4B-00C04F79EFBC}") = "AbsoluteNavigation", "AbsoluteNavigation\AbsoluteNavigation\AbsoluteNavigation.csproj", "{C89DD495-A4EB-4CEF-BD65-6D711B76EEAD}"
EndProject
Project("{FAE04EC0-301F-11D3-BF4B-00C04F79EFBC}") = "AbsoluteNavigation.Droid", "AbsoluteNavigation\AbsoluteNavigation.Droid\AbsoluteNavigation.Droid.csproj", "{69376F3A-5C44-4759-90E8-E7D9A5CDFA2B}"
EndProject
Project("{FAE04EC0-301F-11D3-BF4B-00C04F79EFBC}") = "AbsoluteNavigation.iOS", "AbsoluteNavigation\AbsoluteNavigation.iOS\AbsoluteNavigation.iOS.csproj", "{73A0978F-EB73-42E6-B250-6040E74AA318}"
EndProject
Project("{FAE04EC0-301F-11D3-BF4B-00C04F79EFBC}") = "AbsoluteNavigation.UWP", "AbsoluteNavigation\AbsoluteNavigation.UWP\AbsoluteNavigation.UWP.csproj", "{A5A7EBF3-C153-450A-BA94-B5BC71913552}"
EndProject
Project("{2150E333-8FDC-42A3-9474-1A3956D46DE8}") = "Prism.Forms", "Prism.Forms", "{44FE5A77-93A0-4440-B0FE-D064C6C9FB34}"
EndProject
Project("{FAE04EC0-301F-11D3-BF4B-00C04F79EFBC}") = "Prism", "..\..\..\Prism\Source\Prism\Prism.csproj", "{E6C50355-D01E-4CAA-884D-D7929861315C}"
EndProject
Project("{FAE04EC0-301F-11D3-BF4B-00C04F79EFBC}") = "Prism.Forms", "..\..\..\Prism\Source\Xamarin\Prism.Forms\Prism.Forms.csproj", "{67F9D3A8-F71E-4428-913F-C37AE82CDB24}"
EndProject
Project("{FAE04EC0-301F-11D3-BF4B-00C04F79EFBC}") = "Prism.Unity.Forms", "..\..\..\Prism\Source\Xamarin\Prism.Unity.Forms\Prism.Unity.Forms.csproj", "{79EBB8F1-5D80-4EA1-9100-EBDC1EC51CB7}"
EndProject
Global
	GlobalSection(SolutionConfigurationPlatforms) = preSolution
		Ad-Hoc|Any CPU = Ad-Hoc|Any CPU
		Ad-Hoc|ARM = Ad-Hoc|ARM
		Ad-Hoc|iPhone = Ad-Hoc|iPhone
		Ad-Hoc|iPhoneSimulator = Ad-Hoc|iPhoneSimulator
		Ad-Hoc|x64 = Ad-Hoc|x64
		Ad-Hoc|x86 = Ad-Hoc|x86
		AppStore|Any CPU = AppStore|Any CPU
		AppStore|ARM = AppStore|ARM
		AppStore|iPhone = AppStore|iPhone
		AppStore|iPhoneSimulator = AppStore|iPhoneSimulator
		AppStore|x64 = AppStore|x64
		AppStore|x86 = AppStore|x86
		Debug|Any CPU = Debug|Any CPU
		Debug|ARM = Debug|ARM
		Debug|iPhone = Debug|iPhone
		Debug|iPhoneSimulator = Debug|iPhoneSimulator
		Debug|x64 = Debug|x64
		Debug|x86 = Debug|x86
		Release|Any CPU = Release|Any CPU
		Release|ARM = Release|ARM
		Release|iPhone = Release|iPhone
		Release|iPhoneSimulator = Release|iPhoneSimulator
		Release|x64 = Release|x64
		Release|x86 = Release|x86
		Test|Any CPU = Test|Any CPU
		Test|ARM = Test|ARM
		Test|iPhone = Test|iPhone
		Test|iPhoneSimulator = Test|iPhoneSimulator
		Test|x64 = Test|x64
		Test|x86 = Test|x86
	EndGlobalSection
	GlobalSection(ProjectConfigurationPlatforms) = postSolution
		{C89DD495-A4EB-4CEF-BD65-6D711B76EEAD}.Ad-Hoc|Any CPU.ActiveCfg = Release|Any CPU
		{C89DD495-A4EB-4CEF-BD65-6D711B76EEAD}.Ad-Hoc|Any CPU.Build.0 = Release|Any CPU
		{C89DD495-A4EB-4CEF-BD65-6D711B76EEAD}.Ad-Hoc|ARM.ActiveCfg = Release|Any CPU
		{C89DD495-A4EB-4CEF-BD65-6D711B76EEAD}.Ad-Hoc|ARM.Build.0 = Release|Any CPU
		{C89DD495-A4EB-4CEF-BD65-6D711B76EEAD}.Ad-Hoc|iPhone.ActiveCfg = Release|Any CPU
		{C89DD495-A4EB-4CEF-BD65-6D711B76EEAD}.Ad-Hoc|iPhone.Build.0 = Release|Any CPU
		{C89DD495-A4EB-4CEF-BD65-6D711B76EEAD}.Ad-Hoc|iPhoneSimulator.ActiveCfg = Release|Any CPU
		{C89DD495-A4EB-4CEF-BD65-6D711B76EEAD}.Ad-Hoc|iPhoneSimulator.Build.0 = Release|Any CPU
		{C89DD495-A4EB-4CEF-BD65-6D711B76EEAD}.Ad-Hoc|x64.ActiveCfg = Release|Any CPU
		{C89DD495-A4EB-4CEF-BD65-6D711B76EEAD}.Ad-Hoc|x64.Build.0 = Release|Any CPU
		{C89DD495-A4EB-4CEF-BD65-6D711B76EEAD}.Ad-Hoc|x86.ActiveCfg = Release|Any CPU
		{C89DD495-A4EB-4CEF-BD65-6D711B76EEAD}.Ad-Hoc|x86.Build.0 = Release|Any CPU
		{C89DD495-A4EB-4CEF-BD65-6D711B76EEAD}.AppStore|Any CPU.ActiveCfg = Release|Any CPU
		{C89DD495-A4EB-4CEF-BD65-6D711B76EEAD}.AppStore|Any CPU.Build.0 = Release|Any CPU
		{C89DD495-A4EB-4CEF-BD65-6D711B76EEAD}.AppStore|ARM.ActiveCfg = Release|Any CPU
		{C89DD495-A4EB-4CEF-BD65-6D711B76EEAD}.AppStore|ARM.Build.0 = Release|Any CPU
		{C89DD495-A4EB-4CEF-BD65-6D711B76EEAD}.AppStore|iPhone.ActiveCfg = Release|Any CPU
		{C89DD495-A4EB-4CEF-BD65-6D711B76EEAD}.AppStore|iPhone.Build.0 = Release|Any CPU
		{C89DD495-A4EB-4CEF-BD65-6D711B76EEAD}.AppStore|iPhoneSimulator.ActiveCfg = Release|Any CPU
		{C89DD495-A4EB-4CEF-BD65-6D711B76EEAD}.AppStore|iPhoneSimulator.Build.0 = Release|Any CPU
		{C89DD495-A4EB-4CEF-BD65-6D711B76EEAD}.AppStore|x64.ActiveCfg = Release|Any CPU
		{C89DD495-A4EB-4CEF-BD65-6D711B76EEAD}.AppStore|x64.Build.0 = Release|Any CPU
		{C89DD495-A4EB-4CEF-BD65-6D711B76EEAD}.AppStore|x86.ActiveCfg = Release|Any CPU
		{C89DD495-A4EB-4CEF-BD65-6D711B76EEAD}.AppStore|x86.Build.0 = Release|Any CPU
		{C89DD495-A4EB-4CEF-BD65-6D711B76EEAD}.Debug|Any CPU.ActiveCfg = Debug|Any CPU
		{C89DD495-A4EB-4CEF-BD65-6D711B76EEAD}.Debug|Any CPU.Build.0 = Debug|Any CPU
		{C89DD495-A4EB-4CEF-BD65-6D711B76EEAD}.Debug|ARM.ActiveCfg = Debug|Any CPU
		{C89DD495-A4EB-4CEF-BD65-6D711B76EEAD}.Debug|ARM.Build.0 = Debug|Any CPU
		{C89DD495-A4EB-4CEF-BD65-6D711B76EEAD}.Debug|iPhone.ActiveCfg = Debug|Any CPU
		{C89DD495-A4EB-4CEF-BD65-6D711B76EEAD}.Debug|iPhone.Build.0 = Debug|Any CPU
		{C89DD495-A4EB-4CEF-BD65-6D711B76EEAD}.Debug|iPhoneSimulator.ActiveCfg = Debug|Any CPU
		{C89DD495-A4EB-4CEF-BD65-6D711B76EEAD}.Debug|iPhoneSimulator.Build.0 = Debug|Any CPU
		{C89DD495-A4EB-4CEF-BD65-6D711B76EEAD}.Debug|x64.ActiveCfg = Debug|Any CPU
		{C89DD495-A4EB-4CEF-BD65-6D711B76EEAD}.Debug|x64.Build.0 = Debug|Any CPU
		{C89DD495-A4EB-4CEF-BD65-6D711B76EEAD}.Debug|x86.ActiveCfg = Debug|Any CPU
		{C89DD495-A4EB-4CEF-BD65-6D711B76EEAD}.Debug|x86.Build.0 = Debug|Any CPU
		{C89DD495-A4EB-4CEF-BD65-6D711B76EEAD}.Release|Any CPU.ActiveCfg = Release|Any CPU
		{C89DD495-A4EB-4CEF-BD65-6D711B76EEAD}.Release|Any CPU.Build.0 = Release|Any CPU
		{C89DD495-A4EB-4CEF-BD65-6D711B76EEAD}.Release|ARM.ActiveCfg = Release|Any CPU
		{C89DD495-A4EB-4CEF-BD65-6D711B76EEAD}.Release|ARM.Build.0 = Release|Any CPU
		{C89DD495-A4EB-4CEF-BD65-6D711B76EEAD}.Release|iPhone.ActiveCfg = Release|Any CPU
		{C89DD495-A4EB-4CEF-BD65-6D711B76EEAD}.Release|iPhone.Build.0 = Release|Any CPU
		{C89DD495-A4EB-4CEF-BD65-6D711B76EEAD}.Release|iPhoneSimulator.ActiveCfg = Release|Any CPU
		{C89DD495-A4EB-4CEF-BD65-6D711B76EEAD}.Release|iPhoneSimulator.Build.0 = Release|Any CPU
		{C89DD495-A4EB-4CEF-BD65-6D711B76EEAD}.Release|x64.ActiveCfg = Release|Any CPU
		{C89DD495-A4EB-4CEF-BD65-6D711B76EEAD}.Release|x64.Build.0 = Release|Any CPU
		{C89DD495-A4EB-4CEF-BD65-6D711B76EEAD}.Release|x86.ActiveCfg = Release|Any CPU
		{C89DD495-A4EB-4CEF-BD65-6D711B76EEAD}.Release|x86.Build.0 = Release|Any CPU
		{C89DD495-A4EB-4CEF-BD65-6D711B76EEAD}.Test|Any CPU.ActiveCfg = Debug|Any CPU
		{C89DD495-A4EB-4CEF-BD65-6D711B76EEAD}.Test|Any CPU.Build.0 = Debug|Any CPU
		{C89DD495-A4EB-4CEF-BD65-6D711B76EEAD}.Test|ARM.ActiveCfg = Debug|Any CPU
		{C89DD495-A4EB-4CEF-BD65-6D711B76EEAD}.Test|ARM.Build.0 = Debug|Any CPU
		{C89DD495-A4EB-4CEF-BD65-6D711B76EEAD}.Test|iPhone.ActiveCfg = Debug|Any CPU
		{C89DD495-A4EB-4CEF-BD65-6D711B76EEAD}.Test|iPhone.Build.0 = Debug|Any CPU
		{C89DD495-A4EB-4CEF-BD65-6D711B76EEAD}.Test|iPhoneSimulator.ActiveCfg = Debug|Any CPU
		{C89DD495-A4EB-4CEF-BD65-6D711B76EEAD}.Test|iPhoneSimulator.Build.0 = Debug|Any CPU
		{C89DD495-A4EB-4CEF-BD65-6D711B76EEAD}.Test|x64.ActiveCfg = Debug|Any CPU
		{C89DD495-A4EB-4CEF-BD65-6D711B76EEAD}.Test|x64.Build.0 = Debug|Any CPU
		{C89DD495-A4EB-4CEF-BD65-6D711B76EEAD}.Test|x86.ActiveCfg = Debug|Any CPU
		{C89DD495-A4EB-4CEF-BD65-6D711B76EEAD}.Test|x86.Build.0 = Debug|Any CPU
		{69376F3A-5C44-4759-90E8-E7D9A5CDFA2B}.Ad-Hoc|Any CPU.ActiveCfg = Release|Any CPU
		{69376F3A-5C44-4759-90E8-E7D9A5CDFA2B}.Ad-Hoc|Any CPU.Build.0 = Release|Any CPU
		{69376F3A-5C44-4759-90E8-E7D9A5CDFA2B}.Ad-Hoc|Any CPU.Deploy.0 = Release|Any CPU
		{69376F3A-5C44-4759-90E8-E7D9A5CDFA2B}.Ad-Hoc|ARM.ActiveCfg = Release|Any CPU
		{69376F3A-5C44-4759-90E8-E7D9A5CDFA2B}.Ad-Hoc|ARM.Build.0 = Release|Any CPU
		{69376F3A-5C44-4759-90E8-E7D9A5CDFA2B}.Ad-Hoc|ARM.Deploy.0 = Release|Any CPU
		{69376F3A-5C44-4759-90E8-E7D9A5CDFA2B}.Ad-Hoc|iPhone.ActiveCfg = Release|Any CPU
		{69376F3A-5C44-4759-90E8-E7D9A5CDFA2B}.Ad-Hoc|iPhone.Build.0 = Release|Any CPU
		{69376F3A-5C44-4759-90E8-E7D9A5CDFA2B}.Ad-Hoc|iPhone.Deploy.0 = Release|Any CPU
		{69376F3A-5C44-4759-90E8-E7D9A5CDFA2B}.Ad-Hoc|iPhoneSimulator.ActiveCfg = Release|Any CPU
		{69376F3A-5C44-4759-90E8-E7D9A5CDFA2B}.Ad-Hoc|iPhoneSimulator.Build.0 = Release|Any CPU
		{69376F3A-5C44-4759-90E8-E7D9A5CDFA2B}.Ad-Hoc|iPhoneSimulator.Deploy.0 = Release|Any CPU
		{69376F3A-5C44-4759-90E8-E7D9A5CDFA2B}.Ad-Hoc|x64.ActiveCfg = Release|Any CPU
		{69376F3A-5C44-4759-90E8-E7D9A5CDFA2B}.Ad-Hoc|x64.Build.0 = Release|Any CPU
		{69376F3A-5C44-4759-90E8-E7D9A5CDFA2B}.Ad-Hoc|x64.Deploy.0 = Release|Any CPU
		{69376F3A-5C44-4759-90E8-E7D9A5CDFA2B}.Ad-Hoc|x86.ActiveCfg = Release|Any CPU
		{69376F3A-5C44-4759-90E8-E7D9A5CDFA2B}.Ad-Hoc|x86.Build.0 = Release|Any CPU
		{69376F3A-5C44-4759-90E8-E7D9A5CDFA2B}.Ad-Hoc|x86.Deploy.0 = Release|Any CPU
		{69376F3A-5C44-4759-90E8-E7D9A5CDFA2B}.AppStore|Any CPU.ActiveCfg = Release|Any CPU
		{69376F3A-5C44-4759-90E8-E7D9A5CDFA2B}.AppStore|Any CPU.Build.0 = Release|Any CPU
		{69376F3A-5C44-4759-90E8-E7D9A5CDFA2B}.AppStore|Any CPU.Deploy.0 = Release|Any CPU
		{69376F3A-5C44-4759-90E8-E7D9A5CDFA2B}.AppStore|ARM.ActiveCfg = Release|Any CPU
		{69376F3A-5C44-4759-90E8-E7D9A5CDFA2B}.AppStore|ARM.Build.0 = Release|Any CPU
		{69376F3A-5C44-4759-90E8-E7D9A5CDFA2B}.AppStore|ARM.Deploy.0 = Release|Any CPU
		{69376F3A-5C44-4759-90E8-E7D9A5CDFA2B}.AppStore|iPhone.ActiveCfg = Release|Any CPU
		{69376F3A-5C44-4759-90E8-E7D9A5CDFA2B}.AppStore|iPhone.Build.0 = Release|Any CPU
		{69376F3A-5C44-4759-90E8-E7D9A5CDFA2B}.AppStore|iPhone.Deploy.0 = Release|Any CPU
		{69376F3A-5C44-4759-90E8-E7D9A5CDFA2B}.AppStore|iPhoneSimulator.ActiveCfg = Release|Any CPU
		{69376F3A-5C44-4759-90E8-E7D9A5CDFA2B}.AppStore|iPhoneSimulator.Build.0 = Release|Any CPU
		{69376F3A-5C44-4759-90E8-E7D9A5CDFA2B}.AppStore|iPhoneSimulator.Deploy.0 = Release|Any CPU
		{69376F3A-5C44-4759-90E8-E7D9A5CDFA2B}.AppStore|x64.ActiveCfg = Release|Any CPU
		{69376F3A-5C44-4759-90E8-E7D9A5CDFA2B}.AppStore|x64.Build.0 = Release|Any CPU
		{69376F3A-5C44-4759-90E8-E7D9A5CDFA2B}.AppStore|x64.Deploy.0 = Release|Any CPU
		{69376F3A-5C44-4759-90E8-E7D9A5CDFA2B}.AppStore|x86.ActiveCfg = Release|Any CPU
		{69376F3A-5C44-4759-90E8-E7D9A5CDFA2B}.AppStore|x86.Build.0 = Release|Any CPU
		{69376F3A-5C44-4759-90E8-E7D9A5CDFA2B}.AppStore|x86.Deploy.0 = Release|Any CPU
		{69376F3A-5C44-4759-90E8-E7D9A5CDFA2B}.Debug|Any CPU.ActiveCfg = Debug|Any CPU
		{69376F3A-5C44-4759-90E8-E7D9A5CDFA2B}.Debug|Any CPU.Build.0 = Debug|Any CPU
		{69376F3A-5C44-4759-90E8-E7D9A5CDFA2B}.Debug|Any CPU.Deploy.0 = Debug|Any CPU
		{69376F3A-5C44-4759-90E8-E7D9A5CDFA2B}.Debug|ARM.ActiveCfg = Debug|Any CPU
		{69376F3A-5C44-4759-90E8-E7D9A5CDFA2B}.Debug|ARM.Build.0 = Debug|Any CPU
		{69376F3A-5C44-4759-90E8-E7D9A5CDFA2B}.Debug|ARM.Deploy.0 = Debug|Any CPU
		{69376F3A-5C44-4759-90E8-E7D9A5CDFA2B}.Debug|iPhone.ActiveCfg = Debug|Any CPU
		{69376F3A-5C44-4759-90E8-E7D9A5CDFA2B}.Debug|iPhone.Build.0 = Debug|Any CPU
		{69376F3A-5C44-4759-90E8-E7D9A5CDFA2B}.Debug|iPhone.Deploy.0 = Debug|Any CPU
		{69376F3A-5C44-4759-90E8-E7D9A5CDFA2B}.Debug|iPhoneSimulator.ActiveCfg = Debug|Any CPU
		{69376F3A-5C44-4759-90E8-E7D9A5CDFA2B}.Debug|iPhoneSimulator.Build.0 = Debug|Any CPU
		{69376F3A-5C44-4759-90E8-E7D9A5CDFA2B}.Debug|iPhoneSimulator.Deploy.0 = Debug|Any CPU
		{69376F3A-5C44-4759-90E8-E7D9A5CDFA2B}.Debug|x64.ActiveCfg = Debug|Any CPU
		{69376F3A-5C44-4759-90E8-E7D9A5CDFA2B}.Debug|x64.Build.0 = Debug|Any CPU
		{69376F3A-5C44-4759-90E8-E7D9A5CDFA2B}.Debug|x64.Deploy.0 = Debug|Any CPU
		{69376F3A-5C44-4759-90E8-E7D9A5CDFA2B}.Debug|x86.ActiveCfg = Debug|Any CPU
		{69376F3A-5C44-4759-90E8-E7D9A5CDFA2B}.Debug|x86.Build.0 = Debug|Any CPU
		{69376F3A-5C44-4759-90E8-E7D9A5CDFA2B}.Debug|x86.Deploy.0 = Debug|Any CPU
		{69376F3A-5C44-4759-90E8-E7D9A5CDFA2B}.Release|Any CPU.ActiveCfg = Release|Any CPU
		{69376F3A-5C44-4759-90E8-E7D9A5CDFA2B}.Release|Any CPU.Build.0 = Release|Any CPU
		{69376F3A-5C44-4759-90E8-E7D9A5CDFA2B}.Release|Any CPU.Deploy.0 = Release|Any CPU
		{69376F3A-5C44-4759-90E8-E7D9A5CDFA2B}.Release|ARM.ActiveCfg = Release|Any CPU
		{69376F3A-5C44-4759-90E8-E7D9A5CDFA2B}.Release|ARM.Build.0 = Release|Any CPU
		{69376F3A-5C44-4759-90E8-E7D9A5CDFA2B}.Release|ARM.Deploy.0 = Release|Any CPU
		{69376F3A-5C44-4759-90E8-E7D9A5CDFA2B}.Release|iPhone.ActiveCfg = Release|Any CPU
		{69376F3A-5C44-4759-90E8-E7D9A5CDFA2B}.Release|iPhone.Build.0 = Release|Any CPU
		{69376F3A-5C44-4759-90E8-E7D9A5CDFA2B}.Release|iPhone.Deploy.0 = Release|Any CPU
		{69376F3A-5C44-4759-90E8-E7D9A5CDFA2B}.Release|iPhoneSimulator.ActiveCfg = Release|Any CPU
		{69376F3A-5C44-4759-90E8-E7D9A5CDFA2B}.Release|iPhoneSimulator.Build.0 = Release|Any CPU
		{69376F3A-5C44-4759-90E8-E7D9A5CDFA2B}.Release|iPhoneSimulator.Deploy.0 = Release|Any CPU
		{69376F3A-5C44-4759-90E8-E7D9A5CDFA2B}.Release|x64.ActiveCfg = Release|Any CPU
		{69376F3A-5C44-4759-90E8-E7D9A5CDFA2B}.Release|x64.Build.0 = Release|Any CPU
		{69376F3A-5C44-4759-90E8-E7D9A5CDFA2B}.Release|x64.Deploy.0 = Release|Any CPU
		{69376F3A-5C44-4759-90E8-E7D9A5CDFA2B}.Release|x86.ActiveCfg = Release|Any CPU
		{69376F3A-5C44-4759-90E8-E7D9A5CDFA2B}.Release|x86.Build.0 = Release|Any CPU
		{69376F3A-5C44-4759-90E8-E7D9A5CDFA2B}.Release|x86.Deploy.0 = Release|Any CPU
		{69376F3A-5C44-4759-90E8-E7D9A5CDFA2B}.Test|Any CPU.ActiveCfg = Debug|Any CPU
		{69376F3A-5C44-4759-90E8-E7D9A5CDFA2B}.Test|Any CPU.Build.0 = Debug|Any CPU
		{69376F3A-5C44-4759-90E8-E7D9A5CDFA2B}.Test|Any CPU.Deploy.0 = Debug|Any CPU
		{69376F3A-5C44-4759-90E8-E7D9A5CDFA2B}.Test|ARM.ActiveCfg = Debug|Any CPU
		{69376F3A-5C44-4759-90E8-E7D9A5CDFA2B}.Test|ARM.Build.0 = Debug|Any CPU
		{69376F3A-5C44-4759-90E8-E7D9A5CDFA2B}.Test|ARM.Deploy.0 = Debug|Any CPU
		{69376F3A-5C44-4759-90E8-E7D9A5CDFA2B}.Test|iPhone.ActiveCfg = Debug|Any CPU
		{69376F3A-5C44-4759-90E8-E7D9A5CDFA2B}.Test|iPhone.Build.0 = Debug|Any CPU
		{69376F3A-5C44-4759-90E8-E7D9A5CDFA2B}.Test|iPhone.Deploy.0 = Debug|Any CPU
		{69376F3A-5C44-4759-90E8-E7D9A5CDFA2B}.Test|iPhoneSimulator.ActiveCfg = Debug|Any CPU
		{69376F3A-5C44-4759-90E8-E7D9A5CDFA2B}.Test|iPhoneSimulator.Build.0 = Debug|Any CPU
		{69376F3A-5C44-4759-90E8-E7D9A5CDFA2B}.Test|iPhoneSimulator.Deploy.0 = Debug|Any CPU
		{69376F3A-5C44-4759-90E8-E7D9A5CDFA2B}.Test|x64.ActiveCfg = Debug|Any CPU
		{69376F3A-5C44-4759-90E8-E7D9A5CDFA2B}.Test|x64.Build.0 = Debug|Any CPU
		{69376F3A-5C44-4759-90E8-E7D9A5CDFA2B}.Test|x64.Deploy.0 = Debug|Any CPU
		{69376F3A-5C44-4759-90E8-E7D9A5CDFA2B}.Test|x86.ActiveCfg = Debug|Any CPU
		{69376F3A-5C44-4759-90E8-E7D9A5CDFA2B}.Test|x86.Build.0 = Debug|Any CPU
		{69376F3A-5C44-4759-90E8-E7D9A5CDFA2B}.Test|x86.Deploy.0 = Debug|Any CPU
		{73A0978F-EB73-42E6-B250-6040E74AA318}.Ad-Hoc|Any CPU.ActiveCfg = Ad-Hoc|iPhone
		{73A0978F-EB73-42E6-B250-6040E74AA318}.Ad-Hoc|ARM.ActiveCfg = Ad-Hoc|iPhone
		{73A0978F-EB73-42E6-B250-6040E74AA318}.Ad-Hoc|iPhone.ActiveCfg = Ad-Hoc|iPhone
		{73A0978F-EB73-42E6-B250-6040E74AA318}.Ad-Hoc|iPhone.Build.0 = Ad-Hoc|iPhone
		{73A0978F-EB73-42E6-B250-6040E74AA318}.Ad-Hoc|iPhoneSimulator.ActiveCfg = Ad-Hoc|iPhoneSimulator
		{73A0978F-EB73-42E6-B250-6040E74AA318}.Ad-Hoc|iPhoneSimulator.Build.0 = Ad-Hoc|iPhoneSimulator
		{73A0978F-EB73-42E6-B250-6040E74AA318}.Ad-Hoc|x64.ActiveCfg = Ad-Hoc|iPhone
		{73A0978F-EB73-42E6-B250-6040E74AA318}.Ad-Hoc|x86.ActiveCfg = Ad-Hoc|iPhone
		{73A0978F-EB73-42E6-B250-6040E74AA318}.AppStore|Any CPU.ActiveCfg = AppStore|iPhone
		{73A0978F-EB73-42E6-B250-6040E74AA318}.AppStore|ARM.ActiveCfg = AppStore|iPhone
		{73A0978F-EB73-42E6-B250-6040E74AA318}.AppStore|iPhone.ActiveCfg = AppStore|iPhone
		{73A0978F-EB73-42E6-B250-6040E74AA318}.AppStore|iPhone.Build.0 = AppStore|iPhone
		{73A0978F-EB73-42E6-B250-6040E74AA318}.AppStore|iPhoneSimulator.ActiveCfg = AppStore|iPhoneSimulator
		{73A0978F-EB73-42E6-B250-6040E74AA318}.AppStore|iPhoneSimulator.Build.0 = AppStore|iPhoneSimulator
		{73A0978F-EB73-42E6-B250-6040E74AA318}.AppStore|x64.ActiveCfg = AppStore|iPhone
		{73A0978F-EB73-42E6-B250-6040E74AA318}.AppStore|x86.ActiveCfg = AppStore|iPhone
		{73A0978F-EB73-42E6-B250-6040E74AA318}.Debug|Any CPU.ActiveCfg = Debug|iPhone
		{73A0978F-EB73-42E6-B250-6040E74AA318}.Debug|ARM.ActiveCfg = Debug|iPhone
		{73A0978F-EB73-42E6-B250-6040E74AA318}.Debug|iPhone.ActiveCfg = Debug|iPhone
		{73A0978F-EB73-42E6-B250-6040E74AA318}.Debug|iPhone.Build.0 = Debug|iPhone
		{73A0978F-EB73-42E6-B250-6040E74AA318}.Debug|iPhoneSimulator.ActiveCfg = Debug|iPhoneSimulator
		{73A0978F-EB73-42E6-B250-6040E74AA318}.Debug|iPhoneSimulator.Build.0 = Debug|iPhoneSimulator
		{73A0978F-EB73-42E6-B250-6040E74AA318}.Debug|x64.ActiveCfg = Debug|iPhone
		{73A0978F-EB73-42E6-B250-6040E74AA318}.Debug|x86.ActiveCfg = Debug|iPhone
		{73A0978F-EB73-42E6-B250-6040E74AA318}.Release|Any CPU.ActiveCfg = Release|iPhone
		{73A0978F-EB73-42E6-B250-6040E74AA318}.Release|ARM.ActiveCfg = Release|iPhone
		{73A0978F-EB73-42E6-B250-6040E74AA318}.Release|iPhone.ActiveCfg = Release|iPhone
		{73A0978F-EB73-42E6-B250-6040E74AA318}.Release|iPhone.Build.0 = Release|iPhone
		{73A0978F-EB73-42E6-B250-6040E74AA318}.Release|iPhoneSimulator.ActiveCfg = Release|iPhoneSimulator
		{73A0978F-EB73-42E6-B250-6040E74AA318}.Release|iPhoneSimulator.Build.0 = Release|iPhoneSimulator
		{73A0978F-EB73-42E6-B250-6040E74AA318}.Release|x64.ActiveCfg = Release|iPhone
		{73A0978F-EB73-42E6-B250-6040E74AA318}.Release|x86.ActiveCfg = Release|iPhone
		{73A0978F-EB73-42E6-B250-6040E74AA318}.Test|Any CPU.ActiveCfg = Release|iPhoneSimulator
		{73A0978F-EB73-42E6-B250-6040E74AA318}.Test|Any CPU.Build.0 = Release|iPhoneSimulator
		{73A0978F-EB73-42E6-B250-6040E74AA318}.Test|ARM.ActiveCfg = Release|iPhoneSimulator
		{73A0978F-EB73-42E6-B250-6040E74AA318}.Test|ARM.Build.0 = Release|iPhoneSimulator
		{73A0978F-EB73-42E6-B250-6040E74AA318}.Test|iPhone.ActiveCfg = Release|iPhone
		{73A0978F-EB73-42E6-B250-6040E74AA318}.Test|iPhone.Build.0 = Release|iPhone
		{73A0978F-EB73-42E6-B250-6040E74AA318}.Test|iPhoneSimulator.ActiveCfg = Release|iPhoneSimulator
		{73A0978F-EB73-42E6-B250-6040E74AA318}.Test|iPhoneSimulator.Build.0 = Release|iPhoneSimulator
		{73A0978F-EB73-42E6-B250-6040E74AA318}.Test|x64.ActiveCfg = Release|iPhoneSimulator
		{73A0978F-EB73-42E6-B250-6040E74AA318}.Test|x64.Build.0 = Release|iPhoneSimulator
		{73A0978F-EB73-42E6-B250-6040E74AA318}.Test|x86.ActiveCfg = Release|iPhoneSimulator
		{73A0978F-EB73-42E6-B250-6040E74AA318}.Test|x86.Build.0 = Release|iPhoneSimulator
		{A5A7EBF3-C153-450A-BA94-B5BC71913552}.Ad-Hoc|Any CPU.ActiveCfg = Release|x86
		{A5A7EBF3-C153-450A-BA94-B5BC71913552}.Ad-Hoc|Any CPU.Build.0 = Release|x86
		{A5A7EBF3-C153-450A-BA94-B5BC71913552}.Ad-Hoc|Any CPU.Deploy.0 = Release|x86
		{A5A7EBF3-C153-450A-BA94-B5BC71913552}.Ad-Hoc|ARM.ActiveCfg = Release|ARM
		{A5A7EBF3-C153-450A-BA94-B5BC71913552}.Ad-Hoc|ARM.Build.0 = Release|ARM
		{A5A7EBF3-C153-450A-BA94-B5BC71913552}.Ad-Hoc|ARM.Deploy.0 = Release|ARM
		{A5A7EBF3-C153-450A-BA94-B5BC71913552}.Ad-Hoc|iPhone.ActiveCfg = Release|x86
		{A5A7EBF3-C153-450A-BA94-B5BC71913552}.Ad-Hoc|iPhone.Build.0 = Release|x86
		{A5A7EBF3-C153-450A-BA94-B5BC71913552}.Ad-Hoc|iPhone.Deploy.0 = Release|x86
		{A5A7EBF3-C153-450A-BA94-B5BC71913552}.Ad-Hoc|iPhoneSimulator.ActiveCfg = Release|x86
		{A5A7EBF3-C153-450A-BA94-B5BC71913552}.Ad-Hoc|iPhoneSimulator.Build.0 = Release|x86
		{A5A7EBF3-C153-450A-BA94-B5BC71913552}.Ad-Hoc|iPhoneSimulator.Deploy.0 = Release|x86
		{A5A7EBF3-C153-450A-BA94-B5BC71913552}.Ad-Hoc|x64.ActiveCfg = Release|x64
		{A5A7EBF3-C153-450A-BA94-B5BC71913552}.Ad-Hoc|x64.Build.0 = Release|x64
		{A5A7EBF3-C153-450A-BA94-B5BC71913552}.Ad-Hoc|x64.Deploy.0 = Release|x64
		{A5A7EBF3-C153-450A-BA94-B5BC71913552}.Ad-Hoc|x86.ActiveCfg = Release|x86
		{A5A7EBF3-C153-450A-BA94-B5BC71913552}.Ad-Hoc|x86.Build.0 = Release|x86
		{A5A7EBF3-C153-450A-BA94-B5BC71913552}.Ad-Hoc|x86.Deploy.0 = Release|x86
		{A5A7EBF3-C153-450A-BA94-B5BC71913552}.AppStore|Any CPU.ActiveCfg = Release|x86
		{A5A7EBF3-C153-450A-BA94-B5BC71913552}.AppStore|Any CPU.Build.0 = Release|x86
		{A5A7EBF3-C153-450A-BA94-B5BC71913552}.AppStore|Any CPU.Deploy.0 = Release|x86
		{A5A7EBF3-C153-450A-BA94-B5BC71913552}.AppStore|ARM.ActiveCfg = Release|ARM
		{A5A7EBF3-C153-450A-BA94-B5BC71913552}.AppStore|ARM.Build.0 = Release|ARM
		{A5A7EBF3-C153-450A-BA94-B5BC71913552}.AppStore|ARM.Deploy.0 = Release|ARM
		{A5A7EBF3-C153-450A-BA94-B5BC71913552}.AppStore|iPhone.ActiveCfg = Release|x86
		{A5A7EBF3-C153-450A-BA94-B5BC71913552}.AppStore|iPhone.Build.0 = Release|x86
		{A5A7EBF3-C153-450A-BA94-B5BC71913552}.AppStore|iPhone.Deploy.0 = Release|x86
		{A5A7EBF3-C153-450A-BA94-B5BC71913552}.AppStore|iPhoneSimulator.ActiveCfg = Release|x86
		{A5A7EBF3-C153-450A-BA94-B5BC71913552}.AppStore|iPhoneSimulator.Build.0 = Release|x86
		{A5A7EBF3-C153-450A-BA94-B5BC71913552}.AppStore|iPhoneSimulator.Deploy.0 = Release|x86
		{A5A7EBF3-C153-450A-BA94-B5BC71913552}.AppStore|x64.ActiveCfg = Release|x64
		{A5A7EBF3-C153-450A-BA94-B5BC71913552}.AppStore|x64.Build.0 = Release|x64
		{A5A7EBF3-C153-450A-BA94-B5BC71913552}.AppStore|x64.Deploy.0 = Release|x64
		{A5A7EBF3-C153-450A-BA94-B5BC71913552}.AppStore|x86.ActiveCfg = Release|x86
		{A5A7EBF3-C153-450A-BA94-B5BC71913552}.AppStore|x86.Build.0 = Release|x86
		{A5A7EBF3-C153-450A-BA94-B5BC71913552}.AppStore|x86.Deploy.0 = Release|x86
		{A5A7EBF3-C153-450A-BA94-B5BC71913552}.Debug|Any CPU.ActiveCfg = Debug|x86
		{A5A7EBF3-C153-450A-BA94-B5BC71913552}.Debug|ARM.ActiveCfg = Debug|ARM
		{A5A7EBF3-C153-450A-BA94-B5BC71913552}.Debug|ARM.Build.0 = Debug|ARM
		{A5A7EBF3-C153-450A-BA94-B5BC71913552}.Debug|ARM.Deploy.0 = Debug|ARM
		{A5A7EBF3-C153-450A-BA94-B5BC71913552}.Debug|iPhone.ActiveCfg = Debug|x86
		{A5A7EBF3-C153-450A-BA94-B5BC71913552}.Debug|iPhoneSimulator.ActiveCfg = Debug|x86
		{A5A7EBF3-C153-450A-BA94-B5BC71913552}.Debug|x64.ActiveCfg = Debug|x64
		{A5A7EBF3-C153-450A-BA94-B5BC71913552}.Debug|x64.Build.0 = Debug|x64
		{A5A7EBF3-C153-450A-BA94-B5BC71913552}.Debug|x64.Deploy.0 = Debug|x64
		{A5A7EBF3-C153-450A-BA94-B5BC71913552}.Debug|x86.ActiveCfg = Debug|x86
		{A5A7EBF3-C153-450A-BA94-B5BC71913552}.Debug|x86.Build.0 = Debug|x86
		{A5A7EBF3-C153-450A-BA94-B5BC71913552}.Debug|x86.Deploy.0 = Debug|x86
		{A5A7EBF3-C153-450A-BA94-B5BC71913552}.Release|Any CPU.ActiveCfg = Release|x86
		{A5A7EBF3-C153-450A-BA94-B5BC71913552}.Release|ARM.ActiveCfg = Release|ARM
		{A5A7EBF3-C153-450A-BA94-B5BC71913552}.Release|ARM.Build.0 = Release|ARM
		{A5A7EBF3-C153-450A-BA94-B5BC71913552}.Release|ARM.Deploy.0 = Release|ARM
		{A5A7EBF3-C153-450A-BA94-B5BC71913552}.Release|iPhone.ActiveCfg = Release|x86
		{A5A7EBF3-C153-450A-BA94-B5BC71913552}.Release|iPhoneSimulator.ActiveCfg = Release|x86
		{A5A7EBF3-C153-450A-BA94-B5BC71913552}.Release|x64.ActiveCfg = Release|x64
		{A5A7EBF3-C153-450A-BA94-B5BC71913552}.Release|x64.Build.0 = Release|x64
		{A5A7EBF3-C153-450A-BA94-B5BC71913552}.Release|x64.Deploy.0 = Release|x64
		{A5A7EBF3-C153-450A-BA94-B5BC71913552}.Release|x86.ActiveCfg = Release|x86
		{A5A7EBF3-C153-450A-BA94-B5BC71913552}.Release|x86.Build.0 = Release|x86
		{A5A7EBF3-C153-450A-BA94-B5BC71913552}.Release|x86.Deploy.0 = Release|x86
		{A5A7EBF3-C153-450A-BA94-B5BC71913552}.Test|Any CPU.ActiveCfg = Debug|x64
		{A5A7EBF3-C153-450A-BA94-B5BC71913552}.Test|Any CPU.Build.0 = Debug|x64
		{A5A7EBF3-C153-450A-BA94-B5BC71913552}.Test|Any CPU.Deploy.0 = Debug|x64
		{A5A7EBF3-C153-450A-BA94-B5BC71913552}.Test|ARM.ActiveCfg = Debug|ARM
		{A5A7EBF3-C153-450A-BA94-B5BC71913552}.Test|ARM.Build.0 = Debug|ARM
		{A5A7EBF3-C153-450A-BA94-B5BC71913552}.Test|ARM.Deploy.0 = Debug|ARM
		{A5A7EBF3-C153-450A-BA94-B5BC71913552}.Test|iPhone.ActiveCfg = Debug|x64
		{A5A7EBF3-C153-450A-BA94-B5BC71913552}.Test|iPhone.Build.0 = Debug|x64
		{A5A7EBF3-C153-450A-BA94-B5BC71913552}.Test|iPhone.Deploy.0 = Debug|x64
		{A5A7EBF3-C153-450A-BA94-B5BC71913552}.Test|iPhoneSimulator.ActiveCfg = Debug|x64
		{A5A7EBF3-C153-450A-BA94-B5BC71913552}.Test|iPhoneSimulator.Build.0 = Debug|x64
		{A5A7EBF3-C153-450A-BA94-B5BC71913552}.Test|iPhoneSimulator.Deploy.0 = Debug|x64
		{A5A7EBF3-C153-450A-BA94-B5BC71913552}.Test|x64.ActiveCfg = Debug|x64
		{A5A7EBF3-C153-450A-BA94-B5BC71913552}.Test|x64.Build.0 = Debug|x64
		{A5A7EBF3-C153-450A-BA94-B5BC71913552}.Test|x64.Deploy.0 = Debug|x64
		{A5A7EBF3-C153-450A-BA94-B5BC71913552}.Test|x86.ActiveCfg = Debug|x86
		{A5A7EBF3-C153-450A-BA94-B5BC71913552}.Test|x86.Build.0 = Debug|x86
		{A5A7EBF3-C153-450A-BA94-B5BC71913552}.Test|x86.Deploy.0 = Debug|x86
		{E6C50355-D01E-4CAA-884D-D7929861315C}.Ad-Hoc|Any CPU.ActiveCfg = Test|Any CPU
		{E6C50355-D01E-4CAA-884D-D7929861315C}.Ad-Hoc|Any CPU.Build.0 = Test|Any CPU
		{E6C50355-D01E-4CAA-884D-D7929861315C}.Ad-Hoc|ARM.ActiveCfg = Test|Any CPU
		{E6C50355-D01E-4CAA-884D-D7929861315C}.Ad-Hoc|ARM.Build.0 = Test|Any CPU
		{E6C50355-D01E-4CAA-884D-D7929861315C}.Ad-Hoc|iPhone.ActiveCfg = Test|Any CPU
		{E6C50355-D01E-4CAA-884D-D7929861315C}.Ad-Hoc|iPhone.Build.0 = Test|Any CPU
		{E6C50355-D01E-4CAA-884D-D7929861315C}.Ad-Hoc|iPhoneSimulator.ActiveCfg = Test|Any CPU
		{E6C50355-D01E-4CAA-884D-D7929861315C}.Ad-Hoc|iPhoneSimulator.Build.0 = Test|Any CPU
		{E6C50355-D01E-4CAA-884D-D7929861315C}.Ad-Hoc|x64.ActiveCfg = Test|Any CPU
		{E6C50355-D01E-4CAA-884D-D7929861315C}.Ad-Hoc|x64.Build.0 = Test|Any CPU
		{E6C50355-D01E-4CAA-884D-D7929861315C}.Ad-Hoc|x86.ActiveCfg = Test|Any CPU
		{E6C50355-D01E-4CAA-884D-D7929861315C}.Ad-Hoc|x86.Build.0 = Test|Any CPU
		{E6C50355-D01E-4CAA-884D-D7929861315C}.AppStore|Any CPU.ActiveCfg = Test|Any CPU
		{E6C50355-D01E-4CAA-884D-D7929861315C}.AppStore|Any CPU.Build.0 = Test|Any CPU
		{E6C50355-D01E-4CAA-884D-D7929861315C}.AppStore|ARM.ActiveCfg = Test|Any CPU
		{E6C50355-D01E-4CAA-884D-D7929861315C}.AppStore|ARM.Build.0 = Test|Any CPU
		{E6C50355-D01E-4CAA-884D-D7929861315C}.AppStore|iPhone.ActiveCfg = Test|Any CPU
		{E6C50355-D01E-4CAA-884D-D7929861315C}.AppStore|iPhone.Build.0 = Test|Any CPU
		{E6C50355-D01E-4CAA-884D-D7929861315C}.AppStore|iPhoneSimulator.ActiveCfg = Test|Any CPU
		{E6C50355-D01E-4CAA-884D-D7929861315C}.AppStore|iPhoneSimulator.Build.0 = Test|Any CPU
		{E6C50355-D01E-4CAA-884D-D7929861315C}.AppStore|x64.ActiveCfg = Test|Any CPU
		{E6C50355-D01E-4CAA-884D-D7929861315C}.AppStore|x64.Build.0 = Test|Any CPU
		{E6C50355-D01E-4CAA-884D-D7929861315C}.AppStore|x86.ActiveCfg = Test|Any CPU
		{E6C50355-D01E-4CAA-884D-D7929861315C}.AppStore|x86.Build.0 = Test|Any CPU
		{E6C50355-D01E-4CAA-884D-D7929861315C}.Debug|Any CPU.ActiveCfg = Debug|Any CPU
		{E6C50355-D01E-4CAA-884D-D7929861315C}.Debug|Any CPU.Build.0 = Debug|Any CPU
		{E6C50355-D01E-4CAA-884D-D7929861315C}.Debug|ARM.ActiveCfg = Debug|Any CPU
		{E6C50355-D01E-4CAA-884D-D7929861315C}.Debug|ARM.Build.0 = Debug|Any CPU
		{E6C50355-D01E-4CAA-884D-D7929861315C}.Debug|iPhone.ActiveCfg = Debug|Any CPU
		{E6C50355-D01E-4CAA-884D-D7929861315C}.Debug|iPhone.Build.0 = Debug|Any CPU
		{E6C50355-D01E-4CAA-884D-D7929861315C}.Debug|iPhoneSimulator.ActiveCfg = Debug|Any CPU
		{E6C50355-D01E-4CAA-884D-D7929861315C}.Debug|iPhoneSimulator.Build.0 = Debug|Any CPU
		{E6C50355-D01E-4CAA-884D-D7929861315C}.Debug|x64.ActiveCfg = Debug|Any CPU
		{E6C50355-D01E-4CAA-884D-D7929861315C}.Debug|x64.Build.0 = Debug|Any CPU
		{E6C50355-D01E-4CAA-884D-D7929861315C}.Debug|x86.ActiveCfg = Debug|Any CPU
		{E6C50355-D01E-4CAA-884D-D7929861315C}.Debug|x86.Build.0 = Debug|Any CPU
		{E6C50355-D01E-4CAA-884D-D7929861315C}.Release|Any CPU.ActiveCfg = Release|Any CPU
		{E6C50355-D01E-4CAA-884D-D7929861315C}.Release|Any CPU.Build.0 = Release|Any CPU
		{E6C50355-D01E-4CAA-884D-D7929861315C}.Release|ARM.ActiveCfg = Release|Any CPU
		{E6C50355-D01E-4CAA-884D-D7929861315C}.Release|ARM.Build.0 = Release|Any CPU
		{E6C50355-D01E-4CAA-884D-D7929861315C}.Release|iPhone.ActiveCfg = Release|Any CPU
		{E6C50355-D01E-4CAA-884D-D7929861315C}.Release|iPhone.Build.0 = Release|Any CPU
		{E6C50355-D01E-4CAA-884D-D7929861315C}.Release|iPhoneSimulator.ActiveCfg = Release|Any CPU
		{E6C50355-D01E-4CAA-884D-D7929861315C}.Release|iPhoneSimulator.Build.0 = Release|Any CPU
		{E6C50355-D01E-4CAA-884D-D7929861315C}.Release|x64.ActiveCfg = Release|Any CPU
		{E6C50355-D01E-4CAA-884D-D7929861315C}.Release|x64.Build.0 = Release|Any CPU
		{E6C50355-D01E-4CAA-884D-D7929861315C}.Release|x86.ActiveCfg = Release|Any CPU
		{E6C50355-D01E-4CAA-884D-D7929861315C}.Release|x86.Build.0 = Release|Any CPU
		{E6C50355-D01E-4CAA-884D-D7929861315C}.Test|Any CPU.ActiveCfg = Test|Any CPU
		{E6C50355-D01E-4CAA-884D-D7929861315C}.Test|Any CPU.Build.0 = Test|Any CPU
		{E6C50355-D01E-4CAA-884D-D7929861315C}.Test|ARM.ActiveCfg = Test|Any CPU
		{E6C50355-D01E-4CAA-884D-D7929861315C}.Test|ARM.Build.0 = Test|Any CPU
		{E6C50355-D01E-4CAA-884D-D7929861315C}.Test|iPhone.ActiveCfg = Test|Any CPU
		{E6C50355-D01E-4CAA-884D-D7929861315C}.Test|iPhone.Build.0 = Test|Any CPU
		{E6C50355-D01E-4CAA-884D-D7929861315C}.Test|iPhoneSimulator.ActiveCfg = Test|Any CPU
		{E6C50355-D01E-4CAA-884D-D7929861315C}.Test|iPhoneSimulator.Build.0 = Test|Any CPU
		{E6C50355-D01E-4CAA-884D-D7929861315C}.Test|x64.ActiveCfg = Test|Any CPU
		{E6C50355-D01E-4CAA-884D-D7929861315C}.Test|x64.Build.0 = Test|Any CPU
		{E6C50355-D01E-4CAA-884D-D7929861315C}.Test|x86.ActiveCfg = Test|Any CPU
		{E6C50355-D01E-4CAA-884D-D7929861315C}.Test|x86.Build.0 = Test|Any CPU
		{67F9D3A8-F71E-4428-913F-C37AE82CDB24}.Ad-Hoc|Any CPU.ActiveCfg = Test|Any CPU
		{67F9D3A8-F71E-4428-913F-C37AE82CDB24}.Ad-Hoc|Any CPU.Build.0 = Test|Any CPU
		{67F9D3A8-F71E-4428-913F-C37AE82CDB24}.Ad-Hoc|ARM.ActiveCfg = Test|Any CPU
		{67F9D3A8-F71E-4428-913F-C37AE82CDB24}.Ad-Hoc|ARM.Build.0 = Test|Any CPU
		{67F9D3A8-F71E-4428-913F-C37AE82CDB24}.Ad-Hoc|iPhone.ActiveCfg = Test|Any CPU
		{67F9D3A8-F71E-4428-913F-C37AE82CDB24}.Ad-Hoc|iPhone.Build.0 = Test|Any CPU
		{67F9D3A8-F71E-4428-913F-C37AE82CDB24}.Ad-Hoc|iPhoneSimulator.ActiveCfg = Test|Any CPU
		{67F9D3A8-F71E-4428-913F-C37AE82CDB24}.Ad-Hoc|iPhoneSimulator.Build.0 = Test|Any CPU
		{67F9D3A8-F71E-4428-913F-C37AE82CDB24}.Ad-Hoc|x64.ActiveCfg = Test|Any CPU
		{67F9D3A8-F71E-4428-913F-C37AE82CDB24}.Ad-Hoc|x64.Build.0 = Test|Any CPU
		{67F9D3A8-F71E-4428-913F-C37AE82CDB24}.Ad-Hoc|x86.ActiveCfg = Test|Any CPU
		{67F9D3A8-F71E-4428-913F-C37AE82CDB24}.Ad-Hoc|x86.Build.0 = Test|Any CPU
		{67F9D3A8-F71E-4428-913F-C37AE82CDB24}.AppStore|Any CPU.ActiveCfg = Test|Any CPU
		{67F9D3A8-F71E-4428-913F-C37AE82CDB24}.AppStore|Any CPU.Build.0 = Test|Any CPU
		{67F9D3A8-F71E-4428-913F-C37AE82CDB24}.AppStore|ARM.ActiveCfg = Test|Any CPU
		{67F9D3A8-F71E-4428-913F-C37AE82CDB24}.AppStore|ARM.Build.0 = Test|Any CPU
		{67F9D3A8-F71E-4428-913F-C37AE82CDB24}.AppStore|iPhone.ActiveCfg = Test|Any CPU
		{67F9D3A8-F71E-4428-913F-C37AE82CDB24}.AppStore|iPhone.Build.0 = Test|Any CPU
		{67F9D3A8-F71E-4428-913F-C37AE82CDB24}.AppStore|iPhoneSimulator.ActiveCfg = Test|Any CPU
		{67F9D3A8-F71E-4428-913F-C37AE82CDB24}.AppStore|iPhoneSimulator.Build.0 = Test|Any CPU
		{67F9D3A8-F71E-4428-913F-C37AE82CDB24}.AppStore|x64.ActiveCfg = Test|Any CPU
		{67F9D3A8-F71E-4428-913F-C37AE82CDB24}.AppStore|x64.Build.0 = Test|Any CPU
		{67F9D3A8-F71E-4428-913F-C37AE82CDB24}.AppStore|x86.ActiveCfg = Test|Any CPU
		{67F9D3A8-F71E-4428-913F-C37AE82CDB24}.AppStore|x86.Build.0 = Test|Any CPU
		{67F9D3A8-F71E-4428-913F-C37AE82CDB24}.Debug|Any CPU.ActiveCfg = Debug|Any CPU
		{67F9D3A8-F71E-4428-913F-C37AE82CDB24}.Debug|Any CPU.Build.0 = Debug|Any CPU
		{67F9D3A8-F71E-4428-913F-C37AE82CDB24}.Debug|ARM.ActiveCfg = Debug|Any CPU
		{67F9D3A8-F71E-4428-913F-C37AE82CDB24}.Debug|ARM.Build.0 = Debug|Any CPU
		{67F9D3A8-F71E-4428-913F-C37AE82CDB24}.Debug|iPhone.ActiveCfg = Debug|Any CPU
		{67F9D3A8-F71E-4428-913F-C37AE82CDB24}.Debug|iPhone.Build.0 = Debug|Any CPU
		{67F9D3A8-F71E-4428-913F-C37AE82CDB24}.Debug|iPhoneSimulator.ActiveCfg = Debug|Any CPU
		{67F9D3A8-F71E-4428-913F-C37AE82CDB24}.Debug|iPhoneSimulator.Build.0 = Debug|Any CPU
		{67F9D3A8-F71E-4428-913F-C37AE82CDB24}.Debug|x64.ActiveCfg = Debug|Any CPU
		{67F9D3A8-F71E-4428-913F-C37AE82CDB24}.Debug|x64.Build.0 = Debug|Any CPU
		{67F9D3A8-F71E-4428-913F-C37AE82CDB24}.Debug|x86.ActiveCfg = Debug|Any CPU
		{67F9D3A8-F71E-4428-913F-C37AE82CDB24}.Debug|x86.Build.0 = Debug|Any CPU
		{67F9D3A8-F71E-4428-913F-C37AE82CDB24}.Release|Any CPU.ActiveCfg = Release|Any CPU
		{67F9D3A8-F71E-4428-913F-C37AE82CDB24}.Release|Any CPU.Build.0 = Release|Any CPU
		{67F9D3A8-F71E-4428-913F-C37AE82CDB24}.Release|ARM.ActiveCfg = Release|Any CPU
		{67F9D3A8-F71E-4428-913F-C37AE82CDB24}.Release|ARM.Build.0 = Release|Any CPU
		{67F9D3A8-F71E-4428-913F-C37AE82CDB24}.Release|iPhone.ActiveCfg = Release|Any CPU
		{67F9D3A8-F71E-4428-913F-C37AE82CDB24}.Release|iPhone.Build.0 = Release|Any CPU
		{67F9D3A8-F71E-4428-913F-C37AE82CDB24}.Release|iPhoneSimulator.ActiveCfg = Release|Any CPU
		{67F9D3A8-F71E-4428-913F-C37AE82CDB24}.Release|iPhoneSimulator.Build.0 = Release|Any CPU
		{67F9D3A8-F71E-4428-913F-C37AE82CDB24}.Release|x64.ActiveCfg = Release|Any CPU
		{67F9D3A8-F71E-4428-913F-C37AE82CDB24}.Release|x64.Build.0 = Release|Any CPU
		{67F9D3A8-F71E-4428-913F-C37AE82CDB24}.Release|x86.ActiveCfg = Release|Any CPU
		{67F9D3A8-F71E-4428-913F-C37AE82CDB24}.Release|x86.Build.0 = Release|Any CPU
		{67F9D3A8-F71E-4428-913F-C37AE82CDB24}.Test|Any CPU.ActiveCfg = Test|Any CPU
		{67F9D3A8-F71E-4428-913F-C37AE82CDB24}.Test|Any CPU.Build.0 = Test|Any CPU
		{67F9D3A8-F71E-4428-913F-C37AE82CDB24}.Test|ARM.ActiveCfg = Test|Any CPU
		{67F9D3A8-F71E-4428-913F-C37AE82CDB24}.Test|ARM.Build.0 = Test|Any CPU
		{67F9D3A8-F71E-4428-913F-C37AE82CDB24}.Test|iPhone.ActiveCfg = Test|Any CPU
		{67F9D3A8-F71E-4428-913F-C37AE82CDB24}.Test|iPhone.Build.0 = Test|Any CPU
		{67F9D3A8-F71E-4428-913F-C37AE82CDB24}.Test|iPhoneSimulator.ActiveCfg = Test|Any CPU
		{67F9D3A8-F71E-4428-913F-C37AE82CDB24}.Test|iPhoneSimulator.Build.0 = Test|Any CPU
		{67F9D3A8-F71E-4428-913F-C37AE82CDB24}.Test|x64.ActiveCfg = Test|Any CPU
		{67F9D3A8-F71E-4428-913F-C37AE82CDB24}.Test|x64.Build.0 = Test|Any CPU
		{67F9D3A8-F71E-4428-913F-C37AE82CDB24}.Test|x86.ActiveCfg = Test|Any CPU
		{67F9D3A8-F71E-4428-913F-C37AE82CDB24}.Test|x86.Build.0 = Test|Any CPU
		{79EBB8F1-5D80-4EA1-9100-EBDC1EC51CB7}.Ad-Hoc|Any CPU.ActiveCfg = Test|Any CPU
		{79EBB8F1-5D80-4EA1-9100-EBDC1EC51CB7}.Ad-Hoc|Any CPU.Build.0 = Test|Any CPU
		{79EBB8F1-5D80-4EA1-9100-EBDC1EC51CB7}.Ad-Hoc|ARM.ActiveCfg = Test|Any CPU
		{79EBB8F1-5D80-4EA1-9100-EBDC1EC51CB7}.Ad-Hoc|ARM.Build.0 = Test|Any CPU
		{79EBB8F1-5D80-4EA1-9100-EBDC1EC51CB7}.Ad-Hoc|iPhone.ActiveCfg = Test|Any CPU
		{79EBB8F1-5D80-4EA1-9100-EBDC1EC51CB7}.Ad-Hoc|iPhone.Build.0 = Test|Any CPU
		{79EBB8F1-5D80-4EA1-9100-EBDC1EC51CB7}.Ad-Hoc|iPhoneSimulator.ActiveCfg = Test|Any CPU
		{79EBB8F1-5D80-4EA1-9100-EBDC1EC51CB7}.Ad-Hoc|iPhoneSimulator.Build.0 = Test|Any CPU
		{79EBB8F1-5D80-4EA1-9100-EBDC1EC51CB7}.Ad-Hoc|x64.ActiveCfg = Test|Any CPU
		{79EBB8F1-5D80-4EA1-9100-EBDC1EC51CB7}.Ad-Hoc|x64.Build.0 = Test|Any CPU
		{79EBB8F1-5D80-4EA1-9100-EBDC1EC51CB7}.Ad-Hoc|x86.ActiveCfg = Test|Any CPU
		{79EBB8F1-5D80-4EA1-9100-EBDC1EC51CB7}.Ad-Hoc|x86.Build.0 = Test|Any CPU
		{79EBB8F1-5D80-4EA1-9100-EBDC1EC51CB7}.AppStore|Any CPU.ActiveCfg = Test|Any CPU
		{79EBB8F1-5D80-4EA1-9100-EBDC1EC51CB7}.AppStore|Any CPU.Build.0 = Test|Any CPU
		{79EBB8F1-5D80-4EA1-9100-EBDC1EC51CB7}.AppStore|ARM.ActiveCfg = Test|Any CPU
		{79EBB8F1-5D80-4EA1-9100-EBDC1EC51CB7}.AppStore|ARM.Build.0 = Test|Any CPU
		{79EBB8F1-5D80-4EA1-9100-EBDC1EC51CB7}.AppStore|iPhone.ActiveCfg = Test|Any CPU
		{79EBB8F1-5D80-4EA1-9100-EBDC1EC51CB7}.AppStore|iPhone.Build.0 = Test|Any CPU
		{79EBB8F1-5D80-4EA1-9100-EBDC1EC51CB7}.AppStore|iPhoneSimulator.ActiveCfg = Test|Any CPU
		{79EBB8F1-5D80-4EA1-9100-EBDC1EC51CB7}.AppStore|iPhoneSimulator.Build.0 = Test|Any CPU
		{79EBB8F1-5D80-4EA1-9100-EBDC1EC51CB7}.AppStore|x64.ActiveCfg = Test|Any CPU
		{79EBB8F1-5D80-4EA1-9100-EBDC1EC51CB7}.AppStore|x64.Build.0 = Test|Any CPU
		{79EBB8F1-5D80-4EA1-9100-EBDC1EC51CB7}.AppStore|x86.ActiveCfg = Test|Any CPU
		{79EBB8F1-5D80-4EA1-9100-EBDC1EC51CB7}.AppStore|x86.Build.0 = Test|Any CPU
		{79EBB8F1-5D80-4EA1-9100-EBDC1EC51CB7}.Debug|Any CPU.ActiveCfg = Debug|Any CPU
		{79EBB8F1-5D80-4EA1-9100-EBDC1EC51CB7}.Debug|Any CPU.Build.0 = Debug|Any CPU
		{79EBB8F1-5D80-4EA1-9100-EBDC1EC51CB7}.Debug|ARM.ActiveCfg = Debug|Any CPU
		{79EBB8F1-5D80-4EA1-9100-EBDC1EC51CB7}.Debug|ARM.Build.0 = Debug|Any CPU
		{79EBB8F1-5D80-4EA1-9100-EBDC1EC51CB7}.Debug|iPhone.ActiveCfg = Debug|Any CPU
		{79EBB8F1-5D80-4EA1-9100-EBDC1EC51CB7}.Debug|iPhone.Build.0 = Debug|Any CPU
		{79EBB8F1-5D80-4EA1-9100-EBDC1EC51CB7}.Debug|iPhoneSimulator.ActiveCfg = Debug|Any CPU
		{79EBB8F1-5D80-4EA1-9100-EBDC1EC51CB7}.Debug|iPhoneSimulator.Build.0 = Debug|Any CPU
		{79EBB8F1-5D80-4EA1-9100-EBDC1EC51CB7}.Debug|x64.ActiveCfg = Debug|Any CPU
		{79EBB8F1-5D80-4EA1-9100-EBDC1EC51CB7}.Debug|x64.Build.0 = Debug|Any CPU
		{79EBB8F1-5D80-4EA1-9100-EBDC1EC51CB7}.Debug|x86.ActiveCfg = Debug|Any CPU
		{79EBB8F1-5D80-4EA1-9100-EBDC1EC51CB7}.Debug|x86.Build.0 = Debug|Any CPU
		{79EBB8F1-5D80-4EA1-9100-EBDC1EC51CB7}.Release|Any CPU.ActiveCfg = Release|Any CPU
		{79EBB8F1-5D80-4EA1-9100-EBDC1EC51CB7}.Release|Any CPU.Build.0 = Release|Any CPU
		{79EBB8F1-5D80-4EA1-9100-EBDC1EC51CB7}.Release|ARM.ActiveCfg = Release|Any CPU
		{79EBB8F1-5D80-4EA1-9100-EBDC1EC51CB7}.Release|ARM.Build.0 = Release|Any CPU
		{79EBB8F1-5D80-4EA1-9100-EBDC1EC51CB7}.Release|iPhone.ActiveCfg = Release|Any CPU
		{79EBB8F1-5D80-4EA1-9100-EBDC1EC51CB7}.Release|iPhone.Build.0 = Release|Any CPU
		{79EBB8F1-5D80-4EA1-9100-EBDC1EC51CB7}.Release|iPhoneSimulator.ActiveCfg = Release|Any CPU
		{79EBB8F1-5D80-4EA1-9100-EBDC1EC51CB7}.Release|iPhoneSimulator.Build.0 = Release|Any CPU
		{79EBB8F1-5D80-4EA1-9100-EBDC1EC51CB7}.Release|x64.ActiveCfg = Release|Any CPU
		{79EBB8F1-5D80-4EA1-9100-EBDC1EC51CB7}.Release|x64.Build.0 = Release|Any CPU
		{79EBB8F1-5D80-4EA1-9100-EBDC1EC51CB7}.Release|x86.ActiveCfg = Release|Any CPU
		{79EBB8F1-5D80-4EA1-9100-EBDC1EC51CB7}.Release|x86.Build.0 = Release|Any CPU
		{79EBB8F1-5D80-4EA1-9100-EBDC1EC51CB7}.Test|Any CPU.ActiveCfg = Test|Any CPU
		{79EBB8F1-5D80-4EA1-9100-EBDC1EC51CB7}.Test|Any CPU.Build.0 = Test|Any CPU
		{79EBB8F1-5D80-4EA1-9100-EBDC1EC51CB7}.Test|ARM.ActiveCfg = Test|Any CPU
		{79EBB8F1-5D80-4EA1-9100-EBDC1EC51CB7}.Test|ARM.Build.0 = Test|Any CPU
		{79EBB8F1-5D80-4EA1-9100-EBDC1EC51CB7}.Test|iPhone.ActiveCfg = Test|Any CPU
		{79EBB8F1-5D80-4EA1-9100-EBDC1EC51CB7}.Test|iPhone.Build.0 = Test|Any CPU
		{79EBB8F1-5D80-4EA1-9100-EBDC1EC51CB7}.Test|iPhoneSimulator.ActiveCfg = Test|Any CPU
		{79EBB8F1-5D80-4EA1-9100-EBDC1EC51CB7}.Test|iPhoneSimulator.Build.0 = Test|Any CPU
		{79EBB8F1-5D80-4EA1-9100-EBDC1EC51CB7}.Test|x64.ActiveCfg = Test|Any CPU
		{79EBB8F1-5D80-4EA1-9100-EBDC1EC51CB7}.Test|x64.Build.0 = Test|Any CPU
		{79EBB8F1-5D80-4EA1-9100-EBDC1EC51CB7}.Test|x86.ActiveCfg = Test|Any CPU
		{79EBB8F1-5D80-4EA1-9100-EBDC1EC51CB7}.Test|x86.Build.0 = Test|Any CPU
	EndGlobalSection
	GlobalSection(SolutionProperties) = preSolution
		HideSolutionNode = FALSE
	EndGlobalSection
	GlobalSection(NestedProjects) = preSolution
		{E6C50355-D01E-4CAA-884D-D7929861315C} = {44FE5A77-93A0-4440-B0FE-D064C6C9FB34}
		{67F9D3A8-F71E-4428-913F-C37AE82CDB24} = {44FE5A77-93A0-4440-B0FE-D064C6C9FB34}
		{79EBB8F1-5D80-4EA1-9100-EBDC1EC51CB7} = {44FE5A77-93A0-4440-B0FE-D064C6C9FB34}
	EndGlobalSection
EndGlobal
