
Microsoft Visual Studio Solution File, Format Version 12.00
# Visual Studio 14
VisualStudioVersion = 14.0.25420.1
MinimumVisualStudioVersion = 10.0.40219.1
Project("{FAE04EC0-301F-11D3-BF4B-00C04F79EFBC}") = "HelloPrism", "HelloPrism\HelloPrism\HelloPrism.csproj", "{3994F925-1893-4FB7-BF2D-B728D9027A23}"
EndProject
Project("{FAE04EC0-301F-11D3-BF4B-00C04F79EFBC}") = "HelloPrism.Droid", "HelloPrism\HelloPrism.Droid\HelloPrism.Droid.csproj", "{EDDC76A0-D3BC-4A96-B5D5-8E78EE01B69A}"
EndProject
Project("{FAE04EC0-301F-11D3-BF4B-00C04F79EFBC}") = "HelloPrism.iOS", "HelloPrism\HelloPrism.iOS\HelloPrism.iOS.csproj", "{CED15314-C390-4E28-AEEE-1AE666E5A2B8}"
EndProject
Project("{FAE04EC0-301F-11D3-BF4B-00C04F79EFBC}") = "HelloPrism.UWP", "HelloPrism\HelloPrism.UWP\HelloPrism.UWP.csproj", "{0E351BF9-54CA-48CA-B2B2-E6E3FDF3C738}"
EndProject
Global
	GlobalSection(SolutionConfigurationPlatforms) = preSolution
		Ad-Hoc|Any CPU = Ad-Hoc|Any CPU
		Ad-Hoc|ARM = Ad-Hoc|ARM
		Ad-Hoc|iPhone = Ad-Hoc|iPhone
		Ad-Hoc|iPhoneSimulator = Ad-Hoc|iPhoneSimulator
		Ad-Hoc|x64 = Ad-Hoc|x64
		Ad-Hoc|x86 = Ad-Hoc|x86
		AppStore|Any CPU = AppStore|Any CPU
		AppStore|ARM = AppStore|ARM
		AppStore|iPhone = AppStore|iPhone
		AppStore|iPhoneSimulator = AppStore|iPhoneSimulator
		AppStore|x64 = AppStore|x64
		AppStore|x86 = AppStore|x86
		Debug|Any CPU = Debug|Any CPU
		Debug|ARM = Debug|ARM
		Debug|iPhone = Debug|iPhone
		Debug|iPhoneSimulator = Debug|iPhoneSimulator
		Debug|x64 = Debug|x64
		Debug|x86 = Debug|x86
		Release|Any CPU = Release|Any CPU
		Release|ARM = Release|ARM
		Release|iPhone = Release|iPhone
		Release|iPhoneSimulator = Release|iPhoneSimulator
		Release|x64 = Release|x64
		Release|x86 = Release|x86
	EndGlobalSection
	GlobalSection(ProjectConfigurationPlatforms) = postSolution
		{3994F925-1893-4FB7-BF2D-B728D9027A23}.Ad-Hoc|Any CPU.ActiveCfg = Release|Any CPU
		{3994F925-1893-4FB7-BF2D-B728D9027A23}.Ad-Hoc|Any CPU.Build.0 = Release|Any CPU
		{3994F925-1893-4FB7-BF2D-B728D9027A23}.Ad-Hoc|ARM.ActiveCfg = Release|Any CPU
		{3994F925-1893-4FB7-BF2D-B728D9027A23}.Ad-Hoc|ARM.Build.0 = Release|Any CPU
		{3994F925-1893-4FB7-BF2D-B728D9027A23}.Ad-Hoc|iPhone.ActiveCfg = Release|Any CPU
		{3994F925-1893-4FB7-BF2D-B728D9027A23}.Ad-Hoc|iPhone.Build.0 = Release|Any CPU
		{3994F925-1893-4FB7-BF2D-B728D9027A23}.Ad-Hoc|iPhoneSimulator.ActiveCfg = Release|Any CPU
		{3994F925-1893-4FB7-BF2D-B728D9027A23}.Ad-Hoc|iPhoneSimulator.Build.0 = Release|Any CPU
		{3994F925-1893-4FB7-BF2D-B728D9027A23}.Ad-Hoc|x64.ActiveCfg = Release|Any CPU
		{3994F925-1893-4FB7-BF2D-B728D9027A23}.Ad-Hoc|x64.Build.0 = Release|Any CPU
		{3994F925-1893-4FB7-BF2D-B728D9027A23}.Ad-Hoc|x86.ActiveCfg = Release|Any CPU
		{3994F925-1893-4FB7-BF2D-B728D9027A23}.Ad-Hoc|x86.Build.0 = Release|Any CPU
		{3994F925-1893-4FB7-BF2D-B728D9027A23}.AppStore|Any CPU.ActiveCfg = Release|Any CPU
		{3994F925-1893-4FB7-BF2D-B728D9027A23}.AppStore|Any CPU.Build.0 = Release|Any CPU
		{3994F925-1893-4FB7-BF2D-B728D9027A23}.AppStore|ARM.ActiveCfg = Release|Any CPU
		{3994F925-1893-4FB7-BF2D-B728D9027A23}.AppStore|ARM.Build.0 = Release|Any CPU
		{3994F925-1893-4FB7-BF2D-B728D9027A23}.AppStore|iPhone.ActiveCfg = Release|Any CPU
		{3994F925-1893-4FB7-BF2D-B728D9027A23}.AppStore|iPhone.Build.0 = Release|Any CPU
		{3994F925-1893-4FB7-BF2D-B728D9027A23}.AppStore|iPhoneSimulator.ActiveCfg = Release|Any CPU
		{3994F925-1893-4FB7-BF2D-B728D9027A23}.AppStore|iPhoneSimulator.Build.0 = Release|Any CPU
		{3994F925-1893-4FB7-BF2D-B728D9027A23}.AppStore|x64.ActiveCfg = Release|Any CPU
		{3994F925-1893-4FB7-BF2D-B728D9027A23}.AppStore|x64.Build.0 = Release|Any CPU
		{3994F925-1893-4FB7-BF2D-B728D9027A23}.AppStore|x86.ActiveCfg = Release|Any CPU
		{3994F925-1893-4FB7-BF2D-B728D9027A23}.AppStore|x86.Build.0 = Release|Any CPU
		{3994F925-1893-4FB7-BF2D-B728D9027A23}.Debug|Any CPU.ActiveCfg = Debug|Any CPU
		{3994F925-1893-4FB7-BF2D-B728D9027A23}.Debug|Any CPU.Build.0 = Debug|Any CPU
		{3994F925-1893-4FB7-BF2D-B728D9027A23}.Debug|ARM.ActiveCfg = Debug|Any CPU
		{3994F925-1893-4FB7-BF2D-B728D9027A23}.Debug|ARM.Build.0 = Debug|Any CPU
		{3994F925-1893-4FB7-BF2D-B728D9027A23}.Debug|iPhone.ActiveCfg = Debug|Any CPU
		{3994F925-1893-4FB7-BF2D-B728D9027A23}.Debug|iPhone.Build.0 = Debug|Any CPU
		{3994F925-1893-4FB7-BF2D-B728D9027A23}.Debug|iPhoneSimulator.ActiveCfg = Debug|Any CPU
		{3994F925-1893-4FB7-BF2D-B728D9027A23}.Debug|iPhoneSimulator.Build.0 = Debug|Any CPU
		{3994F925-1893-4FB7-BF2D-B728D9027A23}.Debug|x64.ActiveCfg = Debug|Any CPU
		{3994F925-1893-4FB7-BF2D-B728D9027A23}.Debug|x64.Build.0 = Debug|Any CPU
		{3994F925-1893-4FB7-BF2D-B728D9027A23}.Debug|x86.ActiveCfg = Debug|Any CPU
		{3994F925-1893-4FB7-BF2D-B728D9027A23}.Debug|x86.Build.0 = Debug|Any CPU
		{3994F925-1893-4FB7-BF2D-B728D9027A23}.Release|Any CPU.ActiveCfg = Release|Any CPU
		{3994F925-1893-4FB7-BF2D-B728D9027A23}.Release|Any CPU.Build.0 = Release|Any CPU
		{3994F925-1893-4FB7-BF2D-B728D9027A23}.Release|ARM.ActiveCfg = Release|Any CPU
		{3994F925-1893-4FB7-BF2D-B728D9027A23}.Release|ARM.Build.0 = Release|Any CPU
		{3994F925-1893-4FB7-BF2D-B728D9027A23}.Release|iPhone.ActiveCfg = Release|Any CPU
		{3994F925-1893-4FB7-BF2D-B728D9027A23}.Release|iPhone.Build.0 = Release|Any CPU
		{3994F925-1893-4FB7-BF2D-B728D9027A23}.Release|iPhoneSimulator.ActiveCfg = Release|Any CPU
		{3994F925-1893-4FB7-BF2D-B728D9027A23}.Release|iPhoneSimulator.Build.0 = Release|Any CPU
		{3994F925-1893-4FB7-BF2D-B728D9027A23}.Release|x64.ActiveCfg = Release|Any CPU
		{3994F925-1893-4FB7-BF2D-B728D9027A23}.Release|x64.Build.0 = Release|Any CPU
		{3994F925-1893-4FB7-BF2D-B728D9027A23}.Release|x86.ActiveCfg = Release|Any CPU
		{3994F925-1893-4FB7-BF2D-B728D9027A23}.Release|x86.Build.0 = Release|Any CPU
		{EDDC76A0-D3BC-4A96-B5D5-8E78EE01B69A}.Ad-Hoc|Any CPU.ActiveCfg = Release|Any CPU
		{EDDC76A0-D3BC-4A96-B5D5-8E78EE01B69A}.Ad-Hoc|Any CPU.Build.0 = Release|Any CPU
		{EDDC76A0-D3BC-4A96-B5D5-8E78EE01B69A}.Ad-Hoc|Any CPU.Deploy.0 = Release|Any CPU
		{EDDC76A0-D3BC-4A96-B5D5-8E78EE01B69A}.Ad-Hoc|ARM.ActiveCfg = Release|Any CPU
		{EDDC76A0-D3BC-4A96-B5D5-8E78EE01B69A}.Ad-Hoc|ARM.Build.0 = Release|Any CPU
		{EDDC76A0-D3BC-4A96-B5D5-8E78EE01B69A}.Ad-Hoc|ARM.Deploy.0 = Release|Any CPU
		{EDDC76A0-D3BC-4A96-B5D5-8E78EE01B69A}.Ad-Hoc|iPhone.ActiveCfg = Release|Any CPU
		{EDDC76A0-D3BC-4A96-B5D5-8E78EE01B69A}.Ad-Hoc|iPhone.Build.0 = Release|Any CPU
		{EDDC76A0-D3BC-4A96-B5D5-8E78EE01B69A}.Ad-Hoc|iPhone.Deploy.0 = Release|Any CPU
		{EDDC76A0-D3BC-4A96-B5D5-8E78EE01B69A}.Ad-Hoc|iPhoneSimulator.ActiveCfg = Release|Any CPU
		{EDDC76A0-D3BC-4A96-B5D5-8E78EE01B69A}.Ad-Hoc|iPhoneSimulator.Build.0 = Release|Any CPU
		{EDDC76A0-D3BC-4A96-B5D5-8E78EE01B69A}.Ad-Hoc|iPhoneSimulator.Deploy.0 = Release|Any CPU
		{EDDC76A0-D3BC-4A96-B5D5-8E78EE01B69A}.Ad-Hoc|x64.ActiveCfg = Release|Any CPU
		{EDDC76A0-D3BC-4A96-B5D5-8E78EE01B69A}.Ad-Hoc|x64.Build.0 = Release|Any CPU
		{EDDC76A0-D3BC-4A96-B5D5-8E78EE01B69A}.Ad-Hoc|x64.Deploy.0 = Release|Any CPU
		{EDDC76A0-D3BC-4A96-B5D5-8E78EE01B69A}.Ad-Hoc|x86.ActiveCfg = Release|Any CPU
		{EDDC76A0-D3BC-4A96-B5D5-8E78EE01B69A}.Ad-Hoc|x86.Build.0 = Release|Any CPU
		{EDDC76A0-D3BC-4A96-B5D5-8E78EE01B69A}.Ad-Hoc|x86.Deploy.0 = Release|Any CPU
		{EDDC76A0-D3BC-4A96-B5D5-8E78EE01B69A}.AppStore|Any CPU.ActiveCfg = Release|Any CPU
		{EDDC76A0-D3BC-4A96-B5D5-8E78EE01B69A}.AppStore|Any CPU.Build.0 = Release|Any CPU
		{EDDC76A0-D3BC-4A96-B5D5-8E78EE01B69A}.AppStore|Any CPU.Deploy.0 = Release|Any CPU
		{EDDC76A0-D3BC-4A96-B5D5-8E78EE01B69A}.AppStore|ARM.ActiveCfg = Release|Any CPU
		{EDDC76A0-D3BC-4A96-B5D5-8E78EE01B69A}.AppStore|ARM.Build.0 = Release|Any CPU
		{EDDC76A0-D3BC-4A96-B5D5-8E78EE01B69A}.AppStore|ARM.Deploy.0 = Release|Any CPU
		{EDDC76A0-D3BC-4A96-B5D5-8E78EE01B69A}.AppStore|iPhone.ActiveCfg = Release|Any CPU
		{EDDC76A0-D3BC-4A96-B5D5-8E78EE01B69A}.AppStore|iPhone.Build.0 = Release|Any CPU
		{EDDC76A0-D3BC-4A96-B5D5-8E78EE01B69A}.AppStore|iPhone.Deploy.0 = Release|Any CPU
		{EDDC76A0-D3BC-4A96-B5D5-8E78EE01B69A}.AppStore|iPhoneSimulator.ActiveCfg = Release|Any CPU
		{EDDC76A0-D3BC-4A96-B5D5-8E78EE01B69A}.AppStore|iPhoneSimulator.Build.0 = Release|Any CPU
		{EDDC76A0-D3BC-4A96-B5D5-8E78EE01B69A}.AppStore|iPhoneSimulator.Deploy.0 = Release|Any CPU
		{EDDC76A0-D3BC-4A96-B5D5-8E78EE01B69A}.AppStore|x64.ActiveCfg = Release|Any CPU
		{EDDC76A0-D3BC-4A96-B5D5-8E78EE01B69A}.AppStore|x64.Build.0 = Release|Any CPU
		{EDDC76A0-D3BC-4A96-B5D5-8E78EE01B69A}.AppStore|x64.Deploy.0 = Release|Any CPU
		{EDDC76A0-D3BC-4A96-B5D5-8E78EE01B69A}.AppStore|x86.ActiveCfg = Release|Any CPU
		{EDDC76A0-D3BC-4A96-B5D5-8E78EE01B69A}.AppStore|x86.Build.0 = Release|Any CPU
		{EDDC76A0-D3BC-4A96-B5D5-8E78EE01B69A}.AppStore|x86.Deploy.0 = Release|Any CPU
		{EDDC76A0-D3BC-4A96-B5D5-8E78EE01B69A}.Debug|Any CPU.ActiveCfg = Debug|Any CPU
		{EDDC76A0-D3BC-4A96-B5D5-8E78EE01B69A}.Debug|Any CPU.Build.0 = Debug|Any CPU
		{EDDC76A0-D3BC-4A96-B5D5-8E78EE01B69A}.Debug|Any CPU.Deploy.0 = Debug|Any CPU
		{EDDC76A0-D3BC-4A96-B5D5-8E78EE01B69A}.Debug|ARM.ActiveCfg = Debug|Any CPU
		{EDDC76A0-D3BC-4A96-B5D5-8E78EE01B69A}.Debug|ARM.Build.0 = Debug|Any CPU
		{EDDC76A0-D3BC-4A96-B5D5-8E78EE01B69A}.Debug|ARM.Deploy.0 = Debug|Any CPU
		{EDDC76A0-D3BC-4A96-B5D5-8E78EE01B69A}.Debug|iPhone.ActiveCfg = Debug|Any CPU
		{EDDC76A0-D3BC-4A96-B5D5-8E78EE01B69A}.Debug|iPhone.Build.0 = Debug|Any CPU
		{EDDC76A0-D3BC-4A96-B5D5-8E78EE01B69A}.Debug|iPhone.Deploy.0 = Debug|Any CPU
		{EDDC76A0-D3BC-4A96-B5D5-8E78EE01B69A}.Debug|iPhoneSimulator.ActiveCfg = Debug|Any CPU
		{EDDC76A0-D3BC-4A96-B5D5-8E78EE01B69A}.Debug|iPhoneSimulator.Build.0 = Debug|Any CPU
		{EDDC76A0-D3BC-4A96-B5D5-8E78EE01B69A}.Debug|iPhoneSimulator.Deploy.0 = Debug|Any CPU
		{EDDC76A0-D3BC-4A96-B5D5-8E78EE01B69A}.Debug|x64.ActiveCfg = Debug|Any CPU
		{EDDC76A0-D3BC-4A96-B5D5-8E78EE01B69A}.Debug|x64.Build.0 = Debug|Any CPU
		{EDDC76A0-D3BC-4A96-B5D5-8E78EE01B69A}.Debug|x64.Deploy.0 = Debug|Any CPU
		{EDDC76A0-D3BC-4A96-B5D5-8E78EE01B69A}.Debug|x86.ActiveCfg = Debug|Any CPU
		{EDDC76A0-D3BC-4A96-B5D5-8E78EE01B69A}.Debug|x86.Build.0 = Debug|Any CPU
		{EDDC76A0-D3BC-4A96-B5D5-8E78EE01B69A}.Debug|x86.Deploy.0 = Debug|Any CPU
		{EDDC76A0-D3BC-4A96-B5D5-8E78EE01B69A}.Release|Any CPU.ActiveCfg = Release|Any CPU
		{EDDC76A0-D3BC-4A96-B5D5-8E78EE01B69A}.Release|Any CPU.Build.0 = Release|Any CPU
		{EDDC76A0-D3BC-4A96-B5D5-8E78EE01B69A}.Release|Any CPU.Deploy.0 = Release|Any CPU
		{EDDC76A0-D3BC-4A96-B5D5-8E78EE01B69A}.Release|ARM.ActiveCfg = Release|Any CPU
		{EDDC76A0-D3BC-4A96-B5D5-8E78EE01B69A}.Release|ARM.Build.0 = Release|Any CPU
		{EDDC76A0-D3BC-4A96-B5D5-8E78EE01B69A}.Release|ARM.Deploy.0 = Release|Any CPU
		{EDDC76A0-D3BC-4A96-B5D5-8E78EE01B69A}.Release|iPhone.ActiveCfg = Release|Any CPU
		{EDDC76A0-D3BC-4A96-B5D5-8E78EE01B69A}.Release|iPhone.Build.0 = Release|Any CPU
		{EDDC76A0-D3BC-4A96-B5D5-8E78EE01B69A}.Release|iPhone.Deploy.0 = Release|Any CPU
		{EDDC76A0-D3BC-4A96-B5D5-8E78EE01B69A}.Release|iPhoneSimulator.ActiveCfg = Release|Any CPU
		{EDDC76A0-D3BC-4A96-B5D5-8E78EE01B69A}.Release|iPhoneSimulator.Build.0 = Release|Any CPU
		{EDDC76A0-D3BC-4A96-B5D5-8E78EE01B69A}.Release|iPhoneSimulator.Deploy.0 = Release|Any CPU
		{EDDC76A0-D3BC-4A96-B5D5-8E78EE01B69A}.Release|x64.ActiveCfg = Release|Any CPU
		{EDDC76A0-D3BC-4A96-B5D5-8E78EE01B69A}.Release|x64.Build.0 = Release|Any CPU
		{EDDC76A0-D3BC-4A96-B5D5-8E78EE01B69A}.Release|x64.Deploy.0 = Release|Any CPU
		{EDDC76A0-D3BC-4A96-B5D5-8E78EE01B69A}.Release|x86.ActiveCfg = Release|Any CPU
		{EDDC76A0-D3BC-4A96-B5D5-8E78EE01B69A}.Release|x86.Build.0 = Release|Any CPU
		{EDDC76A0-D3BC-4A96-B5D5-8E78EE01B69A}.Release|x86.Deploy.0 = Release|Any CPU
		{CED15314-C390-4E28-AEEE-1AE666E5A2B8}.Ad-Hoc|Any CPU.ActiveCfg = Ad-Hoc|iPhone
		{CED15314-C390-4E28-AEEE-1AE666E5A2B8}.Ad-Hoc|ARM.ActiveCfg = Ad-Hoc|iPhone
		{CED15314-C390-4E28-AEEE-1AE666E5A2B8}.Ad-Hoc|iPhone.ActiveCfg = Ad-Hoc|iPhone
		{CED15314-C390-4E28-AEEE-1AE666E5A2B8}.Ad-Hoc|iPhone.Build.0 = Ad-Hoc|iPhone
		{CED15314-C390-4E28-AEEE-1AE666E5A2B8}.Ad-Hoc|iPhoneSimulator.ActiveCfg = Ad-Hoc|iPhoneSimulator
		{CED15314-C390-4E28-AEEE-1AE666E5A2B8}.Ad-Hoc|iPhoneSimulator.Build.0 = Ad-Hoc|iPhoneSimulator
		{CED15314-C390-4E28-AEEE-1AE666E5A2B8}.Ad-Hoc|x64.ActiveCfg = Ad-Hoc|iPhone
		{CED15314-C390-4E28-AEEE-1AE666E5A2B8}.Ad-Hoc|x86.ActiveCfg = Ad-Hoc|iPhone
		{CED15314-C390-4E28-AEEE-1AE666E5A2B8}.AppStore|Any CPU.ActiveCfg = AppStore|iPhone
		{CED15314-C390-4E28-AEEE-1AE666E5A2B8}.AppStore|ARM.ActiveCfg = AppStore|iPhone
		{CED15314-C390-4E28-AEEE-1AE666E5A2B8}.AppStore|iPhone.ActiveCfg = AppStore|iPhone
		{CED15314-C390-4E28-AEEE-1AE666E5A2B8}.AppStore|iPhone.Build.0 = AppStore|iPhone
		{CED15314-C390-4E28-AEEE-1AE666E5A2B8}.AppStore|iPhoneSimulator.ActiveCfg = AppStore|iPhoneSimulator
		{CED15314-C390-4E28-AEEE-1AE666E5A2B8}.AppStore|iPhoneSimulator.Build.0 = AppStore|iPhoneSimulator
		{CED15314-C390-4E28-AEEE-1AE666E5A2B8}.AppStore|x64.ActiveCfg = AppStore|iPhone
		{CED15314-C390-4E28-AEEE-1AE666E5A2B8}.AppStore|x86.ActiveCfg = AppStore|iPhone
		{CED15314-C390-4E28-AEEE-1AE666E5A2B8}.Debug|Any CPU.ActiveCfg = Debug|iPhone
		{CED15314-C390-4E28-AEEE-1AE666E5A2B8}.Debug|ARM.ActiveCfg = Debug|iPhone
		{CED15314-C390-4E28-AEEE-1AE666E5A2B8}.Debug|iPhone.ActiveCfg = Debug|iPhone
		{CED15314-C390-4E28-AEEE-1AE666E5A2B8}.Debug|iPhone.Build.0 = Debug|iPhone
		{CED15314-C390-4E28-AEEE-1AE666E5A2B8}.Debug|iPhoneSimulator.ActiveCfg = Debug|iPhoneSimulator
		{CED15314-C390-4E28-AEEE-1AE666E5A2B8}.Debug|iPhoneSimulator.Build.0 = Debug|iPhoneSimulator
		{CED15314-C390-4E28-AEEE-1AE666E5A2B8}.Debug|x64.ActiveCfg = Debug|iPhone
		{CED15314-C390-4E28-AEEE-1AE666E5A2B8}.Debug|x86.ActiveCfg = Debug|iPhone
		{CED15314-C390-4E28-AEEE-1AE666E5A2B8}.Release|Any CPU.ActiveCfg = Release|iPhone
		{CED15314-C390-4E28-AEEE-1AE666E5A2B8}.Release|ARM.ActiveCfg = Release|iPhone
		{CED15314-C390-4E28-AEEE-1AE666E5A2B8}.Release|iPhone.ActiveCfg = Release|iPhone
		{CED15314-C390-4E28-AEEE-1AE666E5A2B8}.Release|iPhone.Build.0 = Release|iPhone
		{CED15314-C390-4E28-AEEE-1AE666E5A2B8}.Release|iPhoneSimulator.ActiveCfg = Release|iPhoneSimulator
		{CED15314-C390-4E28-AEEE-1AE666E5A2B8}.Release|iPhoneSimulator.Build.0 = Release|iPhoneSimulator
		{CED15314-C390-4E28-AEEE-1AE666E5A2B8}.Release|x64.ActiveCfg = Release|iPhone
		{CED15314-C390-4E28-AEEE-1AE666E5A2B8}.Release|x86.ActiveCfg = Release|iPhone
		{0E351BF9-54CA-48CA-B2B2-E6E3FDF3C738}.Ad-Hoc|Any CPU.ActiveCfg = Release|x86
		{0E351BF9-54CA-48CA-B2B2-E6E3FDF3C738}.Ad-Hoc|Any CPU.Build.0 = Release|x86
		{0E351BF9-54CA-48CA-B2B2-E6E3FDF3C738}.Ad-Hoc|Any CPU.Deploy.0 = Release|x86
		{0E351BF9-54CA-48CA-B2B2-E6E3FDF3C738}.Ad-Hoc|ARM.ActiveCfg = Release|ARM
		{0E351BF9-54CA-48CA-B2B2-E6E3FDF3C738}.Ad-Hoc|ARM.Build.0 = Release|ARM
		{0E351BF9-54CA-48CA-B2B2-E6E3FDF3C738}.Ad-Hoc|ARM.Deploy.0 = Release|ARM
		{0E351BF9-54CA-48CA-B2B2-E6E3FDF3C738}.Ad-Hoc|iPhone.ActiveCfg = Release|x86
		{0E351BF9-54CA-48CA-B2B2-E6E3FDF3C738}.Ad-Hoc|iPhone.Build.0 = Release|x86
		{0E351BF9-54CA-48CA-B2B2-E6E3FDF3C738}.Ad-Hoc|iPhone.Deploy.0 = Release|x86
		{0E351BF9-54CA-48CA-B2B2-E6E3FDF3C738}.Ad-Hoc|iPhoneSimulator.ActiveCfg = Release|x86
		{0E351BF9-54CA-48CA-B2B2-E6E3FDF3C738}.Ad-Hoc|iPhoneSimulator.Build.0 = Release|x86
		{0E351BF9-54CA-48CA-B2B2-E6E3FDF3C738}.Ad-Hoc|iPhoneSimulator.Deploy.0 = Release|x86
		{0E351BF9-54CA-48CA-B2B2-E6E3FDF3C738}.Ad-Hoc|x64.ActiveCfg = Release|x64
		{0E351BF9-54CA-48CA-B2B2-E6E3FDF3C738}.Ad-Hoc|x64.Build.0 = Release|x64
		{0E351BF9-54CA-48CA-B2B2-E6E3FDF3C738}.Ad-Hoc|x64.Deploy.0 = Release|x64
		{0E351BF9-54CA-48CA-B2B2-E6E3FDF3C738}.Ad-Hoc|x86.ActiveCfg = Release|x86
		{0E351BF9-54CA-48CA-B2B2-E6E3FDF3C738}.Ad-Hoc|x86.Build.0 = Release|x86
		{0E351BF9-54CA-48CA-B2B2-E6E3FDF3C738}.Ad-Hoc|x86.Deploy.0 = Release|x86
		{0E351BF9-54CA-48CA-B2B2-E6E3FDF3C738}.AppStore|Any CPU.ActiveCfg = Release|x86
		{0E351BF9-54CA-48CA-B2B2-E6E3FDF3C738}.AppStore|Any CPU.Build.0 = Release|x86
		{0E351BF9-54CA-48CA-B2B2-E6E3FDF3C738}.AppStore|Any CPU.Deploy.0 = Release|x86
		{0E351BF9-54CA-48CA-B2B2-E6E3FDF3C738}.AppStore|ARM.ActiveCfg = Release|ARM
		{0E351BF9-54CA-48CA-B2B2-E6E3FDF3C738}.AppStore|ARM.Build.0 = Release|ARM
		{0E351BF9-54CA-48CA-B2B2-E6E3FDF3C738}.AppStore|ARM.Deploy.0 = Release|ARM
		{0E351BF9-54CA-48CA-B2B2-E6E3FDF3C738}.AppStore|iPhone.ActiveCfg = Release|x86
		{0E351BF9-54CA-48CA-B2B2-E6E3FDF3C738}.AppStore|iPhone.Build.0 = Release|x86
		{0E351BF9-54CA-48CA-B2B2-E6E3FDF3C738}.AppStore|iPhone.Deploy.0 = Release|x86
		{0E351BF9-54CA-48CA-B2B2-E6E3FDF3C738}.AppStore|iPhoneSimulator.ActiveCfg = Release|x86
		{0E351BF9-54CA-48CA-B2B2-E6E3FDF3C738}.AppStore|iPhoneSimulator.Build.0 = Release|x86
		{0E351BF9-54CA-48CA-B2B2-E6E3FDF3C738}.AppStore|iPhoneSimulator.Deploy.0 = Release|x86
		{0E351BF9-54CA-48CA-B2B2-E6E3FDF3C738}.AppStore|x64.ActiveCfg = Release|x64
		{0E351BF9-54CA-48CA-B2B2-E6E3FDF3C738}.AppStore|x64.Build.0 = Release|x64
		{0E351BF9-54CA-48CA-B2B2-E6E3FDF3C738}.AppStore|x64.Deploy.0 = Release|x64
		{0E351BF9-54CA-48CA-B2B2-E6E3FDF3C738}.AppStore|x86.ActiveCfg = Release|x86
		{0E351BF9-54CA-48CA-B2B2-E6E3FDF3C738}.AppStore|x86.Build.0 = Release|x86
		{0E351BF9-54CA-48CA-B2B2-E6E3FDF3C738}.AppStore|x86.Deploy.0 = Release|x86
		{0E351BF9-54CA-48CA-B2B2-E6E3FDF3C738}.Debug|Any CPU.ActiveCfg = Debug|x86
		{0E351BF9-54CA-48CA-B2B2-E6E3FDF3C738}.Debug|ARM.ActiveCfg = Debug|ARM
		{0E351BF9-54CA-48CA-B2B2-E6E3FDF3C738}.Debug|ARM.Build.0 = Debug|ARM
		{0E351BF9-54CA-48CA-B2B2-E6E3FDF3C738}.Debug|ARM.Deploy.0 = Debug|ARM
		{0E351BF9-54CA-48CA-B2B2-E6E3FDF3C738}.Debug|iPhone.ActiveCfg = Debug|x86
		{0E351BF9-54CA-48CA-B2B2-E6E3FDF3C738}.Debug|iPhoneSimulator.ActiveCfg = Debug|x86
		{0E351BF9-54CA-48CA-B2B2-E6E3FDF3C738}.Debug|x64.ActiveCfg = Debug|x64
		{0E351BF9-54CA-48CA-B2B2-E6E3FDF3C738}.Debug|x64.Build.0 = Debug|x64
		{0E351BF9-54CA-48CA-B2B2-E6E3FDF3C738}.Debug|x64.Deploy.0 = Debug|x64
		{0E351BF9-54CA-48CA-B2B2-E6E3FDF3C738}.Debug|x86.ActiveCfg = Debug|x86
		{0E351BF9-54CA-48CA-B2B2-E6E3FDF3C738}.Debug|x86.Build.0 = Debug|x86
		{0E351BF9-54CA-48CA-B2B2-E6E3FDF3C738}.Debug|x86.Deploy.0 = Debug|x86
		{0E351BF9-54CA-48CA-B2B2-E6E3FDF3C738}.Release|Any CPU.ActiveCfg = Release|x86
		{0E351BF9-54CA-48CA-B2B2-E6E3FDF3C738}.Release|ARM.ActiveCfg = Release|ARM
		{0E351BF9-54CA-48CA-B2B2-E6E3FDF3C738}.Release|ARM.Build.0 = Release|ARM
		{0E351BF9-54CA-48CA-B2B2-E6E3FDF3C738}.Release|ARM.Deploy.0 = Release|ARM
		{0E351BF9-54CA-48CA-B2B2-E6E3FDF3C738}.Release|iPhone.ActiveCfg = Release|x86
		{0E351BF9-54CA-48CA-B2B2-E6E3FDF3C738}.Release|iPhoneSimulator.ActiveCfg = Release|x86
		{0E351BF9-54CA-48CA-B2B2-E6E3FDF3C738}.Release|x64.ActiveCfg = Release|x64
		{0E351BF9-54CA-48CA-B2B2-E6E3FDF3C738}.Release|x64.Build.0 = Release|x64
		{0E351BF9-54CA-48CA-B2B2-E6E3FDF3C738}.Release|x64.Deploy.0 = Release|x64
		{0E351BF9-54CA-48CA-B2B2-E6E3FDF3C738}.Release|x86.ActiveCfg = Release|x86
		{0E351BF9-54CA-48CA-B2B2-E6E3FDF3C738}.Release|x86.Build.0 = Release|x86
		{0E351BF9-54CA-48CA-B2B2-E6E3FDF3C738}.Release|x86.Deploy.0 = Release|x86
	EndGlobalSection
	GlobalSection(SolutionProperties) = preSolution
		HideSolutionNode = FALSE
	EndGlobalSection
EndGlobal
