
Microsoft Visual Studio Solution File, Format Version 12.00
# Visual Studio 14
VisualStudioVersion = 14.0.25420.1
MinimumVisualStudioVersion = 10.0.40219.1
Project("{FAE04EC0-301F-11D3-BF4B-00C04F79EFBC}") = "NavigationService", "NavigationService\NavigationService\NavigationService.csproj", "{B8911C40-5867-4634-8AAA-F93F32CC1FB2}"
EndProject
Project("{FAE04EC0-301F-11D3-BF4B-00C04F79EFBC}") = "NavigationService.Droid", "NavigationService\NavigationService.Droid\NavigationService.Droid.csproj", "{972197F5-FB1B-43A4-9C10-8B0EA9A2C1B1}"
EndProject
Project("{FAE04EC0-301F-11D3-BF4B-00C04F79EFBC}") = "NavigationService.iOS", "NavigationService\NavigationService.iOS\NavigationService.iOS.csproj", "{F7522D54-3437-47DD-92E8-56A3F1F9B7A9}"
EndProject
Project("{FAE04EC0-301F-11D3-BF4B-00C04F79EFBC}") = "NavigationService.UWP", "NavigationService\NavigationService.UWP\NavigationService.UWP.csproj", "{5CBED34A-ABD2-471F-BD7E-40A34F3EA207}"
EndProject
Global
	GlobalSection(SolutionConfigurationPlatforms) = preSolution
		Ad-Hoc|Any CPU = Ad-Hoc|Any CPU
		Ad-Hoc|ARM = Ad-Hoc|ARM
		Ad-Hoc|iPhone = Ad-Hoc|iPhone
		Ad-Hoc|iPhoneSimulator = Ad-Hoc|iPhoneSimulator
		Ad-Hoc|x64 = Ad-Hoc|x64
		Ad-Hoc|x86 = Ad-Hoc|x86
		AppStore|Any CPU = AppStore|Any CPU
		AppStore|ARM = AppStore|ARM
		AppStore|iPhone = AppStore|iPhone
		AppStore|iPhoneSimulator = AppStore|iPhoneSimulator
		AppStore|x64 = AppStore|x64
		AppStore|x86 = AppStore|x86
		Debug|Any CPU = Debug|Any CPU
		Debug|ARM = Debug|ARM
		Debug|iPhone = Debug|iPhone
		Debug|iPhoneSimulator = Debug|iPhoneSimulator
		Debug|x64 = Debug|x64
		Debug|x86 = Debug|x86
		Release|Any CPU = Release|Any CPU
		Release|ARM = Release|ARM
		Release|iPhone = Release|iPhone
		Release|iPhoneSimulator = Release|iPhoneSimulator
		Release|x64 = Release|x64
		Release|x86 = Release|x86
	EndGlobalSection
	GlobalSection(ProjectConfigurationPlatforms) = postSolution
		{B8911C40-5867-4634-8AAA-F93F32CC1FB2}.Ad-Hoc|Any CPU.ActiveCfg = Release|Any CPU
		{B8911C40-5867-4634-8AAA-F93F32CC1FB2}.Ad-Hoc|Any CPU.Build.0 = Release|Any CPU
		{B8911C40-5867-4634-8AAA-F93F32CC1FB2}.Ad-Hoc|ARM.ActiveCfg = Release|Any CPU
		{B8911C40-5867-4634-8AAA-F93F32CC1FB2}.Ad-Hoc|ARM.Build.0 = Release|Any CPU
		{B8911C40-5867-4634-8AAA-F93F32CC1FB2}.Ad-Hoc|iPhone.ActiveCfg = Release|Any CPU
		{B8911C40-5867-4634-8AAA-F93F32CC1FB2}.Ad-Hoc|iPhone.Build.0 = Release|Any CPU
		{B8911C40-5867-4634-8AAA-F93F32CC1FB2}.Ad-Hoc|iPhoneSimulator.ActiveCfg = Release|Any CPU
		{B8911C40-5867-4634-8AAA-F93F32CC1FB2}.Ad-Hoc|iPhoneSimulator.Build.0 = Release|Any CPU
		{B8911C40-5867-4634-8AAA-F93F32CC1FB2}.Ad-Hoc|x64.ActiveCfg = Release|Any CPU
		{B8911C40-5867-4634-8AAA-F93F32CC1FB2}.Ad-Hoc|x64.Build.0 = Release|Any CPU
		{B8911C40-5867-4634-8AAA-F93F32CC1FB2}.Ad-Hoc|x86.ActiveCfg = Release|Any CPU
		{B8911C40-5867-4634-8AAA-F93F32CC1FB2}.Ad-Hoc|x86.Build.0 = Release|Any CPU
		{B8911C40-5867-4634-8AAA-F93F32CC1FB2}.AppStore|Any CPU.ActiveCfg = Release|Any CPU
		{B8911C40-5867-4634-8AAA-F93F32CC1FB2}.AppStore|Any CPU.Build.0 = Release|Any CPU
		{B8911C40-5867-4634-8AAA-F93F32CC1FB2}.AppStore|ARM.ActiveCfg = Release|Any CPU
		{B8911C40-5867-4634-8AAA-F93F32CC1FB2}.AppStore|ARM.Build.0 = Release|Any CPU
		{B8911C40-5867-4634-8AAA-F93F32CC1FB2}.AppStore|iPhone.ActiveCfg = Release|Any CPU
		{B8911C40-5867-4634-8AAA-F93F32CC1FB2}.AppStore|iPhone.Build.0 = Release|Any CPU
		{B8911C40-5867-4634-8AAA-F93F32CC1FB2}.AppStore|iPhoneSimulator.ActiveCfg = Release|Any CPU
		{B8911C40-5867-4634-8AAA-F93F32CC1FB2}.AppStore|iPhoneSimulator.Build.0 = Release|Any CPU
		{B8911C40-5867-4634-8AAA-F93F32CC1FB2}.AppStore|x64.ActiveCfg = Release|Any CPU
		{B8911C40-5867-4634-8AAA-F93F32CC1FB2}.AppStore|x64.Build.0 = Release|Any CPU
		{B8911C40-5867-4634-8AAA-F93F32CC1FB2}.AppStore|x86.ActiveCfg = Release|Any CPU
		{B8911C40-5867-4634-8AAA-F93F32CC1FB2}.AppStore|x86.Build.0 = Release|Any CPU
		{B8911C40-5867-4634-8AAA-F93F32CC1FB2}.Debug|Any CPU.ActiveCfg = Debug|Any CPU
		{B8911C40-5867-4634-8AAA-F93F32CC1FB2}.Debug|Any CPU.Build.0 = Debug|Any CPU
		{B8911C40-5867-4634-8AAA-F93F32CC1FB2}.Debug|ARM.ActiveCfg = Debug|Any CPU
		{B8911C40-5867-4634-8AAA-F93F32CC1FB2}.Debug|ARM.Build.0 = Debug|Any CPU
		{B8911C40-5867-4634-8AAA-F93F32CC1FB2}.Debug|iPhone.ActiveCfg = Debug|Any CPU
		{B8911C40-5867-4634-8AAA-F93F32CC1FB2}.Debug|iPhone.Build.0 = Debug|Any CPU
		{B8911C40-5867-4634-8AAA-F93F32CC1FB2}.Debug|iPhoneSimulator.ActiveCfg = Debug|Any CPU
		{B8911C40-5867-4634-8AAA-F93F32CC1FB2}.Debug|iPhoneSimulator.Build.0 = Debug|Any CPU
		{B8911C40-5867-4634-8AAA-F93F32CC1FB2}.Debug|x64.ActiveCfg = Debug|Any CPU
		{B8911C40-5867-4634-8AAA-F93F32CC1FB2}.Debug|x64.Build.0 = Debug|Any CPU
		{B8911C40-5867-4634-8AAA-F93F32CC1FB2}.Debug|x86.ActiveCfg = Debug|Any CPU
		{B8911C40-5867-4634-8AAA-F93F32CC1FB2}.Debug|x86.Build.0 = Debug|Any CPU
		{B8911C40-5867-4634-8AAA-F93F32CC1FB2}.Release|Any CPU.ActiveCfg = Release|Any CPU
		{B8911C40-5867-4634-8AAA-F93F32CC1FB2}.Release|Any CPU.Build.0 = Release|Any CPU
		{B8911C40-5867-4634-8AAA-F93F32CC1FB2}.Release|ARM.ActiveCfg = Release|Any CPU
		{B8911C40-5867-4634-8AAA-F93F32CC1FB2}.Release|ARM.Build.0 = Release|Any CPU
		{B8911C40-5867-4634-8AAA-F93F32CC1FB2}.Release|iPhone.ActiveCfg = Release|Any CPU
		{B8911C40-5867-4634-8AAA-F93F32CC1FB2}.Release|iPhone.Build.0 = Release|Any CPU
		{B8911C40-5867-4634-8AAA-F93F32CC1FB2}.Release|iPhoneSimulator.ActiveCfg = Release|Any CPU
		{B8911C40-5867-4634-8AAA-F93F32CC1FB2}.Release|iPhoneSimulator.Build.0 = Release|Any CPU
		{B8911C40-5867-4634-8AAA-F93F32CC1FB2}.Release|x64.ActiveCfg = Release|Any CPU
		{B8911C40-5867-4634-8AAA-F93F32CC1FB2}.Release|x64.Build.0 = Release|Any CPU
		{B8911C40-5867-4634-8AAA-F93F32CC1FB2}.Release|x86.ActiveCfg = Release|Any CPU
		{B8911C40-5867-4634-8AAA-F93F32CC1FB2}.Release|x86.Build.0 = Release|Any CPU
		{972197F5-FB1B-43A4-9C10-8B0EA9A2C1B1}.Ad-Hoc|Any CPU.ActiveCfg = Release|Any CPU
		{972197F5-FB1B-43A4-9C10-8B0EA9A2C1B1}.Ad-Hoc|Any CPU.Build.0 = Release|Any CPU
		{972197F5-FB1B-43A4-9C10-8B0EA9A2C1B1}.Ad-Hoc|Any CPU.Deploy.0 = Release|Any CPU
		{972197F5-FB1B-43A4-9C10-8B0EA9A2C1B1}.Ad-Hoc|ARM.ActiveCfg = Release|Any CPU
		{972197F5-FB1B-43A4-9C10-8B0EA9A2C1B1}.Ad-Hoc|ARM.Build.0 = Release|Any CPU
		{972197F5-FB1B-43A4-9C10-8B0EA9A2C1B1}.Ad-Hoc|ARM.Deploy.0 = Release|Any CPU
		{972197F5-FB1B-43A4-9C10-8B0EA9A2C1B1}.Ad-Hoc|iPhone.ActiveCfg = Release|Any CPU
		{972197F5-FB1B-43A4-9C10-8B0EA9A2C1B1}.Ad-Hoc|iPhone.Build.0 = Release|Any CPU
		{972197F5-FB1B-43A4-9C10-8B0EA9A2C1B1}.Ad-Hoc|iPhone.Deploy.0 = Release|Any CPU
		{972197F5-FB1B-43A4-9C10-8B0EA9A2C1B1}.Ad-Hoc|iPhoneSimulator.ActiveCfg = Release|Any CPU
		{972197F5-FB1B-43A4-9C10-8B0EA9A2C1B1}.Ad-Hoc|iPhoneSimulator.Build.0 = Release|Any CPU
		{972197F5-FB1B-43A4-9C10-8B0EA9A2C1B1}.Ad-Hoc|iPhoneSimulator.Deploy.0 = Release|Any CPU
		{972197F5-FB1B-43A4-9C10-8B0EA9A2C1B1}.Ad-Hoc|x64.ActiveCfg = Release|Any CPU
		{972197F5-FB1B-43A4-9C10-8B0EA9A2C1B1}.Ad-Hoc|x64.Build.0 = Release|Any CPU
		{972197F5-FB1B-43A4-9C10-8B0EA9A2C1B1}.Ad-Hoc|x64.Deploy.0 = Release|Any CPU
		{972197F5-FB1B-43A4-9C10-8B0EA9A2C1B1}.Ad-Hoc|x86.ActiveCfg = Release|Any CPU
		{972197F5-FB1B-43A4-9C10-8B0EA9A2C1B1}.Ad-Hoc|x86.Build.0 = Release|Any CPU
		{972197F5-FB1B-43A4-9C10-8B0EA9A2C1B1}.Ad-Hoc|x86.Deploy.0 = Release|Any CPU
		{972197F5-FB1B-43A4-9C10-8B0EA9A2C1B1}.AppStore|Any CPU.ActiveCfg = Release|Any CPU
		{972197F5-FB1B-43A4-9C10-8B0EA9A2C1B1}.AppStore|Any CPU.Build.0 = Release|Any CPU
		{972197F5-FB1B-43A4-9C10-8B0EA9A2C1B1}.AppStore|Any CPU.Deploy.0 = Release|Any CPU
		{972197F5-FB1B-43A4-9C10-8B0EA9A2C1B1}.AppStore|ARM.ActiveCfg = Release|Any CPU
		{972197F5-FB1B-43A4-9C10-8B0EA9A2C1B1}.AppStore|ARM.Build.0 = Release|Any CPU
		{972197F5-FB1B-43A4-9C10-8B0EA9A2C1B1}.AppStore|ARM.Deploy.0 = Release|Any CPU
		{972197F5-FB1B-43A4-9C10-8B0EA9A2C1B1}.AppStore|iPhone.ActiveCfg = Release|Any CPU
		{972197F5-FB1B-43A4-9C10-8B0EA9A2C1B1}.AppStore|iPhone.Build.0 = Release|Any CPU
		{972197F5-FB1B-43A4-9C10-8B0EA9A2C1B1}.AppStore|iPhone.Deploy.0 = Release|Any CPU
		{972197F5-FB1B-43A4-9C10-8B0EA9A2C1B1}.AppStore|iPhoneSimulator.ActiveCfg = Release|Any CPU
		{972197F5-FB1B-43A4-9C10-8B0EA9A2C1B1}.AppStore|iPhoneSimulator.Build.0 = Release|Any CPU
		{972197F5-FB1B-43A4-9C10-8B0EA9A2C1B1}.AppStore|iPhoneSimulator.Deploy.0 = Release|Any CPU
		{972197F5-FB1B-43A4-9C10-8B0EA9A2C1B1}.AppStore|x64.ActiveCfg = Release|Any CPU
		{972197F5-FB1B-43A4-9C10-8B0EA9A2C1B1}.AppStore|x64.Build.0 = Release|Any CPU
		{972197F5-FB1B-43A4-9C10-8B0EA9A2C1B1}.AppStore|x64.Deploy.0 = Release|Any CPU
		{972197F5-FB1B-43A4-9C10-8B0EA9A2C1B1}.AppStore|x86.ActiveCfg = Release|Any CPU
		{972197F5-FB1B-43A4-9C10-8B0EA9A2C1B1}.AppStore|x86.Build.0 = Release|Any CPU
		{972197F5-FB1B-43A4-9C10-8B0EA9A2C1B1}.AppStore|x86.Deploy.0 = Release|Any CPU
		{972197F5-FB1B-43A4-9C10-8B0EA9A2C1B1}.Debug|Any CPU.ActiveCfg = Debug|Any CPU
		{972197F5-FB1B-43A4-9C10-8B0EA9A2C1B1}.Debug|Any CPU.Build.0 = Debug|Any CPU
		{972197F5-FB1B-43A4-9C10-8B0EA9A2C1B1}.Debug|Any CPU.Deploy.0 = Debug|Any CPU
		{972197F5-FB1B-43A4-9C10-8B0EA9A2C1B1}.Debug|ARM.ActiveCfg = Debug|Any CPU
		{972197F5-FB1B-43A4-9C10-8B0EA9A2C1B1}.Debug|ARM.Build.0 = Debug|Any CPU
		{972197F5-FB1B-43A4-9C10-8B0EA9A2C1B1}.Debug|ARM.Deploy.0 = Debug|Any CPU
		{972197F5-FB1B-43A4-9C10-8B0EA9A2C1B1}.Debug|iPhone.ActiveCfg = Debug|Any CPU
		{972197F5-FB1B-43A4-9C10-8B0EA9A2C1B1}.Debug|iPhone.Build.0 = Debug|Any CPU
		{972197F5-FB1B-43A4-9C10-8B0EA9A2C1B1}.Debug|iPhone.Deploy.0 = Debug|Any CPU
		{972197F5-FB1B-43A4-9C10-8B0EA9A2C1B1}.Debug|iPhoneSimulator.ActiveCfg = Debug|Any CPU
		{972197F5-FB1B-43A4-9C10-8B0EA9A2C1B1}.Debug|iPhoneSimulator.Build.0 = Debug|Any CPU
		{972197F5-FB1B-43A4-9C10-8B0EA9A2C1B1}.Debug|iPhoneSimulator.Deploy.0 = Debug|Any CPU
		{972197F5-FB1B-43A4-9C10-8B0EA9A2C1B1}.Debug|x64.ActiveCfg = Debug|Any CPU
		{972197F5-FB1B-43A4-9C10-8B0EA9A2C1B1}.Debug|x64.Build.0 = Debug|Any CPU
		{972197F5-FB1B-43A4-9C10-8B0EA9A2C1B1}.Debug|x64.Deploy.0 = Debug|Any CPU
		{972197F5-FB1B-43A4-9C10-8B0EA9A2C1B1}.Debug|x86.ActiveCfg = Debug|Any CPU
		{972197F5-FB1B-43A4-9C10-8B0EA9A2C1B1}.Debug|x86.Build.0 = Debug|Any CPU
		{972197F5-FB1B-43A4-9C10-8B0EA9A2C1B1}.Debug|x86.Deploy.0 = Debug|Any CPU
		{972197F5-FB1B-43A4-9C10-8B0EA9A2C1B1}.Release|Any CPU.ActiveCfg = Release|Any CPU
		{972197F5-FB1B-43A4-9C10-8B0EA9A2C1B1}.Release|Any CPU.Build.0 = Release|Any CPU
		{972197F5-FB1B-43A4-9C10-8B0EA9A2C1B1}.Release|Any CPU.Deploy.0 = Release|Any CPU
		{972197F5-FB1B-43A4-9C10-8B0EA9A2C1B1}.Release|ARM.ActiveCfg = Release|Any CPU
		{972197F5-FB1B-43A4-9C10-8B0EA9A2C1B1}.Release|ARM.Build.0 = Release|Any CPU
		{972197F5-FB1B-43A4-9C10-8B0EA9A2C1B1}.Release|ARM.Deploy.0 = Release|Any CPU
		{972197F5-FB1B-43A4-9C10-8B0EA9A2C1B1}.Release|iPhone.ActiveCfg = Release|Any CPU
		{972197F5-FB1B-43A4-9C10-8B0EA9A2C1B1}.Release|iPhone.Build.0 = Release|Any CPU
		{972197F5-FB1B-43A4-9C10-8B0EA9A2C1B1}.Release|iPhone.Deploy.0 = Release|Any CPU
		{972197F5-FB1B-43A4-9C10-8B0EA9A2C1B1}.Release|iPhoneSimulator.ActiveCfg = Release|Any CPU
		{972197F5-FB1B-43A4-9C10-8B0EA9A2C1B1}.Release|iPhoneSimulator.Build.0 = Release|Any CPU
		{972197F5-FB1B-43A4-9C10-8B0EA9A2C1B1}.Release|iPhoneSimulator.Deploy.0 = Release|Any CPU
		{972197F5-FB1B-43A4-9C10-8B0EA9A2C1B1}.Release|x64.ActiveCfg = Release|Any CPU
		{972197F5-FB1B-43A4-9C10-8B0EA9A2C1B1}.Release|x64.Build.0 = Release|Any CPU
		{972197F5-FB1B-43A4-9C10-8B0EA9A2C1B1}.Release|x64.Deploy.0 = Release|Any CPU
		{972197F5-FB1B-43A4-9C10-8B0EA9A2C1B1}.Release|x86.ActiveCfg = Release|Any CPU
		{972197F5-FB1B-43A4-9C10-8B0EA9A2C1B1}.Release|x86.Build.0 = Release|Any CPU
		{972197F5-FB1B-43A4-9C10-8B0EA9A2C1B1}.Release|x86.Deploy.0 = Release|Any CPU
		{F7522D54-3437-47DD-92E8-56A3F1F9B7A9}.Ad-Hoc|Any CPU.ActiveCfg = Ad-Hoc|iPhone
		{F7522D54-3437-47DD-92E8-56A3F1F9B7A9}.Ad-Hoc|ARM.ActiveCfg = Ad-Hoc|iPhone
		{F7522D54-3437-47DD-92E8-56A3F1F9B7A9}.Ad-Hoc|iPhone.ActiveCfg = Ad-Hoc|iPhone
		{F7522D54-3437-47DD-92E8-56A3F1F9B7A9}.Ad-Hoc|iPhone.Build.0 = Ad-Hoc|iPhone
		{F7522D54-3437-47DD-92E8-56A3F1F9B7A9}.Ad-Hoc|iPhoneSimulator.ActiveCfg = Ad-Hoc|iPhoneSimulator
		{F7522D54-3437-47DD-92E8-56A3F1F9B7A9}.Ad-Hoc|iPhoneSimulator.Build.0 = Ad-Hoc|iPhoneSimulator
		{F7522D54-3437-47DD-92E8-56A3F1F9B7A9}.Ad-Hoc|x64.ActiveCfg = Ad-Hoc|iPhone
		{F7522D54-3437-47DD-92E8-56A3F1F9B7A9}.Ad-Hoc|x86.ActiveCfg = Ad-Hoc|iPhone
		{F7522D54-3437-47DD-92E8-56A3F1F9B7A9}.AppStore|Any CPU.ActiveCfg = AppStore|iPhone
		{F7522D54-3437-47DD-92E8-56A3F1F9B7A9}.AppStore|ARM.ActiveCfg = AppStore|iPhone
		{F7522D54-3437-47DD-92E8-56A3F1F9B7A9}.AppStore|iPhone.ActiveCfg = AppStore|iPhone
		{F7522D54-3437-47DD-92E8-56A3F1F9B7A9}.AppStore|iPhone.Build.0 = AppStore|iPhone
		{F7522D54-3437-47DD-92E8-56A3F1F9B7A9}.AppStore|iPhoneSimulator.ActiveCfg = AppStore|iPhoneSimulator
		{F7522D54-3437-47DD-92E8-56A3F1F9B7A9}.AppStore|iPhoneSimulator.Build.0 = AppStore|iPhoneSimulator
		{F7522D54-3437-47DD-92E8-56A3F1F9B7A9}.AppStore|x64.ActiveCfg = AppStore|iPhone
		{F7522D54-3437-47DD-92E8-56A3F1F9B7A9}.AppStore|x86.ActiveCfg = AppStore|iPhone
		{F7522D54-3437-47DD-92E8-56A3F1F9B7A9}.Debug|Any CPU.ActiveCfg = Debug|iPhone
		{F7522D54-3437-47DD-92E8-56A3F1F9B7A9}.Debug|ARM.ActiveCfg = Debug|iPhone
		{F7522D54-3437-47DD-92E8-56A3F1F9B7A9}.Debug|iPhone.ActiveCfg = Debug|iPhone
		{F7522D54-3437-47DD-92E8-56A3F1F9B7A9}.Debug|iPhone.Build.0 = Debug|iPhone
		{F7522D54-3437-47DD-92E8-56A3F1F9B7A9}.Debug|iPhoneSimulator.ActiveCfg = Debug|iPhoneSimulator
		{F7522D54-3437-47DD-92E8-56A3F1F9B7A9}.Debug|iPhoneSimulator.Build.0 = Debug|iPhoneSimulator
		{F7522D54-3437-47DD-92E8-56A3F1F9B7A9}.Debug|x64.ActiveCfg = Debug|iPhone
		{F7522D54-3437-47DD-92E8-56A3F1F9B7A9}.Debug|x86.ActiveCfg = Debug|iPhone
		{F7522D54-3437-47DD-92E8-56A3F1F9B7A9}.Release|Any CPU.ActiveCfg = Release|iPhone
		{F7522D54-3437-47DD-92E8-56A3F1F9B7A9}.Release|ARM.ActiveCfg = Release|iPhone
		{F7522D54-3437-47DD-92E8-56A3F1F9B7A9}.Release|iPhone.ActiveCfg = Release|iPhone
		{F7522D54-3437-47DD-92E8-56A3F1F9B7A9}.Release|iPhone.Build.0 = Release|iPhone
		{F7522D54-3437-47DD-92E8-56A3F1F9B7A9}.Release|iPhoneSimulator.ActiveCfg = Release|iPhoneSimulator
		{F7522D54-3437-47DD-92E8-56A3F1F9B7A9}.Release|iPhoneSimulator.Build.0 = Release|iPhoneSimulator
		{F7522D54-3437-47DD-92E8-56A3F1F9B7A9}.Release|x64.ActiveCfg = Release|iPhone
		{F7522D54-3437-47DD-92E8-56A3F1F9B7A9}.Release|x86.ActiveCfg = Release|iPhone
		{5CBED34A-ABD2-471F-BD7E-40A34F3EA207}.Ad-Hoc|Any CPU.ActiveCfg = Release|x86
		{5CBED34A-ABD2-471F-BD7E-40A34F3EA207}.Ad-Hoc|Any CPU.Build.0 = Release|x86
		{5CBED34A-ABD2-471F-BD7E-40A34F3EA207}.Ad-Hoc|Any CPU.Deploy.0 = Release|x86
		{5CBED34A-ABD2-471F-BD7E-40A34F3EA207}.Ad-Hoc|ARM.ActiveCfg = Release|ARM
		{5CBED34A-ABD2-471F-BD7E-40A34F3EA207}.Ad-Hoc|ARM.Build.0 = Release|ARM
		{5CBED34A-ABD2-471F-BD7E-40A34F3EA207}.Ad-Hoc|ARM.Deploy.0 = Release|ARM
		{5CBED34A-ABD2-471F-BD7E-40A34F3EA207}.Ad-Hoc|iPhone.ActiveCfg = Release|x86
		{5CBED34A-ABD2-471F-BD7E-40A34F3EA207}.Ad-Hoc|iPhone.Build.0 = Release|x86
		{5CBED34A-ABD2-471F-BD7E-40A34F3EA207}.Ad-Hoc|iPhone.Deploy.0 = Release|x86
		{5CBED34A-ABD2-471F-BD7E-40A34F3EA207}.Ad-Hoc|iPhoneSimulator.ActiveCfg = Release|x86
		{5CBED34A-ABD2-471F-BD7E-40A34F3EA207}.Ad-Hoc|iPhoneSimulator.Build.0 = Release|x86
		{5CBED34A-ABD2-471F-BD7E-40A34F3EA207}.Ad-Hoc|iPhoneSimulator.Deploy.0 = Release|x86
		{5CBED34A-ABD2-471F-BD7E-40A34F3EA207}.Ad-Hoc|x64.ActiveCfg = Release|x64
		{5CBED34A-ABD2-471F-BD7E-40A34F3EA207}.Ad-Hoc|x64.Build.0 = Release|x64
		{5CBED34A-ABD2-471F-BD7E-40A34F3EA207}.Ad-Hoc|x64.Deploy.0 = Release|x64
		{5CBED34A-ABD2-471F-BD7E-40A34F3EA207}.Ad-Hoc|x86.ActiveCfg = Release|x86
		{5CBED34A-ABD2-471F-BD7E-40A34F3EA207}.Ad-Hoc|x86.Build.0 = Release|x86
		{5CBED34A-ABD2-471F-BD7E-40A34F3EA207}.Ad-Hoc|x86.Deploy.0 = Release|x86
		{5CBED34A-ABD2-471F-BD7E-40A34F3EA207}.AppStore|Any CPU.ActiveCfg = Release|x86
		{5CBED34A-ABD2-471F-BD7E-40A34F3EA207}.AppStore|Any CPU.Build.0 = Release|x86
		{5CBED34A-ABD2-471F-BD7E-40A34F3EA207}.AppStore|Any CPU.Deploy.0 = Release|x86
		{5CBED34A-ABD2-471F-BD7E-40A34F3EA207}.AppStore|ARM.ActiveCfg = Release|ARM
		{5CBED34A-ABD2-471F-BD7E-40A34F3EA207}.AppStore|ARM.Build.0 = Release|ARM
		{5CBED34A-ABD2-471F-BD7E-40A34F3EA207}.AppStore|ARM.Deploy.0 = Release|ARM
		{5CBED34A-ABD2-471F-BD7E-40A34F3EA207}.AppStore|iPhone.ActiveCfg = Release|x86
		{5CBED34A-ABD2-471F-BD7E-40A34F3EA207}.AppStore|iPhone.Build.0 = Release|x86
		{5CBED34A-ABD2-471F-BD7E-40A34F3EA207}.AppStore|iPhone.Deploy.0 = Release|x86
		{5CBED34A-ABD2-471F-BD7E-40A34F3EA207}.AppStore|iPhoneSimulator.ActiveCfg = Release|x86
		{5CBED34A-ABD2-471F-BD7E-40A34F3EA207}.AppStore|iPhoneSimulator.Build.0 = Release|x86
		{5CBED34A-ABD2-471F-BD7E-40A34F3EA207}.AppStore|iPhoneSimulator.Deploy.0 = Release|x86
		{5CBED34A-ABD2-471F-BD7E-40A34F3EA207}.AppStore|x64.ActiveCfg = Release|x64
		{5CBED34A-ABD2-471F-BD7E-40A34F3EA207}.AppStore|x64.Build.0 = Release|x64
		{5CBED34A-ABD2-471F-BD7E-40A34F3EA207}.AppStore|x64.Deploy.0 = Release|x64
		{5CBED34A-ABD2-471F-BD7E-40A34F3EA207}.AppStore|x86.ActiveCfg = Release|x86
		{5CBED34A-ABD2-471F-BD7E-40A34F3EA207}.AppStore|x86.Build.0 = Release|x86
		{5CBED34A-ABD2-471F-BD7E-40A34F3EA207}.AppStore|x86.Deploy.0 = Release|x86
		{5CBED34A-ABD2-471F-BD7E-40A34F3EA207}.Debug|Any CPU.ActiveCfg = Debug|x86
		{5CBED34A-ABD2-471F-BD7E-40A34F3EA207}.Debug|ARM.ActiveCfg = Debug|ARM
		{5CBED34A-ABD2-471F-BD7E-40A34F3EA207}.Debug|ARM.Build.0 = Debug|ARM
		{5CBED34A-ABD2-471F-BD7E-40A34F3EA207}.Debug|ARM.Deploy.0 = Debug|ARM
		{5CBED34A-ABD2-471F-BD7E-40A34F3EA207}.Debug|iPhone.ActiveCfg = Debug|x86
		{5CBED34A-ABD2-471F-BD7E-40A34F3EA207}.Debug|iPhoneSimulator.ActiveCfg = Debug|x86
		{5CBED34A-ABD2-471F-BD7E-40A34F3EA207}.Debug|x64.ActiveCfg = Debug|x64
		{5CBED34A-ABD2-471F-BD7E-40A34F3EA207}.Debug|x64.Build.0 = Debug|x64
		{5CBED34A-ABD2-471F-BD7E-40A34F3EA207}.Debug|x64.Deploy.0 = Debug|x64
		{5CBED34A-ABD2-471F-BD7E-40A34F3EA207}.Debug|x86.ActiveCfg = Debug|x86
		{5CBED34A-ABD2-471F-BD7E-40A34F3EA207}.Debug|x86.Build.0 = Debug|x86
		{5CBED34A-ABD2-471F-BD7E-40A34F3EA207}.Debug|x86.Deploy.0 = Debug|x86
		{5CBED34A-ABD2-471F-BD7E-40A34F3EA207}.Release|Any CPU.ActiveCfg = Release|x86
		{5CBED34A-ABD2-471F-BD7E-40A34F3EA207}.Release|ARM.ActiveCfg = Release|ARM
		{5CBED34A-ABD2-471F-BD7E-40A34F3EA207}.Release|ARM.Build.0 = Release|ARM
		{5CBED34A-ABD2-471F-BD7E-40A34F3EA207}.Release|ARM.Deploy.0 = Release|ARM
		{5CBED34A-ABD2-471F-BD7E-40A34F3EA207}.Release|iPhone.ActiveCfg = Release|x86
		{5CBED34A-ABD2-471F-BD7E-40A34F3EA207}.Release|iPhoneSimulator.ActiveCfg = Release|x86
		{5CBED34A-ABD2-471F-BD7E-40A34F3EA207}.Release|x64.ActiveCfg = Release|x64
		{5CBED34A-ABD2-471F-BD7E-40A34F3EA207}.Release|x64.Build.0 = Release|x64
		{5CBED34A-ABD2-471F-BD7E-40A34F3EA207}.Release|x64.Deploy.0 = Release|x64
		{5CBED34A-ABD2-471F-BD7E-40A34F3EA207}.Release|x86.ActiveCfg = Release|x86
		{5CBED34A-ABD2-471F-BD7E-40A34F3EA207}.Release|x86.Build.0 = Release|x86
		{5CBED34A-ABD2-471F-BD7E-40A34F3EA207}.Release|x86.Deploy.0 = Release|x86
	EndGlobalSection
	GlobalSection(SolutionProperties) = preSolution
		HideSolutionNode = FALSE
	EndGlobalSection
EndGlobal
