
Microsoft Visual Studio Solution File, Format Version 12.00
# Visual Studio 14
VisualStudioVersion = 14.0.25420.1
MinimumVisualStudioVersion = 10.0.40219.1
Project("{FAE04EC0-301F-11D3-BF4B-00C04F79EFBC}") = "NavigationService", "NavigationService\NavigationService\NavigationService.csproj", "{8D2C311F-FDA1-4A45-962E-695B71FE60E9}"
EndProject
Project("{FAE04EC0-301F-11D3-BF4B-00C04F79EFBC}") = "NavigationService.Droid", "NavigationService\NavigationService.Droid\NavigationService.Droid.csproj", "{C23AFAE2-D8B8-4595-820A-E90B2EE0939E}"
EndProject
Project("{FAE04EC0-301F-11D3-BF4B-00C04F79EFBC}") = "NavigationService.iOS", "NavigationService\NavigationService.iOS\NavigationService.iOS.csproj", "{C52CB243-24D0-4BE5-BB6C-121A591DFF79}"
EndProject
Project("{FAE04EC0-301F-11D3-BF4B-00C04F79EFBC}") = "NavigationService.UWP", "NavigationService\NavigationService.UWP\NavigationService.UWP.csproj", "{D4706E1E-6448-4DE1-91E8-15174D7149FD}"
EndProject
Global
	GlobalSection(SolutionConfigurationPlatforms) = preSolution
		Ad-Hoc|Any CPU = Ad-Hoc|Any CPU
		Ad-Hoc|ARM = Ad-Hoc|ARM
		Ad-Hoc|iPhone = Ad-Hoc|iPhone
		Ad-Hoc|iPhoneSimulator = Ad-Hoc|iPhoneSimulator
		Ad-Hoc|x64 = Ad-Hoc|x64
		Ad-Hoc|x86 = Ad-Hoc|x86
		AppStore|Any CPU = AppStore|Any CPU
		AppStore|ARM = AppStore|ARM
		AppStore|iPhone = AppStore|iPhone
		AppStore|iPhoneSimulator = AppStore|iPhoneSimulator
		AppStore|x64 = AppStore|x64
		AppStore|x86 = AppStore|x86
		Debug|Any CPU = Debug|Any CPU
		Debug|ARM = Debug|ARM
		Debug|iPhone = Debug|iPhone
		Debug|iPhoneSimulator = Debug|iPhoneSimulator
		Debug|x64 = Debug|x64
		Debug|x86 = Debug|x86
		Release|Any CPU = Release|Any CPU
		Release|ARM = Release|ARM
		Release|iPhone = Release|iPhone
		Release|iPhoneSimulator = Release|iPhoneSimulator
		Release|x64 = Release|x64
		Release|x86 = Release|x86
	EndGlobalSection
	GlobalSection(ProjectConfigurationPlatforms) = postSolution
		{8D2C311F-FDA1-4A45-962E-695B71FE60E9}.Ad-Hoc|Any CPU.ActiveCfg = Release|Any CPU
		{8D2C311F-FDA1-4A45-962E-695B71FE60E9}.Ad-Hoc|Any CPU.Build.0 = Release|Any CPU
		{8D2C311F-FDA1-4A45-962E-695B71FE60E9}.Ad-Hoc|ARM.ActiveCfg = Release|Any CPU
		{8D2C311F-FDA1-4A45-962E-695B71FE60E9}.Ad-Hoc|ARM.Build.0 = Release|Any CPU
		{8D2C311F-FDA1-4A45-962E-695B71FE60E9}.Ad-Hoc|iPhone.ActiveCfg = Release|Any CPU
		{8D2C311F-FDA1-4A45-962E-695B71FE60E9}.Ad-Hoc|iPhone.Build.0 = Release|Any CPU
		{8D2C311F-FDA1-4A45-962E-695B71FE60E9}.Ad-Hoc|iPhoneSimulator.ActiveCfg = Release|Any CPU
		{8D2C311F-FDA1-4A45-962E-695B71FE60E9}.Ad-Hoc|iPhoneSimulator.Build.0 = Release|Any CPU
		{8D2C311F-FDA1-4A45-962E-695B71FE60E9}.Ad-Hoc|x64.ActiveCfg = Release|Any CPU
		{8D2C311F-FDA1-4A45-962E-695B71FE60E9}.Ad-Hoc|x64.Build.0 = Release|Any CPU
		{8D2C311F-FDA1-4A45-962E-695B71FE60E9}.Ad-Hoc|x86.ActiveCfg = Release|Any CPU
		{8D2C311F-FDA1-4A45-962E-695B71FE60E9}.Ad-Hoc|x86.Build.0 = Release|Any CPU
		{8D2C311F-FDA1-4A45-962E-695B71FE60E9}.AppStore|Any CPU.ActiveCfg = Release|Any CPU
		{8D2C311F-FDA1-4A45-962E-695B71FE60E9}.AppStore|Any CPU.Build.0 = Release|Any CPU
		{8D2C311F-FDA1-4A45-962E-695B71FE60E9}.AppStore|ARM.ActiveCfg = Release|Any CPU
		{8D2C311F-FDA1-4A45-962E-695B71FE60E9}.AppStore|ARM.Build.0 = Release|Any CPU
		{8D2C311F-FDA1-4A45-962E-695B71FE60E9}.AppStore|iPhone.ActiveCfg = Release|Any CPU
		{8D2C311F-FDA1-4A45-962E-695B71FE60E9}.AppStore|iPhone.Build.0 = Release|Any CPU
		{8D2C311F-FDA1-4A45-962E-695B71FE60E9}.AppStore|iPhoneSimulator.ActiveCfg = Release|Any CPU
		{8D2C311F-FDA1-4A45-962E-695B71FE60E9}.AppStore|iPhoneSimulator.Build.0 = Release|Any CPU
		{8D2C311F-FDA1-4A45-962E-695B71FE60E9}.AppStore|x64.ActiveCfg = Release|Any CPU
		{8D2C311F-FDA1-4A45-962E-695B71FE60E9}.AppStore|x64.Build.0 = Release|Any CPU
		{8D2C311F-FDA1-4A45-962E-695B71FE60E9}.AppStore|x86.ActiveCfg = Release|Any CPU
		{8D2C311F-FDA1-4A45-962E-695B71FE60E9}.AppStore|x86.Build.0 = Release|Any CPU
		{8D2C311F-FDA1-4A45-962E-695B71FE60E9}.Debug|Any CPU.ActiveCfg = Debug|Any CPU
		{8D2C311F-FDA1-4A45-962E-695B71FE60E9}.Debug|Any CPU.Build.0 = Debug|Any CPU
		{8D2C311F-FDA1-4A45-962E-695B71FE60E9}.Debug|ARM.ActiveCfg = Debug|Any CPU
		{8D2C311F-FDA1-4A45-962E-695B71FE60E9}.Debug|ARM.Build.0 = Debug|Any CPU
		{8D2C311F-FDA1-4A45-962E-695B71FE60E9}.Debug|iPhone.ActiveCfg = Debug|Any CPU
		{8D2C311F-FDA1-4A45-962E-695B71FE60E9}.Debug|iPhone.Build.0 = Debug|Any CPU
		{8D2C311F-FDA1-4A45-962E-695B71FE60E9}.Debug|iPhoneSimulator.ActiveCfg = Debug|Any CPU
		{8D2C311F-FDA1-4A45-962E-695B71FE60E9}.Debug|iPhoneSimulator.Build.0 = Debug|Any CPU
		{8D2C311F-FDA1-4A45-962E-695B71FE60E9}.Debug|x64.ActiveCfg = Debug|Any CPU
		{8D2C311F-FDA1-4A45-962E-695B71FE60E9}.Debug|x64.Build.0 = Debug|Any CPU
		{8D2C311F-FDA1-4A45-962E-695B71FE60E9}.Debug|x86.ActiveCfg = Debug|Any CPU
		{8D2C311F-FDA1-4A45-962E-695B71FE60E9}.Debug|x86.Build.0 = Debug|Any CPU
		{8D2C311F-FDA1-4A45-962E-695B71FE60E9}.Release|Any CPU.ActiveCfg = Release|Any CPU
		{8D2C311F-FDA1-4A45-962E-695B71FE60E9}.Release|Any CPU.Build.0 = Release|Any CPU
		{8D2C311F-FDA1-4A45-962E-695B71FE60E9}.Release|ARM.ActiveCfg = Release|Any CPU
		{8D2C311F-FDA1-4A45-962E-695B71FE60E9}.Release|ARM.Build.0 = Release|Any CPU
		{8D2C311F-FDA1-4A45-962E-695B71FE60E9}.Release|iPhone.ActiveCfg = Release|Any CPU
		{8D2C311F-FDA1-4A45-962E-695B71FE60E9}.Release|iPhone.Build.0 = Release|Any CPU
		{8D2C311F-FDA1-4A45-962E-695B71FE60E9}.Release|iPhoneSimulator.ActiveCfg = Release|Any CPU
		{8D2C311F-FDA1-4A45-962E-695B71FE60E9}.Release|iPhoneSimulator.Build.0 = Release|Any CPU
		{8D2C311F-FDA1-4A45-962E-695B71FE60E9}.Release|x64.ActiveCfg = Release|Any CPU
		{8D2C311F-FDA1-4A45-962E-695B71FE60E9}.Release|x64.Build.0 = Release|Any CPU
		{8D2C311F-FDA1-4A45-962E-695B71FE60E9}.Release|x86.ActiveCfg = Release|Any CPU
		{8D2C311F-FDA1-4A45-962E-695B71FE60E9}.Release|x86.Build.0 = Release|Any CPU
		{C23AFAE2-D8B8-4595-820A-E90B2EE0939E}.Ad-Hoc|Any CPU.ActiveCfg = Release|Any CPU
		{C23AFAE2-D8B8-4595-820A-E90B2EE0939E}.Ad-Hoc|Any CPU.Build.0 = Release|Any CPU
		{C23AFAE2-D8B8-4595-820A-E90B2EE0939E}.Ad-Hoc|Any CPU.Deploy.0 = Release|Any CPU
		{C23AFAE2-D8B8-4595-820A-E90B2EE0939E}.Ad-Hoc|ARM.ActiveCfg = Release|Any CPU
		{C23AFAE2-D8B8-4595-820A-E90B2EE0939E}.Ad-Hoc|ARM.Build.0 = Release|Any CPU
		{C23AFAE2-D8B8-4595-820A-E90B2EE0939E}.Ad-Hoc|ARM.Deploy.0 = Release|Any CPU
		{C23AFAE2-D8B8-4595-820A-E90B2EE0939E}.Ad-Hoc|iPhone.ActiveCfg = Release|Any CPU
		{C23AFAE2-D8B8-4595-820A-E90B2EE0939E}.Ad-Hoc|iPhone.Build.0 = Release|Any CPU
		{C23AFAE2-D8B8-4595-820A-E90B2EE0939E}.Ad-Hoc|iPhone.Deploy.0 = Release|Any CPU
		{C23AFAE2-D8B8-4595-820A-E90B2EE0939E}.Ad-Hoc|iPhoneSimulator.ActiveCfg = Release|Any CPU
		{C23AFAE2-D8B8-4595-820A-E90B2EE0939E}.Ad-Hoc|iPhoneSimulator.Build.0 = Release|Any CPU
		{C23AFAE2-D8B8-4595-820A-E90B2EE0939E}.Ad-Hoc|iPhoneSimulator.Deploy.0 = Release|Any CPU
		{C23AFAE2-D8B8-4595-820A-E90B2EE0939E}.Ad-Hoc|x64.ActiveCfg = Release|Any CPU
		{C23AFAE2-D8B8-4595-820A-E90B2EE0939E}.Ad-Hoc|x64.Build.0 = Release|Any CPU
		{C23AFAE2-D8B8-4595-820A-E90B2EE0939E}.Ad-Hoc|x64.Deploy.0 = Release|Any CPU
		{C23AFAE2-D8B8-4595-820A-E90B2EE0939E}.Ad-Hoc|x86.ActiveCfg = Release|Any CPU
		{C23AFAE2-D8B8-4595-820A-E90B2EE0939E}.Ad-Hoc|x86.Build.0 = Release|Any CPU
		{C23AFAE2-D8B8-4595-820A-E90B2EE0939E}.Ad-Hoc|x86.Deploy.0 = Release|Any CPU
		{C23AFAE2-D8B8-4595-820A-E90B2EE0939E}.AppStore|Any CPU.ActiveCfg = Release|Any CPU
		{C23AFAE2-D8B8-4595-820A-E90B2EE0939E}.AppStore|Any CPU.Build.0 = Release|Any CPU
		{C23AFAE2-D8B8-4595-820A-E90B2EE0939E}.AppStore|Any CPU.Deploy.0 = Release|Any CPU
		{C23AFAE2-D8B8-4595-820A-E90B2EE0939E}.AppStore|ARM.ActiveCfg = Release|Any CPU
		{C23AFAE2-D8B8-4595-820A-E90B2EE0939E}.AppStore|ARM.Build.0 = Release|Any CPU
		{C23AFAE2-D8B8-4595-820A-E90B2EE0939E}.AppStore|ARM.Deploy.0 = Release|Any CPU
		{C23AFAE2-D8B8-4595-820A-E90B2EE0939E}.AppStore|iPhone.ActiveCfg = Release|Any CPU
		{C23AFAE2-D8B8-4595-820A-E90B2EE0939E}.AppStore|iPhone.Build.0 = Release|Any CPU
		{C23AFAE2-D8B8-4595-820A-E90B2EE0939E}.AppStore|iPhone.Deploy.0 = Release|Any CPU
		{C23AFAE2-D8B8-4595-820A-E90B2EE0939E}.AppStore|iPhoneSimulator.ActiveCfg = Release|Any CPU
		{C23AFAE2-D8B8-4595-820A-E90B2EE0939E}.AppStore|iPhoneSimulator.Build.0 = Release|Any CPU
		{C23AFAE2-D8B8-4595-820A-E90B2EE0939E}.AppStore|iPhoneSimulator.Deploy.0 = Release|Any CPU
		{C23AFAE2-D8B8-4595-820A-E90B2EE0939E}.AppStore|x64.ActiveCfg = Release|Any CPU
		{C23AFAE2-D8B8-4595-820A-E90B2EE0939E}.AppStore|x64.Build.0 = Release|Any CPU
		{C23AFAE2-D8B8-4595-820A-E90B2EE0939E}.AppStore|x64.Deploy.0 = Release|Any CPU
		{C23AFAE2-D8B8-4595-820A-E90B2EE0939E}.AppStore|x86.ActiveCfg = Release|Any CPU
		{C23AFAE2-D8B8-4595-820A-E90B2EE0939E}.AppStore|x86.Build.0 = Release|Any CPU
		{C23AFAE2-D8B8-4595-820A-E90B2EE0939E}.AppStore|x86.Deploy.0 = Release|Any CPU
		{C23AFAE2-D8B8-4595-820A-E90B2EE0939E}.Debug|Any CPU.ActiveCfg = Debug|Any CPU
		{C23AFAE2-D8B8-4595-820A-E90B2EE0939E}.Debug|Any CPU.Build.0 = Debug|Any CPU
		{C23AFAE2-D8B8-4595-820A-E90B2EE0939E}.Debug|Any CPU.Deploy.0 = Debug|Any CPU
		{C23AFAE2-D8B8-4595-820A-E90B2EE0939E}.Debug|ARM.ActiveCfg = Debug|Any CPU
		{C23AFAE2-D8B8-4595-820A-E90B2EE0939E}.Debug|ARM.Build.0 = Debug|Any CPU
		{C23AFAE2-D8B8-4595-820A-E90B2EE0939E}.Debug|ARM.Deploy.0 = Debug|Any CPU
		{C23AFAE2-D8B8-4595-820A-E90B2EE0939E}.Debug|iPhone.ActiveCfg = Debug|Any CPU
		{C23AFAE2-D8B8-4595-820A-E90B2EE0939E}.Debug|iPhone.Build.0 = Debug|Any CPU
		{C23AFAE2-D8B8-4595-820A-E90B2EE0939E}.Debug|iPhone.Deploy.0 = Debug|Any CPU
		{C23AFAE2-D8B8-4595-820A-E90B2EE0939E}.Debug|iPhoneSimulator.ActiveCfg = Debug|Any CPU
		{C23AFAE2-D8B8-4595-820A-E90B2EE0939E}.Debug|x64.ActiveCfg = Debug|Any CPU
		{C23AFAE2-D8B8-4595-820A-E90B2EE0939E}.Debug|x64.Build.0 = Debug|Any CPU
		{C23AFAE2-D8B8-4595-820A-E90B2EE0939E}.Debug|x64.Deploy.0 = Debug|Any CPU
		{C23AFAE2-D8B8-4595-820A-E90B2EE0939E}.Debug|x86.ActiveCfg = Debug|Any CPU
		{C23AFAE2-D8B8-4595-820A-E90B2EE0939E}.Debug|x86.Build.0 = Debug|Any CPU
		{C23AFAE2-D8B8-4595-820A-E90B2EE0939E}.Debug|x86.Deploy.0 = Debug|Any CPU
		{C23AFAE2-D8B8-4595-820A-E90B2EE0939E}.Release|Any CPU.ActiveCfg = Release|Any CPU
		{C23AFAE2-D8B8-4595-820A-E90B2EE0939E}.Release|Any CPU.Build.0 = Release|Any CPU
		{C23AFAE2-D8B8-4595-820A-E90B2EE0939E}.Release|Any CPU.Deploy.0 = Release|Any CPU
		{C23AFAE2-D8B8-4595-820A-E90B2EE0939E}.Release|ARM.ActiveCfg = Release|Any CPU
		{C23AFAE2-D8B8-4595-820A-E90B2EE0939E}.Release|ARM.Build.0 = Release|Any CPU
		{C23AFAE2-D8B8-4595-820A-E90B2EE0939E}.Release|ARM.Deploy.0 = Release|Any CPU
		{C23AFAE2-D8B8-4595-820A-E90B2EE0939E}.Release|iPhone.ActiveCfg = Release|Any CPU
		{C23AFAE2-D8B8-4595-820A-E90B2EE0939E}.Release|iPhone.Build.0 = Release|Any CPU
		{C23AFAE2-D8B8-4595-820A-E90B2EE0939E}.Release|iPhone.Deploy.0 = Release|Any CPU
		{C23AFAE2-D8B8-4595-820A-E90B2EE0939E}.Release|iPhoneSimulator.ActiveCfg = Release|Any CPU
		{C23AFAE2-D8B8-4595-820A-E90B2EE0939E}.Release|iPhoneSimulator.Build.0 = Release|Any CPU
		{C23AFAE2-D8B8-4595-820A-E90B2EE0939E}.Release|iPhoneSimulator.Deploy.0 = Release|Any CPU
		{C23AFAE2-D8B8-4595-820A-E90B2EE0939E}.Release|x64.ActiveCfg = Release|Any CPU
		{C23AFAE2-D8B8-4595-820A-E90B2EE0939E}.Release|x64.Build.0 = Release|Any CPU
		{C23AFAE2-D8B8-4595-820A-E90B2EE0939E}.Release|x64.Deploy.0 = Release|Any CPU
		{C23AFAE2-D8B8-4595-820A-E90B2EE0939E}.Release|x86.ActiveCfg = Release|Any CPU
		{C23AFAE2-D8B8-4595-820A-E90B2EE0939E}.Release|x86.Build.0 = Release|Any CPU
		{C23AFAE2-D8B8-4595-820A-E90B2EE0939E}.Release|x86.Deploy.0 = Release|Any CPU
		{C52CB243-24D0-4BE5-BB6C-121A591DFF79}.Ad-Hoc|Any CPU.ActiveCfg = Ad-Hoc|iPhone
		{C52CB243-24D0-4BE5-BB6C-121A591DFF79}.Ad-Hoc|ARM.ActiveCfg = Ad-Hoc|iPhone
		{C52CB243-24D0-4BE5-BB6C-121A591DFF79}.Ad-Hoc|iPhone.ActiveCfg = Ad-Hoc|iPhone
		{C52CB243-24D0-4BE5-BB6C-121A591DFF79}.Ad-Hoc|iPhone.Build.0 = Ad-Hoc|iPhone
		{C52CB243-24D0-4BE5-BB6C-121A591DFF79}.Ad-Hoc|iPhoneSimulator.ActiveCfg = Ad-Hoc|iPhoneSimulator
		{C52CB243-24D0-4BE5-BB6C-121A591DFF79}.Ad-Hoc|iPhoneSimulator.Build.0 = Ad-Hoc|iPhoneSimulator
		{C52CB243-24D0-4BE5-BB6C-121A591DFF79}.Ad-Hoc|x64.ActiveCfg = Ad-Hoc|iPhone
		{C52CB243-24D0-4BE5-BB6C-121A591DFF79}.Ad-Hoc|x86.ActiveCfg = Ad-Hoc|iPhone
		{C52CB243-24D0-4BE5-BB6C-121A591DFF79}.AppStore|Any CPU.ActiveCfg = AppStore|iPhone
		{C52CB243-24D0-4BE5-BB6C-121A591DFF79}.AppStore|ARM.ActiveCfg = AppStore|iPhone
		{C52CB243-24D0-4BE5-BB6C-121A591DFF79}.AppStore|iPhone.ActiveCfg = AppStore|iPhone
		{C52CB243-24D0-4BE5-BB6C-121A591DFF79}.AppStore|iPhone.Build.0 = AppStore|iPhone
		{C52CB243-24D0-4BE5-BB6C-121A591DFF79}.AppStore|iPhoneSimulator.ActiveCfg = AppStore|iPhoneSimulator
		{C52CB243-24D0-4BE5-BB6C-121A591DFF79}.AppStore|iPhoneSimulator.Build.0 = AppStore|iPhoneSimulator
		{C52CB243-24D0-4BE5-BB6C-121A591DFF79}.AppStore|x64.ActiveCfg = AppStore|iPhone
		{C52CB243-24D0-4BE5-BB6C-121A591DFF79}.AppStore|x86.ActiveCfg = AppStore|iPhone
		{C52CB243-24D0-4BE5-BB6C-121A591DFF79}.Debug|Any CPU.ActiveCfg = Debug|iPhone
		{C52CB243-24D0-4BE5-BB6C-121A591DFF79}.Debug|Any CPU.Build.0 = Debug|iPhone
		{C52CB243-24D0-4BE5-BB6C-121A591DFF79}.Debug|ARM.ActiveCfg = Debug|iPhone
		{C52CB243-24D0-4BE5-BB6C-121A591DFF79}.Debug|iPhone.ActiveCfg = Debug|iPhone
		{C52CB243-24D0-4BE5-BB6C-121A591DFF79}.Debug|iPhone.Build.0 = Debug|iPhone
		{C52CB243-24D0-4BE5-BB6C-121A591DFF79}.Debug|iPhoneSimulator.ActiveCfg = Debug|iPhoneSimulator
		{C52CB243-24D0-4BE5-BB6C-121A591DFF79}.Debug|iPhoneSimulator.Build.0 = Debug|iPhoneSimulator
		{C52CB243-24D0-4BE5-BB6C-121A591DFF79}.Debug|x64.ActiveCfg = Debug|iPhone
		{C52CB243-24D0-4BE5-BB6C-121A591DFF79}.Debug|x86.ActiveCfg = Debug|iPhone
		{C52CB243-24D0-4BE5-BB6C-121A591DFF79}.Release|Any CPU.ActiveCfg = Release|iPhone
		{C52CB243-24D0-4BE5-BB6C-121A591DFF79}.Release|ARM.ActiveCfg = Release|iPhone
		{C52CB243-24D0-4BE5-BB6C-121A591DFF79}.Release|iPhone.ActiveCfg = Release|iPhone
		{C52CB243-24D0-4BE5-BB6C-121A591DFF79}.Release|iPhone.Build.0 = Release|iPhone
		{C52CB243-24D0-4BE5-BB6C-121A591DFF79}.Release|iPhoneSimulator.ActiveCfg = Release|iPhoneSimulator
		{C52CB243-24D0-4BE5-BB6C-121A591DFF79}.Release|iPhoneSimulator.Build.0 = Release|iPhoneSimulator
		{C52CB243-24D0-4BE5-BB6C-121A591DFF79}.Release|x64.ActiveCfg = Release|iPhone
		{C52CB243-24D0-4BE5-BB6C-121A591DFF79}.Release|x86.ActiveCfg = Release|iPhone
		{D4706E1E-6448-4DE1-91E8-15174D7149FD}.Ad-Hoc|Any CPU.ActiveCfg = Release|x86
		{D4706E1E-6448-4DE1-91E8-15174D7149FD}.Ad-Hoc|Any CPU.Build.0 = Release|x86
		{D4706E1E-6448-4DE1-91E8-15174D7149FD}.Ad-Hoc|Any CPU.Deploy.0 = Release|x86
		{D4706E1E-6448-4DE1-91E8-15174D7149FD}.Ad-Hoc|ARM.ActiveCfg = Release|ARM
		{D4706E1E-6448-4DE1-91E8-15174D7149FD}.Ad-Hoc|ARM.Build.0 = Release|ARM
		{D4706E1E-6448-4DE1-91E8-15174D7149FD}.Ad-Hoc|ARM.Deploy.0 = Release|ARM
		{D4706E1E-6448-4DE1-91E8-15174D7149FD}.Ad-Hoc|iPhone.ActiveCfg = Release|x86
		{D4706E1E-6448-4DE1-91E8-15174D7149FD}.Ad-Hoc|iPhone.Build.0 = Release|x86
		{D4706E1E-6448-4DE1-91E8-15174D7149FD}.Ad-Hoc|iPhone.Deploy.0 = Release|x86
		{D4706E1E-6448-4DE1-91E8-15174D7149FD}.Ad-Hoc|iPhoneSimulator.ActiveCfg = Release|x86
		{D4706E1E-6448-4DE1-91E8-15174D7149FD}.Ad-Hoc|iPhoneSimulator.Build.0 = Release|x86
		{D4706E1E-6448-4DE1-91E8-15174D7149FD}.Ad-Hoc|iPhoneSimulator.Deploy.0 = Release|x86
		{D4706E1E-6448-4DE1-91E8-15174D7149FD}.Ad-Hoc|x64.ActiveCfg = Release|x64
		{D4706E1E-6448-4DE1-91E8-15174D7149FD}.Ad-Hoc|x64.Build.0 = Release|x64
		{D4706E1E-6448-4DE1-91E8-15174D7149FD}.Ad-Hoc|x64.Deploy.0 = Release|x64
		{D4706E1E-6448-4DE1-91E8-15174D7149FD}.Ad-Hoc|x86.ActiveCfg = Release|x86
		{D4706E1E-6448-4DE1-91E8-15174D7149FD}.Ad-Hoc|x86.Build.0 = Release|x86
		{D4706E1E-6448-4DE1-91E8-15174D7149FD}.Ad-Hoc|x86.Deploy.0 = Release|x86
		{D4706E1E-6448-4DE1-91E8-15174D7149FD}.AppStore|Any CPU.ActiveCfg = Release|x86
		{D4706E1E-6448-4DE1-91E8-15174D7149FD}.AppStore|Any CPU.Build.0 = Release|x86
		{D4706E1E-6448-4DE1-91E8-15174D7149FD}.AppStore|Any CPU.Deploy.0 = Release|x86
		{D4706E1E-6448-4DE1-91E8-15174D7149FD}.AppStore|ARM.ActiveCfg = Release|ARM
		{D4706E1E-6448-4DE1-91E8-15174D7149FD}.AppStore|ARM.Build.0 = Release|ARM
		{D4706E1E-6448-4DE1-91E8-15174D7149FD}.AppStore|ARM.Deploy.0 = Release|ARM
		{D4706E1E-6448-4DE1-91E8-15174D7149FD}.AppStore|iPhone.ActiveCfg = Release|x86
		{D4706E1E-6448-4DE1-91E8-15174D7149FD}.AppStore|iPhone.Build.0 = Release|x86
		{D4706E1E-6448-4DE1-91E8-15174D7149FD}.AppStore|iPhone.Deploy.0 = Release|x86
		{D4706E1E-6448-4DE1-91E8-15174D7149FD}.AppStore|iPhoneSimulator.ActiveCfg = Release|x86
		{D4706E1E-6448-4DE1-91E8-15174D7149FD}.AppStore|iPhoneSimulator.Build.0 = Release|x86
		{D4706E1E-6448-4DE1-91E8-15174D7149FD}.AppStore|iPhoneSimulator.Deploy.0 = Release|x86
		{D4706E1E-6448-4DE1-91E8-15174D7149FD}.AppStore|x64.ActiveCfg = Release|x64
		{D4706E1E-6448-4DE1-91E8-15174D7149FD}.AppStore|x64.Build.0 = Release|x64
		{D4706E1E-6448-4DE1-91E8-15174D7149FD}.AppStore|x64.Deploy.0 = Release|x64
		{D4706E1E-6448-4DE1-91E8-15174D7149FD}.AppStore|x86.ActiveCfg = Release|x86
		{D4706E1E-6448-4DE1-91E8-15174D7149FD}.AppStore|x86.Build.0 = Release|x86
		{D4706E1E-6448-4DE1-91E8-15174D7149FD}.AppStore|x86.Deploy.0 = Release|x86
		{D4706E1E-6448-4DE1-91E8-15174D7149FD}.Debug|Any CPU.ActiveCfg = Debug|x86
		{D4706E1E-6448-4DE1-91E8-15174D7149FD}.Debug|Any CPU.Build.0 = Debug|x86
		{D4706E1E-6448-4DE1-91E8-15174D7149FD}.Debug|Any CPU.Deploy.0 = Debug|x86
		{D4706E1E-6448-4DE1-91E8-15174D7149FD}.Debug|ARM.ActiveCfg = Debug|ARM
		{D4706E1E-6448-4DE1-91E8-15174D7149FD}.Debug|ARM.Build.0 = Debug|ARM
		{D4706E1E-6448-4DE1-91E8-15174D7149FD}.Debug|ARM.Deploy.0 = Debug|ARM
		{D4706E1E-6448-4DE1-91E8-15174D7149FD}.Debug|iPhone.ActiveCfg = Debug|x86
		{D4706E1E-6448-4DE1-91E8-15174D7149FD}.Debug|iPhoneSimulator.ActiveCfg = Debug|x86
		{D4706E1E-6448-4DE1-91E8-15174D7149FD}.Debug|iPhoneSimulator.Build.0 = Debug|x86
		{D4706E1E-6448-4DE1-91E8-15174D7149FD}.Debug|iPhoneSimulator.Deploy.0 = Debug|x86
		{D4706E1E-6448-4DE1-91E8-15174D7149FD}.Debug|x64.ActiveCfg = Debug|x64
		{D4706E1E-6448-4DE1-91E8-15174D7149FD}.Debug|x64.Build.0 = Debug|x64
		{D4706E1E-6448-4DE1-91E8-15174D7149FD}.Debug|x64.Deploy.0 = Debug|x64
		{D4706E1E-6448-4DE1-91E8-15174D7149FD}.Debug|x86.ActiveCfg = Debug|x86
		{D4706E1E-6448-4DE1-91E8-15174D7149FD}.Debug|x86.Build.0 = Debug|x86
		{D4706E1E-6448-4DE1-91E8-15174D7149FD}.Debug|x86.Deploy.0 = Debug|x86
		{D4706E1E-6448-4DE1-91E8-15174D7149FD}.Release|Any CPU.ActiveCfg = Release|x86
		{D4706E1E-6448-4DE1-91E8-15174D7149FD}.Release|ARM.ActiveCfg = Release|ARM
		{D4706E1E-6448-4DE1-91E8-15174D7149FD}.Release|ARM.Build.0 = Release|ARM
		{D4706E1E-6448-4DE1-91E8-15174D7149FD}.Release|ARM.Deploy.0 = Release|ARM
		{D4706E1E-6448-4DE1-91E8-15174D7149FD}.Release|iPhone.ActiveCfg = Release|x86
		{D4706E1E-6448-4DE1-91E8-15174D7149FD}.Release|iPhoneSimulator.ActiveCfg = Release|x86
		{D4706E1E-6448-4DE1-91E8-15174D7149FD}.Release|x64.ActiveCfg = Release|x64
		{D4706E1E-6448-4DE1-91E8-15174D7149FD}.Release|x64.Build.0 = Release|x64
		{D4706E1E-6448-4DE1-91E8-15174D7149FD}.Release|x64.Deploy.0 = Release|x64
		{D4706E1E-6448-4DE1-91E8-15174D7149FD}.Release|x86.ActiveCfg = Release|x86
		{D4706E1E-6448-4DE1-91E8-15174D7149FD}.Release|x86.Build.0 = Release|x86
		{D4706E1E-6448-4DE1-91E8-15174D7149FD}.Release|x86.Deploy.0 = Release|x86
	EndGlobalSection
	GlobalSection(SolutionProperties) = preSolution
		HideSolutionNode = FALSE
	EndGlobalSection
EndGlobal
