
Microsoft Visual Studio Solution File, Format Version 12.00
# Visual Studio 14
VisualStudioVersion = 14.0.25420.1
MinimumVisualStudioVersion = 10.0.40219.1
Project("{FAE04EC0-301F-11D3-BF4B-00C04F79EFBC}") = "RegisterTypeFactory", "RegisterTypeFactory\RegisterTypeFactory\RegisterTypeFactory.csproj", "{9332457F-E5C3-40A1-B514-88B7BEADCA77}"
EndProject
Project("{FAE04EC0-301F-11D3-BF4B-00C04F79EFBC}") = "RegisterTypeFactory.Droid", "RegisterTypeFactory\RegisterTypeFactory.Droid\RegisterTypeFactory.Droid.csproj", "{0264B572-AB24-4F39-B95A-36C9AAD99592}"
EndProject
Project("{FAE04EC0-301F-11D3-BF4B-00C04F79EFBC}") = "RegisterTypeFactory.iOS", "RegisterTypeFactory\RegisterTypeFactory.iOS\RegisterTypeFactory.iOS.csproj", "{F5AA66B7-40D5-46F8-8829-36E867CE92FB}"
EndProject
Project("{FAE04EC0-301F-11D3-BF4B-00C04F79EFBC}") = "RegisterTypeFactory.UWP", "RegisterTypeFactory\RegisterTypeFactory.UWP\RegisterTypeFactory.UWP.csproj", "{E863F3A8-8BEF-4B7F-B3C0-5881AFA6E4D0}"
EndProject
Global
	GlobalSection(SolutionConfigurationPlatforms) = preSolution
		Ad-Hoc|Any CPU = Ad-Hoc|Any CPU
		Ad-Hoc|ARM = Ad-Hoc|ARM
		Ad-Hoc|iPhone = Ad-Hoc|iPhone
		Ad-Hoc|iPhoneSimulator = Ad-Hoc|iPhoneSimulator
		Ad-Hoc|x64 = Ad-Hoc|x64
		Ad-Hoc|x86 = Ad-Hoc|x86
		AppStore|Any CPU = AppStore|Any CPU
		AppStore|ARM = AppStore|ARM
		AppStore|iPhone = AppStore|iPhone
		AppStore|iPhoneSimulator = AppStore|iPhoneSimulator
		AppStore|x64 = AppStore|x64
		AppStore|x86 = AppStore|x86
		Debug|Any CPU = Debug|Any CPU
		Debug|ARM = Debug|ARM
		Debug|iPhone = Debug|iPhone
		Debug|iPhoneSimulator = Debug|iPhoneSimulator
		Debug|x64 = Debug|x64
		Debug|x86 = Debug|x86
		Release|Any CPU = Release|Any CPU
		Release|ARM = Release|ARM
		Release|iPhone = Release|iPhone
		Release|iPhoneSimulator = Release|iPhoneSimulator
		Release|x64 = Release|x64
		Release|x86 = Release|x86
	EndGlobalSection
	GlobalSection(ProjectConfigurationPlatforms) = postSolution
		{9332457F-E5C3-40A1-B514-88B7BEADCA77}.Ad-Hoc|Any CPU.ActiveCfg = Release|Any CPU
		{9332457F-E5C3-40A1-B514-88B7BEADCA77}.Ad-Hoc|Any CPU.Build.0 = Release|Any CPU
		{9332457F-E5C3-40A1-B514-88B7BEADCA77}.Ad-Hoc|ARM.ActiveCfg = Release|Any CPU
		{9332457F-E5C3-40A1-B514-88B7BEADCA77}.Ad-Hoc|ARM.Build.0 = Release|Any CPU
		{9332457F-E5C3-40A1-B514-88B7BEADCA77}.Ad-Hoc|iPhone.ActiveCfg = Release|Any CPU
		{9332457F-E5C3-40A1-B514-88B7BEADCA77}.Ad-Hoc|iPhone.Build.0 = Release|Any CPU
		{9332457F-E5C3-40A1-B514-88B7BEADCA77}.Ad-Hoc|iPhoneSimulator.ActiveCfg = Release|Any CPU
		{9332457F-E5C3-40A1-B514-88B7BEADCA77}.Ad-Hoc|iPhoneSimulator.Build.0 = Release|Any CPU
		{9332457F-E5C3-40A1-B514-88B7BEADCA77}.Ad-Hoc|x64.ActiveCfg = Release|Any CPU
		{9332457F-E5C3-40A1-B514-88B7BEADCA77}.Ad-Hoc|x64.Build.0 = Release|Any CPU
		{9332457F-E5C3-40A1-B514-88B7BEADCA77}.Ad-Hoc|x86.ActiveCfg = Release|Any CPU
		{9332457F-E5C3-40A1-B514-88B7BEADCA77}.Ad-Hoc|x86.Build.0 = Release|Any CPU
		{9332457F-E5C3-40A1-B514-88B7BEADCA77}.AppStore|Any CPU.ActiveCfg = Release|Any CPU
		{9332457F-E5C3-40A1-B514-88B7BEADCA77}.AppStore|Any CPU.Build.0 = Release|Any CPU
		{9332457F-E5C3-40A1-B514-88B7BEADCA77}.AppStore|ARM.ActiveCfg = Release|Any CPU
		{9332457F-E5C3-40A1-B514-88B7BEADCA77}.AppStore|ARM.Build.0 = Release|Any CPU
		{9332457F-E5C3-40A1-B514-88B7BEADCA77}.AppStore|iPhone.ActiveCfg = Release|Any CPU
		{9332457F-E5C3-40A1-B514-88B7BEADCA77}.AppStore|iPhone.Build.0 = Release|Any CPU
		{9332457F-E5C3-40A1-B514-88B7BEADCA77}.AppStore|iPhoneSimulator.ActiveCfg = Release|Any CPU
		{9332457F-E5C3-40A1-B514-88B7BEADCA77}.AppStore|iPhoneSimulator.Build.0 = Release|Any CPU
		{9332457F-E5C3-40A1-B514-88B7BEADCA77}.AppStore|x64.ActiveCfg = Release|Any CPU
		{9332457F-E5C3-40A1-B514-88B7BEADCA77}.AppStore|x64.Build.0 = Release|Any CPU
		{9332457F-E5C3-40A1-B514-88B7BEADCA77}.AppStore|x86.ActiveCfg = Release|Any CPU
		{9332457F-E5C3-40A1-B514-88B7BEADCA77}.AppStore|x86.Build.0 = Release|Any CPU
		{9332457F-E5C3-40A1-B514-88B7BEADCA77}.Debug|Any CPU.ActiveCfg = Debug|Any CPU
		{9332457F-E5C3-40A1-B514-88B7BEADCA77}.Debug|Any CPU.Build.0 = Debug|Any CPU
		{9332457F-E5C3-40A1-B514-88B7BEADCA77}.Debug|ARM.ActiveCfg = Debug|Any CPU
		{9332457F-E5C3-40A1-B514-88B7BEADCA77}.Debug|ARM.Build.0 = Debug|Any CPU
		{9332457F-E5C3-40A1-B514-88B7BEADCA77}.Debug|iPhone.ActiveCfg = Debug|Any CPU
		{9332457F-E5C3-40A1-B514-88B7BEADCA77}.Debug|iPhone.Build.0 = Debug|Any CPU
		{9332457F-E5C3-40A1-B514-88B7BEADCA77}.Debug|iPhoneSimulator.ActiveCfg = Debug|Any CPU
		{9332457F-E5C3-40A1-B514-88B7BEADCA77}.Debug|iPhoneSimulator.Build.0 = Debug|Any CPU
		{9332457F-E5C3-40A1-B514-88B7BEADCA77}.Debug|x64.ActiveCfg = Debug|Any CPU
		{9332457F-E5C3-40A1-B514-88B7BEADCA77}.Debug|x64.Build.0 = Debug|Any CPU
		{9332457F-E5C3-40A1-B514-88B7BEADCA77}.Debug|x86.ActiveCfg = Debug|Any CPU
		{9332457F-E5C3-40A1-B514-88B7BEADCA77}.Debug|x86.Build.0 = Debug|Any CPU
		{9332457F-E5C3-40A1-B514-88B7BEADCA77}.Release|Any CPU.ActiveCfg = Release|Any CPU
		{9332457F-E5C3-40A1-B514-88B7BEADCA77}.Release|Any CPU.Build.0 = Release|Any CPU
		{9332457F-E5C3-40A1-B514-88B7BEADCA77}.Release|ARM.ActiveCfg = Release|Any CPU
		{9332457F-E5C3-40A1-B514-88B7BEADCA77}.Release|ARM.Build.0 = Release|Any CPU
		{9332457F-E5C3-40A1-B514-88B7BEADCA77}.Release|iPhone.ActiveCfg = Release|Any CPU
		{9332457F-E5C3-40A1-B514-88B7BEADCA77}.Release|iPhone.Build.0 = Release|Any CPU
		{9332457F-E5C3-40A1-B514-88B7BEADCA77}.Release|iPhoneSimulator.ActiveCfg = Release|Any CPU
		{9332457F-E5C3-40A1-B514-88B7BEADCA77}.Release|iPhoneSimulator.Build.0 = Release|Any CPU
		{9332457F-E5C3-40A1-B514-88B7BEADCA77}.Release|x64.ActiveCfg = Release|Any CPU
		{9332457F-E5C3-40A1-B514-88B7BEADCA77}.Release|x64.Build.0 = Release|Any CPU
		{9332457F-E5C3-40A1-B514-88B7BEADCA77}.Release|x86.ActiveCfg = Release|Any CPU
		{9332457F-E5C3-40A1-B514-88B7BEADCA77}.Release|x86.Build.0 = Release|Any CPU
		{0264B572-AB24-4F39-B95A-36C9AAD99592}.Ad-Hoc|Any CPU.ActiveCfg = Release|Any CPU
		{0264B572-AB24-4F39-B95A-36C9AAD99592}.Ad-Hoc|Any CPU.Build.0 = Release|Any CPU
		{0264B572-AB24-4F39-B95A-36C9AAD99592}.Ad-Hoc|Any CPU.Deploy.0 = Release|Any CPU
		{0264B572-AB24-4F39-B95A-36C9AAD99592}.Ad-Hoc|ARM.ActiveCfg = Release|Any CPU
		{0264B572-AB24-4F39-B95A-36C9AAD99592}.Ad-Hoc|ARM.Build.0 = Release|Any CPU
		{0264B572-AB24-4F39-B95A-36C9AAD99592}.Ad-Hoc|ARM.Deploy.0 = Release|Any CPU
		{0264B572-AB24-4F39-B95A-36C9AAD99592}.Ad-Hoc|iPhone.ActiveCfg = Release|Any CPU
		{0264B572-AB24-4F39-B95A-36C9AAD99592}.Ad-Hoc|iPhone.Build.0 = Release|Any CPU
		{0264B572-AB24-4F39-B95A-36C9AAD99592}.Ad-Hoc|iPhone.Deploy.0 = Release|Any CPU
		{0264B572-AB24-4F39-B95A-36C9AAD99592}.Ad-Hoc|iPhoneSimulator.ActiveCfg = Release|Any CPU
		{0264B572-AB24-4F39-B95A-36C9AAD99592}.Ad-Hoc|iPhoneSimulator.Build.0 = Release|Any CPU
		{0264B572-AB24-4F39-B95A-36C9AAD99592}.Ad-Hoc|iPhoneSimulator.Deploy.0 = Release|Any CPU
		{0264B572-AB24-4F39-B95A-36C9AAD99592}.Ad-Hoc|x64.ActiveCfg = Release|Any CPU
		{0264B572-AB24-4F39-B95A-36C9AAD99592}.Ad-Hoc|x64.Build.0 = Release|Any CPU
		{0264B572-AB24-4F39-B95A-36C9AAD99592}.Ad-Hoc|x64.Deploy.0 = Release|Any CPU
		{0264B572-AB24-4F39-B95A-36C9AAD99592}.Ad-Hoc|x86.ActiveCfg = Release|Any CPU
		{0264B572-AB24-4F39-B95A-36C9AAD99592}.Ad-Hoc|x86.Build.0 = Release|Any CPU
		{0264B572-AB24-4F39-B95A-36C9AAD99592}.Ad-Hoc|x86.Deploy.0 = Release|Any CPU
		{0264B572-AB24-4F39-B95A-36C9AAD99592}.AppStore|Any CPU.ActiveCfg = Release|Any CPU
		{0264B572-AB24-4F39-B95A-36C9AAD99592}.AppStore|Any CPU.Build.0 = Release|Any CPU
		{0264B572-AB24-4F39-B95A-36C9AAD99592}.AppStore|Any CPU.Deploy.0 = Release|Any CPU
		{0264B572-AB24-4F39-B95A-36C9AAD99592}.AppStore|ARM.ActiveCfg = Release|Any CPU
		{0264B572-AB24-4F39-B95A-36C9AAD99592}.AppStore|ARM.Build.0 = Release|Any CPU
		{0264B572-AB24-4F39-B95A-36C9AAD99592}.AppStore|ARM.Deploy.0 = Release|Any CPU
		{0264B572-AB24-4F39-B95A-36C9AAD99592}.AppStore|iPhone.ActiveCfg = Release|Any CPU
		{0264B572-AB24-4F39-B95A-36C9AAD99592}.AppStore|iPhone.Build.0 = Release|Any CPU
		{0264B572-AB24-4F39-B95A-36C9AAD99592}.AppStore|iPhone.Deploy.0 = Release|Any CPU
		{0264B572-AB24-4F39-B95A-36C9AAD99592}.AppStore|iPhoneSimulator.ActiveCfg = Release|Any CPU
		{0264B572-AB24-4F39-B95A-36C9AAD99592}.AppStore|iPhoneSimulator.Build.0 = Release|Any CPU
		{0264B572-AB24-4F39-B95A-36C9AAD99592}.AppStore|iPhoneSimulator.Deploy.0 = Release|Any CPU
		{0264B572-AB24-4F39-B95A-36C9AAD99592}.AppStore|x64.ActiveCfg = Release|Any CPU
		{0264B572-AB24-4F39-B95A-36C9AAD99592}.AppStore|x64.Build.0 = Release|Any CPU
		{0264B572-AB24-4F39-B95A-36C9AAD99592}.AppStore|x64.Deploy.0 = Release|Any CPU
		{0264B572-AB24-4F39-B95A-36C9AAD99592}.AppStore|x86.ActiveCfg = Release|Any CPU
		{0264B572-AB24-4F39-B95A-36C9AAD99592}.AppStore|x86.Build.0 = Release|Any CPU
		{0264B572-AB24-4F39-B95A-36C9AAD99592}.AppStore|x86.Deploy.0 = Release|Any CPU
		{0264B572-AB24-4F39-B95A-36C9AAD99592}.Debug|Any CPU.ActiveCfg = Debug|Any CPU
		{0264B572-AB24-4F39-B95A-36C9AAD99592}.Debug|Any CPU.Build.0 = Debug|Any CPU
		{0264B572-AB24-4F39-B95A-36C9AAD99592}.Debug|Any CPU.Deploy.0 = Debug|Any CPU
		{0264B572-AB24-4F39-B95A-36C9AAD99592}.Debug|ARM.ActiveCfg = Debug|Any CPU
		{0264B572-AB24-4F39-B95A-36C9AAD99592}.Debug|ARM.Build.0 = Debug|Any CPU
		{0264B572-AB24-4F39-B95A-36C9AAD99592}.Debug|ARM.Deploy.0 = Debug|Any CPU
		{0264B572-AB24-4F39-B95A-36C9AAD99592}.Debug|iPhone.ActiveCfg = Debug|Any CPU
		{0264B572-AB24-4F39-B95A-36C9AAD99592}.Debug|iPhone.Build.0 = Debug|Any CPU
		{0264B572-AB24-4F39-B95A-36C9AAD99592}.Debug|iPhone.Deploy.0 = Debug|Any CPU
		{0264B572-AB24-4F39-B95A-36C9AAD99592}.Debug|iPhoneSimulator.ActiveCfg = Debug|Any CPU
		{0264B572-AB24-4F39-B95A-36C9AAD99592}.Debug|iPhoneSimulator.Build.0 = Debug|Any CPU
		{0264B572-AB24-4F39-B95A-36C9AAD99592}.Debug|iPhoneSimulator.Deploy.0 = Debug|Any CPU
		{0264B572-AB24-4F39-B95A-36C9AAD99592}.Debug|x64.ActiveCfg = Debug|Any CPU
		{0264B572-AB24-4F39-B95A-36C9AAD99592}.Debug|x64.Build.0 = Debug|Any CPU
		{0264B572-AB24-4F39-B95A-36C9AAD99592}.Debug|x64.Deploy.0 = Debug|Any CPU
		{0264B572-AB24-4F39-B95A-36C9AAD99592}.Debug|x86.ActiveCfg = Debug|Any CPU
		{0264B572-AB24-4F39-B95A-36C9AAD99592}.Debug|x86.Build.0 = Debug|Any CPU
		{0264B572-AB24-4F39-B95A-36C9AAD99592}.Debug|x86.Deploy.0 = Debug|Any CPU
		{0264B572-AB24-4F39-B95A-36C9AAD99592}.Release|Any CPU.ActiveCfg = Release|Any CPU
		{0264B572-AB24-4F39-B95A-36C9AAD99592}.Release|Any CPU.Build.0 = Release|Any CPU
		{0264B572-AB24-4F39-B95A-36C9AAD99592}.Release|Any CPU.Deploy.0 = Release|Any CPU
		{0264B572-AB24-4F39-B95A-36C9AAD99592}.Release|ARM.ActiveCfg = Release|Any CPU
		{0264B572-AB24-4F39-B95A-36C9AAD99592}.Release|ARM.Build.0 = Release|Any CPU
		{0264B572-AB24-4F39-B95A-36C9AAD99592}.Release|ARM.Deploy.0 = Release|Any CPU
		{0264B572-AB24-4F39-B95A-36C9AAD99592}.Release|iPhone.ActiveCfg = Release|Any CPU
		{0264B572-AB24-4F39-B95A-36C9AAD99592}.Release|iPhone.Build.0 = Release|Any CPU
		{0264B572-AB24-4F39-B95A-36C9AAD99592}.Release|iPhone.Deploy.0 = Release|Any CPU
		{0264B572-AB24-4F39-B95A-36C9AAD99592}.Release|iPhoneSimulator.ActiveCfg = Release|Any CPU
		{0264B572-AB24-4F39-B95A-36C9AAD99592}.Release|iPhoneSimulator.Build.0 = Release|Any CPU
		{0264B572-AB24-4F39-B95A-36C9AAD99592}.Release|iPhoneSimulator.Deploy.0 = Release|Any CPU
		{0264B572-AB24-4F39-B95A-36C9AAD99592}.Release|x64.ActiveCfg = Release|Any CPU
		{0264B572-AB24-4F39-B95A-36C9AAD99592}.Release|x64.Build.0 = Release|Any CPU
		{0264B572-AB24-4F39-B95A-36C9AAD99592}.Release|x64.Deploy.0 = Release|Any CPU
		{0264B572-AB24-4F39-B95A-36C9AAD99592}.Release|x86.ActiveCfg = Release|Any CPU
		{0264B572-AB24-4F39-B95A-36C9AAD99592}.Release|x86.Build.0 = Release|Any CPU
		{0264B572-AB24-4F39-B95A-36C9AAD99592}.Release|x86.Deploy.0 = Release|Any CPU
		{F5AA66B7-40D5-46F8-8829-36E867CE92FB}.Ad-Hoc|Any CPU.ActiveCfg = Ad-Hoc|iPhone
		{F5AA66B7-40D5-46F8-8829-36E867CE92FB}.Ad-Hoc|ARM.ActiveCfg = Ad-Hoc|iPhone
		{F5AA66B7-40D5-46F8-8829-36E867CE92FB}.Ad-Hoc|iPhone.ActiveCfg = Ad-Hoc|iPhone
		{F5AA66B7-40D5-46F8-8829-36E867CE92FB}.Ad-Hoc|iPhone.Build.0 = Ad-Hoc|iPhone
		{F5AA66B7-40D5-46F8-8829-36E867CE92FB}.Ad-Hoc|iPhoneSimulator.ActiveCfg = Ad-Hoc|iPhoneSimulator
		{F5AA66B7-40D5-46F8-8829-36E867CE92FB}.Ad-Hoc|iPhoneSimulator.Build.0 = Ad-Hoc|iPhoneSimulator
		{F5AA66B7-40D5-46F8-8829-36E867CE92FB}.Ad-Hoc|x64.ActiveCfg = Ad-Hoc|iPhone
		{F5AA66B7-40D5-46F8-8829-36E867CE92FB}.Ad-Hoc|x86.ActiveCfg = Ad-Hoc|iPhone
		{F5AA66B7-40D5-46F8-8829-36E867CE92FB}.AppStore|Any CPU.ActiveCfg = AppStore|iPhone
		{F5AA66B7-40D5-46F8-8829-36E867CE92FB}.AppStore|ARM.ActiveCfg = AppStore|iPhone
		{F5AA66B7-40D5-46F8-8829-36E867CE92FB}.AppStore|iPhone.ActiveCfg = AppStore|iPhone
		{F5AA66B7-40D5-46F8-8829-36E867CE92FB}.AppStore|iPhone.Build.0 = AppStore|iPhone
		{F5AA66B7-40D5-46F8-8829-36E867CE92FB}.AppStore|iPhoneSimulator.ActiveCfg = AppStore|iPhoneSimulator
		{F5AA66B7-40D5-46F8-8829-36E867CE92FB}.AppStore|iPhoneSimulator.Build.0 = AppStore|iPhoneSimulator
		{F5AA66B7-40D5-46F8-8829-36E867CE92FB}.AppStore|x64.ActiveCfg = AppStore|iPhone
		{F5AA66B7-40D5-46F8-8829-36E867CE92FB}.AppStore|x86.ActiveCfg = AppStore|iPhone
		{F5AA66B7-40D5-46F8-8829-36E867CE92FB}.Debug|Any CPU.ActiveCfg = Debug|iPhone
		{F5AA66B7-40D5-46F8-8829-36E867CE92FB}.Debug|ARM.ActiveCfg = Debug|iPhone
		{F5AA66B7-40D5-46F8-8829-36E867CE92FB}.Debug|iPhone.ActiveCfg = Debug|iPhone
		{F5AA66B7-40D5-46F8-8829-36E867CE92FB}.Debug|iPhone.Build.0 = Debug|iPhone
		{F5AA66B7-40D5-46F8-8829-36E867CE92FB}.Debug|iPhoneSimulator.ActiveCfg = Debug|iPhoneSimulator
		{F5AA66B7-40D5-46F8-8829-36E867CE92FB}.Debug|iPhoneSimulator.Build.0 = Debug|iPhoneSimulator
		{F5AA66B7-40D5-46F8-8829-36E867CE92FB}.Debug|x64.ActiveCfg = Debug|iPhone
		{F5AA66B7-40D5-46F8-8829-36E867CE92FB}.Debug|x86.ActiveCfg = Debug|iPhone
		{F5AA66B7-40D5-46F8-8829-36E867CE92FB}.Release|Any CPU.ActiveCfg = Release|iPhone
		{F5AA66B7-40D5-46F8-8829-36E867CE92FB}.Release|ARM.ActiveCfg = Release|iPhone
		{F5AA66B7-40D5-46F8-8829-36E867CE92FB}.Release|iPhone.ActiveCfg = Release|iPhone
		{F5AA66B7-40D5-46F8-8829-36E867CE92FB}.Release|iPhone.Build.0 = Release|iPhone
		{F5AA66B7-40D5-46F8-8829-36E867CE92FB}.Release|iPhoneSimulator.ActiveCfg = Release|iPhoneSimulator
		{F5AA66B7-40D5-46F8-8829-36E867CE92FB}.Release|iPhoneSimulator.Build.0 = Release|iPhoneSimulator
		{F5AA66B7-40D5-46F8-8829-36E867CE92FB}.Release|x64.ActiveCfg = Release|iPhone
		{F5AA66B7-40D5-46F8-8829-36E867CE92FB}.Release|x86.ActiveCfg = Release|iPhone
		{E863F3A8-8BEF-4B7F-B3C0-5881AFA6E4D0}.Ad-Hoc|Any CPU.ActiveCfg = Release|x86
		{E863F3A8-8BEF-4B7F-B3C0-5881AFA6E4D0}.Ad-Hoc|Any CPU.Build.0 = Release|x86
		{E863F3A8-8BEF-4B7F-B3C0-5881AFA6E4D0}.Ad-Hoc|Any CPU.Deploy.0 = Release|x86
		{E863F3A8-8BEF-4B7F-B3C0-5881AFA6E4D0}.Ad-Hoc|ARM.ActiveCfg = Release|ARM
		{E863F3A8-8BEF-4B7F-B3C0-5881AFA6E4D0}.Ad-Hoc|ARM.Build.0 = Release|ARM
		{E863F3A8-8BEF-4B7F-B3C0-5881AFA6E4D0}.Ad-Hoc|ARM.Deploy.0 = Release|ARM
		{E863F3A8-8BEF-4B7F-B3C0-5881AFA6E4D0}.Ad-Hoc|iPhone.ActiveCfg = Release|x86
		{E863F3A8-8BEF-4B7F-B3C0-5881AFA6E4D0}.Ad-Hoc|iPhone.Build.0 = Release|x86
		{E863F3A8-8BEF-4B7F-B3C0-5881AFA6E4D0}.Ad-Hoc|iPhone.Deploy.0 = Release|x86
		{E863F3A8-8BEF-4B7F-B3C0-5881AFA6E4D0}.Ad-Hoc|iPhoneSimulator.ActiveCfg = Release|x86
		{E863F3A8-8BEF-4B7F-B3C0-5881AFA6E4D0}.Ad-Hoc|iPhoneSimulator.Build.0 = Release|x86
		{E863F3A8-8BEF-4B7F-B3C0-5881AFA6E4D0}.Ad-Hoc|iPhoneSimulator.Deploy.0 = Release|x86
		{E863F3A8-8BEF-4B7F-B3C0-5881AFA6E4D0}.Ad-Hoc|x64.ActiveCfg = Release|x64
		{E863F3A8-8BEF-4B7F-B3C0-5881AFA6E4D0}.Ad-Hoc|x64.Build.0 = Release|x64
		{E863F3A8-8BEF-4B7F-B3C0-5881AFA6E4D0}.Ad-Hoc|x64.Deploy.0 = Release|x64
		{E863F3A8-8BEF-4B7F-B3C0-5881AFA6E4D0}.Ad-Hoc|x86.ActiveCfg = Release|x86
		{E863F3A8-8BEF-4B7F-B3C0-5881AFA6E4D0}.Ad-Hoc|x86.Build.0 = Release|x86
		{E863F3A8-8BEF-4B7F-B3C0-5881AFA6E4D0}.Ad-Hoc|x86.Deploy.0 = Release|x86
		{E863F3A8-8BEF-4B7F-B3C0-5881AFA6E4D0}.AppStore|Any CPU.ActiveCfg = Release|x86
		{E863F3A8-8BEF-4B7F-B3C0-5881AFA6E4D0}.AppStore|Any CPU.Build.0 = Release|x86
		{E863F3A8-8BEF-4B7F-B3C0-5881AFA6E4D0}.AppStore|Any CPU.Deploy.0 = Release|x86
		{E863F3A8-8BEF-4B7F-B3C0-5881AFA6E4D0}.AppStore|ARM.ActiveCfg = Release|ARM
		{E863F3A8-8BEF-4B7F-B3C0-5881AFA6E4D0}.AppStore|ARM.Build.0 = Release|ARM
		{E863F3A8-8BEF-4B7F-B3C0-5881AFA6E4D0}.AppStore|ARM.Deploy.0 = Release|ARM
		{E863F3A8-8BEF-4B7F-B3C0-5881AFA6E4D0}.AppStore|iPhone.ActiveCfg = Release|x86
		{E863F3A8-8BEF-4B7F-B3C0-5881AFA6E4D0}.AppStore|iPhone.Build.0 = Release|x86
		{E863F3A8-8BEF-4B7F-B3C0-5881AFA6E4D0}.AppStore|iPhone.Deploy.0 = Release|x86
		{E863F3A8-8BEF-4B7F-B3C0-5881AFA6E4D0}.AppStore|iPhoneSimulator.ActiveCfg = Release|x86
		{E863F3A8-8BEF-4B7F-B3C0-5881AFA6E4D0}.AppStore|iPhoneSimulator.Build.0 = Release|x86
		{E863F3A8-8BEF-4B7F-B3C0-5881AFA6E4D0}.AppStore|iPhoneSimulator.Deploy.0 = Release|x86
		{E863F3A8-8BEF-4B7F-B3C0-5881AFA6E4D0}.AppStore|x64.ActiveCfg = Release|x64
		{E863F3A8-8BEF-4B7F-B3C0-5881AFA6E4D0}.AppStore|x64.Build.0 = Release|x64
		{E863F3A8-8BEF-4B7F-B3C0-5881AFA6E4D0}.AppStore|x64.Deploy.0 = Release|x64
		{E863F3A8-8BEF-4B7F-B3C0-5881AFA6E4D0}.AppStore|x86.ActiveCfg = Release|x86
		{E863F3A8-8BEF-4B7F-B3C0-5881AFA6E4D0}.AppStore|x86.Build.0 = Release|x86
		{E863F3A8-8BEF-4B7F-B3C0-5881AFA6E4D0}.AppStore|x86.Deploy.0 = Release|x86
		{E863F3A8-8BEF-4B7F-B3C0-5881AFA6E4D0}.Debug|Any CPU.ActiveCfg = Debug|x86
		{E863F3A8-8BEF-4B7F-B3C0-5881AFA6E4D0}.Debug|ARM.ActiveCfg = Debug|ARM
		{E863F3A8-8BEF-4B7F-B3C0-5881AFA6E4D0}.Debug|ARM.Build.0 = Debug|ARM
		{E863F3A8-8BEF-4B7F-B3C0-5881AFA6E4D0}.Debug|ARM.Deploy.0 = Debug|ARM
		{E863F3A8-8BEF-4B7F-B3C0-5881AFA6E4D0}.Debug|iPhone.ActiveCfg = Debug|x86
		{E863F3A8-8BEF-4B7F-B3C0-5881AFA6E4D0}.Debug|iPhoneSimulator.ActiveCfg = Debug|x86
		{E863F3A8-8BEF-4B7F-B3C0-5881AFA6E4D0}.Debug|x64.ActiveCfg = Debug|x64
		{E863F3A8-8BEF-4B7F-B3C0-5881AFA6E4D0}.Debug|x64.Build.0 = Debug|x64
		{E863F3A8-8BEF-4B7F-B3C0-5881AFA6E4D0}.Debug|x64.Deploy.0 = Debug|x64
		{E863F3A8-8BEF-4B7F-B3C0-5881AFA6E4D0}.Debug|x86.ActiveCfg = Debug|x86
		{E863F3A8-8BEF-4B7F-B3C0-5881AFA6E4D0}.Debug|x86.Build.0 = Debug|x86
		{E863F3A8-8BEF-4B7F-B3C0-5881AFA6E4D0}.Debug|x86.Deploy.0 = Debug|x86
		{E863F3A8-8BEF-4B7F-B3C0-5881AFA6E4D0}.Release|Any CPU.ActiveCfg = Release|x86
		{E863F3A8-8BEF-4B7F-B3C0-5881AFA6E4D0}.Release|ARM.ActiveCfg = Release|ARM
		{E863F3A8-8BEF-4B7F-B3C0-5881AFA6E4D0}.Release|ARM.Build.0 = Release|ARM
		{E863F3A8-8BEF-4B7F-B3C0-5881AFA6E4D0}.Release|ARM.Deploy.0 = Release|ARM
		{E863F3A8-8BEF-4B7F-B3C0-5881AFA6E4D0}.Release|iPhone.ActiveCfg = Release|x86
		{E863F3A8-8BEF-4B7F-B3C0-5881AFA6E4D0}.Release|iPhoneSimulator.ActiveCfg = Release|x86
		{E863F3A8-8BEF-4B7F-B3C0-5881AFA6E4D0}.Release|x64.ActiveCfg = Release|x64
		{E863F3A8-8BEF-4B7F-B3C0-5881AFA6E4D0}.Release|x64.Build.0 = Release|x64
		{E863F3A8-8BEF-4B7F-B3C0-5881AFA6E4D0}.Release|x64.Deploy.0 = Release|x64
		{E863F3A8-8BEF-4B7F-B3C0-5881AFA6E4D0}.Release|x86.ActiveCfg = Release|x86
		{E863F3A8-8BEF-4B7F-B3C0-5881AFA6E4D0}.Release|x86.Build.0 = Release|x86
		{E863F3A8-8BEF-4B7F-B3C0-5881AFA6E4D0}.Release|x86.Deploy.0 = Release|x86
	EndGlobalSection
	GlobalSection(SolutionProperties) = preSolution
		HideSolutionNode = FALSE
	EndGlobalSection
EndGlobal
